
Microsoft Visual Studio Solution File, Format Version 12.00
# Visual Studio Version 16
VisualStudioVersion = 16.0.31402.337
MinimumVisualStudioVersion = 10.0.40219.1
Project("{FAE04EC0-301F-11D3-BF4B-00C04F79EFBC}") = "Shimmer32FeetConsoleAppExample", "ShimmerConsoleAppExample\Shimmer32FeetConsoleAppExample.csproj", "{80E678A7-44BA-4273-A669-BCC48804E7AE}"
EndProject
Global
	GlobalSection(SolutionConfigurationPlatforms) = preSolution
		Debug|Any CPU = Debug|Any CPU
		Release|Any CPU = Release|Any CPU
	EndGlobalSection
	GlobalSection(ProjectConfigurationPlatforms) = postSolution
		{80E678A7-44BA-4273-A669-BCC48804E7AE}.Debug|Any CPU.ActiveCfg = Debug|Any CPU
		{80E678A7-44BA-4273-A669-BCC48804E7AE}.Debug|Any CPU.Build.0 = Debug|Any CPU
		{80E678A7-44BA-4273-A669-BCC48804E7AE}.Release|Any CPU.ActiveCfg = Release|Any CPU
		{80E678A7-44BA-4273-A669-BCC48804E7AE}.Release|Any CPU.Build.0 = Release|Any CPU
	EndGlobalSection
	GlobalSection(SolutionProperties) = preSolution
		HideSolutionNode = FALSE
	EndGlobalSection
	GlobalSection(ExtensibilityGlobals) = postSolution
		SolutionGuid = {404712ED-998C-4F8A-B862-7829CF11CDB1}
	EndGlobalSection
EndGlobal
