
Microsoft Visual Studio Solution File, Format Version 12.00
# Visual Studio Version 16
VisualStudioVersion = 16.0.33027.164
MinimumVisualStudioVersion = 10.0.40219.1
Project("{FAE04EC0-301F-11D3-BF4B-00C04F79EFBC}") = "JointCorpWatch.UWP", "JointCorpWatch\JointCorpWatch.UWP\JointCorpWatch.UWP.csproj", "{623834DB-7374-4618-814A-CAC28BE9F05B}"
EndProject
Project("{FAE04EC0-301F-11D3-BF4B-00C04F79EFBC}") = "JointCorpWatch.Android", "JointCorpWatch\JointCorpWatch.Android\JointCorpWatch.Android.csproj", "{3B79E482-1E98-419B-8CA6-BC8594A5ACB4}"
EndProject
Project("{FAE04EC0-301F-11D3-BF4B-00C04F79EFBC}") = "JointCorpWatch.iOS", "JointCorpWatch\JointCorpWatch.iOS\JointCorpWatch.iOS.csproj", "{52C6FD03-2DA7-4897-B537-A2C17CDACF0F}"
EndProject
Project("{9A19103F-16F7-4668-BE54-9A1E7A4F7556}") = "JointCorpWatch", "JointCorpWatch\JointCorpWatch\JointCorpWatch.csproj", "{E2B64621-D801-4330-A763-4838AFA00385}"
EndProject
Project("{FAE04EC0-301F-11D3-BF4B-00C04F79EFBC}") = "Test.UWP", "Test\Test.UWP\Test.UWP.csproj", "{A9D3908E-5862-4999-AF3C-A8AC4955F1FF}"
EndProject
Project("{FAE04EC0-301F-11D3-BF4B-00C04F79EFBC}") = "Test.Android", "Test\Test.Android\Test.Android.csproj", "{1AC57E1E-C49D-43B7-847C-18606BBB89E5}"
EndProject
Project("{FAE04EC0-301F-11D3-BF4B-00C04F79EFBC}") = "Test.iOS", "Test\Test.iOS\Test.iOS.csproj", "{6FB2E67E-6D82-4394-8FAB-DECBF8DA301A}"
EndProject
Project("{9A19103F-16F7-4668-BE54-9A1E7A4F7556}") = "Test", "Test\Test\Test.csproj", "{0EC959FA-1B66-46B2-826D-59CBF12B5849}"
EndProject
Project("{9A19103F-16F7-4668-BE54-9A1E7A4F7556}") = "ShimmerAPI", "..\ShimmerAPI\ShimmerAPI\ShimmerAPI.csproj", "{C60CC051-F0E3-4F54-8ECC-C23CC232D295}"
EndProject
Project("{9A19103F-16F7-4668-BE54-9A1E7A4F7556}") = "ShimmerBLEAPI", "ShimmerBLEAPI\ShimmerBLEAPI.csproj", "{81482DE5-2937-499F-A37C-D4C32902C333}"
EndProject
Global
	GlobalSection(SolutionConfigurationPlatforms) = preSolution
		Debug|Any CPU = Debug|Any CPU
		Debug|ARM = Debug|ARM
		Debug|iPhone = Debug|iPhone
		Debug|iPhoneSimulator = Debug|iPhoneSimulator
		Debug|x64 = Debug|x64
		Debug|x86 = Debug|x86
		Release|Any CPU = Release|Any CPU
		Release|ARM = Release|ARM
		Release|iPhone = Release|iPhone
		Release|iPhoneSimulator = Release|iPhoneSimulator
		Release|x64 = Release|x64
		Release|x86 = Release|x86
	EndGlobalSection
	GlobalSection(ProjectConfigurationPlatforms) = postSolution
		{623834DB-7374-4618-814A-CAC28BE9F05B}.Debug|Any CPU.ActiveCfg = Debug|x86
		{623834DB-7374-4618-814A-CAC28BE9F05B}.Debug|Any CPU.Build.0 = Debug|x86
		{623834DB-7374-4618-814A-CAC28BE9F05B}.Debug|Any CPU.Deploy.0 = Debug|x86
		{623834DB-7374-4618-814A-CAC28BE9F05B}.Debug|ARM.ActiveCfg = Debug|ARM
		{623834DB-7374-4618-814A-CAC28BE9F05B}.Debug|ARM.Build.0 = Debug|ARM
		{623834DB-7374-4618-814A-CAC28BE9F05B}.Debug|ARM.Deploy.0 = Debug|ARM
		{623834DB-7374-4618-814A-CAC28BE9F05B}.Debug|iPhone.ActiveCfg = Debug|x86
		{623834DB-7374-4618-814A-CAC28BE9F05B}.Debug|iPhone.Build.0 = Debug|x86
		{623834DB-7374-4618-814A-CAC28BE9F05B}.Debug|iPhone.Deploy.0 = Debug|x86
		{623834DB-7374-4618-814A-CAC28BE9F05B}.Debug|iPhoneSimulator.ActiveCfg = Debug|x86
		{623834DB-7374-4618-814A-CAC28BE9F05B}.Debug|iPhoneSimulator.Build.0 = Debug|x86
		{623834DB-7374-4618-814A-CAC28BE9F05B}.Debug|iPhoneSimulator.Deploy.0 = Debug|x86
		{623834DB-7374-4618-814A-CAC28BE9F05B}.Debug|x64.ActiveCfg = Debug|x64
		{623834DB-7374-4618-814A-CAC28BE9F05B}.Debug|x64.Build.0 = Debug|x64
		{623834DB-7374-4618-814A-CAC28BE9F05B}.Debug|x64.Deploy.0 = Debug|x64
		{623834DB-7374-4618-814A-CAC28BE9F05B}.Debug|x86.ActiveCfg = Debug|x86
		{623834DB-7374-4618-814A-CAC28BE9F05B}.Debug|x86.Build.0 = Debug|x86
		{623834DB-7374-4618-814A-CAC28BE9F05B}.Debug|x86.Deploy.0 = Debug|x86
		{623834DB-7374-4618-814A-CAC28BE9F05B}.Release|Any CPU.ActiveCfg = Release|x86
		{623834DB-7374-4618-814A-CAC28BE9F05B}.Release|Any CPU.Build.0 = Release|x86
		{623834DB-7374-4618-814A-CAC28BE9F05B}.Release|Any CPU.Deploy.0 = Release|x86
		{623834DB-7374-4618-814A-CAC28BE9F05B}.Release|ARM.ActiveCfg = Release|ARM
		{623834DB-7374-4618-814A-CAC28BE9F05B}.Release|ARM.Build.0 = Release|ARM
		{623834DB-7374-4618-814A-CAC28BE9F05B}.Release|ARM.Deploy.0 = Release|ARM
		{623834DB-7374-4618-814A-CAC28BE9F05B}.Release|iPhone.ActiveCfg = Release|x86
		{623834DB-7374-4618-814A-CAC28BE9F05B}.Release|iPhone.Build.0 = Release|x86
		{623834DB-7374-4618-814A-CAC28BE9F05B}.Release|iPhone.Deploy.0 = Release|x86
		{623834DB-7374-4618-814A-CAC28BE9F05B}.Release|iPhoneSimulator.ActiveCfg = Release|x86
		{623834DB-7374-4618-814A-CAC28BE9F05B}.Release|iPhoneSimulator.Build.0 = Release|x86
		{623834DB-7374-4618-814A-CAC28BE9F05B}.Release|iPhoneSimulator.Deploy.0 = Release|x86
		{623834DB-7374-4618-814A-CAC28BE9F05B}.Release|x64.ActiveCfg = Release|x64
		{623834DB-7374-4618-814A-CAC28BE9F05B}.Release|x64.Build.0 = Release|x64
		{623834DB-7374-4618-814A-CAC28BE9F05B}.Release|x64.Deploy.0 = Release|x64
		{623834DB-7374-4618-814A-CAC28BE9F05B}.Release|x86.ActiveCfg = Release|x86
		{623834DB-7374-4618-814A-CAC28BE9F05B}.Release|x86.Build.0 = Release|x86
		{623834DB-7374-4618-814A-CAC28BE9F05B}.Release|x86.Deploy.0 = Release|x86
		{3B79E482-1E98-419B-8CA6-BC8594A5ACB4}.Debug|Any CPU.ActiveCfg = Debug|Any CPU
		{3B79E482-1E98-419B-8CA6-BC8594A5ACB4}.Debug|Any CPU.Build.0 = Debug|Any CPU
		{3B79E482-1E98-419B-8CA6-BC8594A5ACB4}.Debug|Any CPU.Deploy.0 = Debug|Any CPU
		{3B79E482-1E98-419B-8CA6-BC8594A5ACB4}.Debug|ARM.ActiveCfg = Debug|Any CPU
		{3B79E482-1E98-419B-8CA6-BC8594A5ACB4}.Debug|ARM.Build.0 = Debug|Any CPU
		{3B79E482-1E98-419B-8CA6-BC8594A5ACB4}.Debug|ARM.Deploy.0 = Debug|Any CPU
		{3B79E482-1E98-419B-8CA6-BC8594A5ACB4}.Debug|iPhone.ActiveCfg = Debug|Any CPU
		{3B79E482-1E98-419B-8CA6-BC8594A5ACB4}.Debug|iPhone.Build.0 = Debug|Any CPU
		{3B79E482-1E98-419B-8CA6-BC8594A5ACB4}.Debug|iPhone.Deploy.0 = Debug|Any CPU
		{3B79E482-1E98-419B-8CA6-BC8594A5ACB4}.Debug|iPhoneSimulator.ActiveCfg = Debug|Any CPU
		{3B79E482-1E98-419B-8CA6-BC8594A5ACB4}.Debug|iPhoneSimulator.Build.0 = Debug|Any CPU
		{3B79E482-1E98-419B-8CA6-BC8594A5ACB4}.Debug|iPhoneSimulator.Deploy.0 = Debug|Any CPU
		{3B79E482-1E98-419B-8CA6-BC8594A5ACB4}.Debug|x64.ActiveCfg = Debug|Any CPU
		{3B79E482-1E98-419B-8CA6-BC8594A5ACB4}.Debug|x64.Build.0 = Debug|Any CPU
		{3B79E482-1E98-419B-8CA6-BC8594A5ACB4}.Debug|x64.Deploy.0 = Debug|Any CPU
		{3B79E482-1E98-419B-8CA6-BC8594A5ACB4}.Debug|x86.ActiveCfg = Debug|Any CPU
		{3B79E482-1E98-419B-8CA6-BC8594A5ACB4}.Debug|x86.Build.0 = Debug|Any CPU
		{3B79E482-1E98-419B-8CA6-BC8594A5ACB4}.Debug|x86.Deploy.0 = Debug|Any CPU
		{3B79E482-1E98-419B-8CA6-BC8594A5ACB4}.Release|Any CPU.ActiveCfg = Release|Any CPU
		{3B79E482-1E98-419B-8CA6-BC8594A5ACB4}.Release|Any CPU.Build.0 = Release|Any CPU
		{3B79E482-1E98-419B-8CA6-BC8594A5ACB4}.Release|Any CPU.Deploy.0 = Release|Any CPU
		{3B79E482-1E98-419B-8CA6-BC8594A5ACB4}.Release|ARM.ActiveCfg = Release|Any CPU
		{3B79E482-1E98-419B-8CA6-BC8594A5ACB4}.Release|ARM.Build.0 = Release|Any CPU
		{3B79E482-1E98-419B-8CA6-BC8594A5ACB4}.Release|ARM.Deploy.0 = Release|Any CPU
		{3B79E482-1E98-419B-8CA6-BC8594A5ACB4}.Release|iPhone.ActiveCfg = Release|Any CPU
		{3B79E482-1E98-419B-8CA6-BC8594A5ACB4}.Release|iPhone.Build.0 = Release|Any CPU
		{3B79E482-1E98-419B-8CA6-BC8594A5ACB4}.Release|iPhone.Deploy.0 = Release|Any CPU
		{3B79E482-1E98-419B-8CA6-BC8594A5ACB4}.Release|iPhoneSimulator.ActiveCfg = Release|Any CPU
		{3B79E482-1E98-419B-8CA6-BC8594A5ACB4}.Release|iPhoneSimulator.Build.0 = Release|Any CPU
		{3B79E482-1E98-419B-8CA6-BC8594A5ACB4}.Release|iPhoneSimulator.Deploy.0 = Release|Any CPU
		{3B79E482-1E98-419B-8CA6-BC8594A5ACB4}.Release|x64.ActiveCfg = Release|Any CPU
		{3B79E482-1E98-419B-8CA6-BC8594A5ACB4}.Release|x64.Build.0 = Release|Any CPU
		{3B79E482-1E98-419B-8CA6-BC8594A5ACB4}.Release|x64.Deploy.0 = Release|Any CPU
		{3B79E482-1E98-419B-8CA6-BC8594A5ACB4}.Release|x86.ActiveCfg = Release|Any CPU
		{3B79E482-1E98-419B-8CA6-BC8594A5ACB4}.Release|x86.Build.0 = Release|Any CPU
		{3B79E482-1E98-419B-8CA6-BC8594A5ACB4}.Release|x86.Deploy.0 = Release|Any CPU
		{52C6FD03-2DA7-4897-B537-A2C17CDACF0F}.Debug|Any CPU.ActiveCfg = Debug|iPhoneSimulator
		{52C6FD03-2DA7-4897-B537-A2C17CDACF0F}.Debug|Any CPU.Build.0 = Debug|iPhoneSimulator
		{52C6FD03-2DA7-4897-B537-A2C17CDACF0F}.Debug|Any CPU.Deploy.0 = Debug|iPhoneSimulator
		{52C6FD03-2DA7-4897-B537-A2C17CDACF0F}.Debug|ARM.ActiveCfg = Debug|iPhone
		{52C6FD03-2DA7-4897-B537-A2C17CDACF0F}.Debug|ARM.Build.0 = Debug|iPhone
		{52C6FD03-2DA7-4897-B537-A2C17CDACF0F}.Debug|ARM.Deploy.0 = Debug|iPhone
		{52C6FD03-2DA7-4897-B537-A2C17CDACF0F}.Debug|iPhone.ActiveCfg = Debug|iPhone
		{52C6FD03-2DA7-4897-B537-A2C17CDACF0F}.Debug|iPhone.Build.0 = Debug|iPhone
		{52C6FD03-2DA7-4897-B537-A2C17CDACF0F}.Debug|iPhone.Deploy.0 = Debug|iPhone
		{52C6FD03-2DA7-4897-B537-A2C17CDACF0F}.Debug|iPhoneSimulator.ActiveCfg = Debug|iPhoneSimulator
		{52C6FD03-2DA7-4897-B537-A2C17CDACF0F}.Debug|iPhoneSimulator.Build.0 = Debug|iPhoneSimulator
		{52C6FD03-2DA7-4897-B537-A2C17CDACF0F}.Debug|iPhoneSimulator.Deploy.0 = Debug|iPhoneSimulator
		{52C6FD03-2DA7-4897-B537-A2C17CDACF0F}.Debug|x64.ActiveCfg = Debug|iPhoneSimulator
		{52C6FD03-2DA7-4897-B537-A2C17CDACF0F}.Debug|x64.Build.0 = Debug|iPhoneSimulator
		{52C6FD03-2DA7-4897-B537-A2C17CDACF0F}.Debug|x64.Deploy.0 = Debug|iPhoneSimulator
		{52C6FD03-2DA7-4897-B537-A2C17CDACF0F}.Debug|x86.ActiveCfg = Debug|iPhoneSimulator
		{52C6FD03-2DA7-4897-B537-A2C17CDACF0F}.Debug|x86.Build.0 = Debug|iPhoneSimulator
		{52C6FD03-2DA7-4897-B537-A2C17CDACF0F}.Debug|x86.Deploy.0 = Debug|iPhoneSimulator
		{52C6FD03-2DA7-4897-B537-A2C17CDACF0F}.Release|Any CPU.ActiveCfg = Release|iPhoneSimulator
		{52C6FD03-2DA7-4897-B537-A2C17CDACF0F}.Release|Any CPU.Build.0 = Release|iPhoneSimulator
		{52C6FD03-2DA7-4897-B537-A2C17CDACF0F}.Release|Any CPU.Deploy.0 = Release|iPhoneSimulator
		{52C6FD03-2DA7-4897-B537-A2C17CDACF0F}.Release|ARM.ActiveCfg = Release|iPhoneSimulator
		{52C6FD03-2DA7-4897-B537-A2C17CDACF0F}.Release|ARM.Build.0 = Release|iPhoneSimulator
		{52C6FD03-2DA7-4897-B537-A2C17CDACF0F}.Release|ARM.Deploy.0 = Release|iPhoneSimulator
		{52C6FD03-2DA7-4897-B537-A2C17CDACF0F}.Release|iPhone.ActiveCfg = Release|iPhone
		{52C6FD03-2DA7-4897-B537-A2C17CDACF0F}.Release|iPhone.Build.0 = Release|iPhone
		{52C6FD03-2DA7-4897-B537-A2C17CDACF0F}.Release|iPhone.Deploy.0 = Release|iPhone
		{52C6FD03-2DA7-4897-B537-A2C17CDACF0F}.Release|iPhoneSimulator.ActiveCfg = Release|iPhoneSimulator
		{52C6FD03-2DA7-4897-B537-A2C17CDACF0F}.Release|iPhoneSimulator.Build.0 = Release|iPhoneSimulator
		{52C6FD03-2DA7-4897-B537-A2C17CDACF0F}.Release|iPhoneSimulator.Deploy.0 = Release|iPhoneSimulator
		{52C6FD03-2DA7-4897-B537-A2C17CDACF0F}.Release|x64.ActiveCfg = Release|iPhoneSimulator
		{52C6FD03-2DA7-4897-B537-A2C17CDACF0F}.Release|x64.Build.0 = Release|iPhoneSimulator
		{52C6FD03-2DA7-4897-B537-A2C17CDACF0F}.Release|x64.Deploy.0 = Release|iPhoneSimulator
		{52C6FD03-2DA7-4897-B537-A2C17CDACF0F}.Release|x86.ActiveCfg = Release|iPhoneSimulator
		{52C6FD03-2DA7-4897-B537-A2C17CDACF0F}.Release|x86.Build.0 = Release|iPhoneSimulator
		{52C6FD03-2DA7-4897-B537-A2C17CDACF0F}.Release|x86.Deploy.0 = Release|iPhoneSimulator
		{E2B64621-D801-4330-A763-4838AFA00385}.Debug|Any CPU.ActiveCfg = Debug|Any CPU
		{E2B64621-D801-4330-A763-4838AFA00385}.Debug|Any CPU.Build.0 = Debug|Any CPU
		{E2B64621-D801-4330-A763-4838AFA00385}.Debug|Any CPU.Deploy.0 = Debug|Any CPU
		{E2B64621-D801-4330-A763-4838AFA00385}.Debug|ARM.ActiveCfg = Debug|Any CPU
		{E2B64621-D801-4330-A763-4838AFA00385}.Debug|ARM.Build.0 = Debug|Any CPU
		{E2B64621-D801-4330-A763-4838AFA00385}.Debug|ARM.Deploy.0 = Debug|Any CPU
		{E2B64621-D801-4330-A763-4838AFA00385}.Debug|iPhone.ActiveCfg = Debug|Any CPU
		{E2B64621-D801-4330-A763-4838AFA00385}.Debug|iPhone.Build.0 = Debug|Any CPU
		{E2B64621-D801-4330-A763-4838AFA00385}.Debug|iPhone.Deploy.0 = Debug|Any CPU
		{E2B64621-D801-4330-A763-4838AFA00385}.Debug|iPhoneSimulator.ActiveCfg = Debug|Any CPU
		{E2B64621-D801-4330-A763-4838AFA00385}.Debug|iPhoneSimulator.Build.0 = Debug|Any CPU
		{E2B64621-D801-4330-A763-4838AFA00385}.Debug|iPhoneSimulator.Deploy.0 = Debug|Any CPU
		{E2B64621-D801-4330-A763-4838AFA00385}.Debug|x64.ActiveCfg = Debug|Any CPU
		{E2B64621-D801-4330-A763-4838AFA00385}.Debug|x64.Build.0 = Debug|Any CPU
		{E2B64621-D801-4330-A763-4838AFA00385}.Debug|x64.Deploy.0 = Debug|Any CPU
		{E2B64621-D801-4330-A763-4838AFA00385}.Debug|x86.ActiveCfg = Debug|Any CPU
		{E2B64621-D801-4330-A763-4838AFA00385}.Debug|x86.Build.0 = Debug|Any CPU
		{E2B64621-D801-4330-A763-4838AFA00385}.Debug|x86.Deploy.0 = Debug|Any CPU
		{E2B64621-D801-4330-A763-4838AFA00385}.Release|Any CPU.ActiveCfg = Release|Any CPU
		{E2B64621-D801-4330-A763-4838AFA00385}.Release|Any CPU.Build.0 = Release|Any CPU
		{E2B64621-D801-4330-A763-4838AFA00385}.Release|Any CPU.Deploy.0 = Release|Any CPU
		{E2B64621-D801-4330-A763-4838AFA00385}.Release|ARM.ActiveCfg = Release|Any CPU
		{E2B64621-D801-4330-A763-4838AFA00385}.Release|ARM.Build.0 = Release|Any CPU
		{E2B64621-D801-4330-A763-4838AFA00385}.Release|ARM.Deploy.0 = Release|Any CPU
		{E2B64621-D801-4330-A763-4838AFA00385}.Release|iPhone.ActiveCfg = Release|Any CPU
		{E2B64621-D801-4330-A763-4838AFA00385}.Release|iPhone.Build.0 = Release|Any CPU
		{E2B64621-D801-4330-A763-4838AFA00385}.Release|iPhone.Deploy.0 = Release|Any CPU
		{E2B64621-D801-4330-A763-4838AFA00385}.Release|iPhoneSimulator.ActiveCfg = Release|Any CPU
		{E2B64621-D801-4330-A763-4838AFA00385}.Release|iPhoneSimulator.Build.0 = Release|Any CPU
		{E2B64621-D801-4330-A763-4838AFA00385}.Release|iPhoneSimulator.Deploy.0 = Release|Any CPU
		{E2B64621-D801-4330-A763-4838AFA00385}.Release|x64.ActiveCfg = Release|Any CPU
		{E2B64621-D801-4330-A763-4838AFA00385}.Release|x64.Build.0 = Release|Any CPU
		{E2B64621-D801-4330-A763-4838AFA00385}.Release|x64.Deploy.0 = Release|Any CPU
		{E2B64621-D801-4330-A763-4838AFA00385}.Release|x86.ActiveCfg = Release|Any CPU
		{E2B64621-D801-4330-A763-4838AFA00385}.Release|x86.Build.0 = Release|Any CPU
		{E2B64621-D801-4330-A763-4838AFA00385}.Release|x86.Deploy.0 = Release|Any CPU
		{A9D3908E-5862-4999-AF3C-A8AC4955F1FF}.Debug|Any CPU.ActiveCfg = Debug|x64
		{A9D3908E-5862-4999-AF3C-A8AC4955F1FF}.Debug|Any CPU.Build.0 = Debug|x64
		{A9D3908E-5862-4999-AF3C-A8AC4955F1FF}.Debug|Any CPU.Deploy.0 = Debug|x64
		{A9D3908E-5862-4999-AF3C-A8AC4955F1FF}.Debug|ARM.ActiveCfg = Debug|ARM
		{A9D3908E-5862-4999-AF3C-A8AC4955F1FF}.Debug|ARM.Build.0 = Debug|ARM
		{A9D3908E-5862-4999-AF3C-A8AC4955F1FF}.Debug|ARM.Deploy.0 = Debug|ARM
		{A9D3908E-5862-4999-AF3C-A8AC4955F1FF}.Debug|iPhone.ActiveCfg = Debug|x64
		{A9D3908E-5862-4999-AF3C-A8AC4955F1FF}.Debug|iPhone.Build.0 = Debug|x64
		{A9D3908E-5862-4999-AF3C-A8AC4955F1FF}.Debug|iPhone.Deploy.0 = Debug|x64
		{A9D3908E-5862-4999-AF3C-A8AC4955F1FF}.Debug|iPhoneSimulator.ActiveCfg = Debug|x64
		{A9D3908E-5862-4999-AF3C-A8AC4955F1FF}.Debug|iPhoneSimulator.Build.0 = Debug|x64
		{A9D3908E-5862-4999-AF3C-A8AC4955F1FF}.Debug|iPhoneSimulator.Deploy.0 = Debug|x64
		{A9D3908E-5862-4999-AF3C-A8AC4955F1FF}.Debug|x64.ActiveCfg = Debug|x64
		{A9D3908E-5862-4999-AF3C-A8AC4955F1FF}.Debug|x64.Build.0 = Debug|x64
		{A9D3908E-5862-4999-AF3C-A8AC4955F1FF}.Debug|x64.Deploy.0 = Debug|x64
		{A9D3908E-5862-4999-AF3C-A8AC4955F1FF}.Debug|x86.ActiveCfg = Debug|x86
		{A9D3908E-5862-4999-AF3C-A8AC4955F1FF}.Debug|x86.Build.0 = Debug|x86
		{A9D3908E-5862-4999-AF3C-A8AC4955F1FF}.Debug|x86.Deploy.0 = Debug|x86
		{A9D3908E-5862-4999-AF3C-A8AC4955F1FF}.Release|Any CPU.ActiveCfg = Release|x64
		{A9D3908E-5862-4999-AF3C-A8AC4955F1FF}.Release|Any CPU.Build.0 = Release|x64
		{A9D3908E-5862-4999-AF3C-A8AC4955F1FF}.Release|Any CPU.Deploy.0 = Release|x64
		{A9D3908E-5862-4999-AF3C-A8AC4955F1FF}.Release|ARM.ActiveCfg = Release|ARM
		{A9D3908E-5862-4999-AF3C-A8AC4955F1FF}.Release|ARM.Build.0 = Release|ARM
		{A9D3908E-5862-4999-AF3C-A8AC4955F1FF}.Release|ARM.Deploy.0 = Release|ARM
		{A9D3908E-5862-4999-AF3C-A8AC4955F1FF}.Release|iPhone.ActiveCfg = Release|x64
		{A9D3908E-5862-4999-AF3C-A8AC4955F1FF}.Release|iPhone.Build.0 = Release|x64
		{A9D3908E-5862-4999-AF3C-A8AC4955F1FF}.Release|iPhone.Deploy.0 = Release|x64
		{A9D3908E-5862-4999-AF3C-A8AC4955F1FF}.Release|iPhoneSimulator.ActiveCfg = Release|x64
		{A9D3908E-5862-4999-AF3C-A8AC4955F1FF}.Release|iPhoneSimulator.Build.0 = Release|x64
		{A9D3908E-5862-4999-AF3C-A8AC4955F1FF}.Release|iPhoneSimulator.Deploy.0 = Release|x64
		{A9D3908E-5862-4999-AF3C-A8AC4955F1FF}.Release|x64.ActiveCfg = Release|x64
		{A9D3908E-5862-4999-AF3C-A8AC4955F1FF}.Release|x64.Build.0 = Release|x64
		{A9D3908E-5862-4999-AF3C-A8AC4955F1FF}.Release|x64.Deploy.0 = Release|x64
		{A9D3908E-5862-4999-AF3C-A8AC4955F1FF}.Release|x86.ActiveCfg = Release|x86
		{A9D3908E-5862-4999-AF3C-A8AC4955F1FF}.Release|x86.Build.0 = Release|x86
		{A9D3908E-5862-4999-AF3C-A8AC4955F1FF}.Release|x86.Deploy.0 = Release|x86
		{1AC57E1E-C49D-43B7-847C-18606BBB89E5}.Debug|Any CPU.ActiveCfg = Debug|Any CPU
		{1AC57E1E-C49D-43B7-847C-18606BBB89E5}.Debug|Any CPU.Build.0 = Debug|Any CPU
		{1AC57E1E-C49D-43B7-847C-18606BBB89E5}.Debug|Any CPU.Deploy.0 = Debug|Any CPU
		{1AC57E1E-C49D-43B7-847C-18606BBB89E5}.Debug|ARM.ActiveCfg = Debug|Any CPU
		{1AC57E1E-C49D-43B7-847C-18606BBB89E5}.Debug|ARM.Build.0 = Debug|Any CPU
		{1AC57E1E-C49D-43B7-847C-18606BBB89E5}.Debug|ARM.Deploy.0 = Debug|Any CPU
		{1AC57E1E-C49D-43B7-847C-18606BBB89E5}.Debug|iPhone.ActiveCfg = Debug|Any CPU
		{1AC57E1E-C49D-43B7-847C-18606BBB89E5}.Debug|iPhone.Build.0 = Debug|Any CPU
		{1AC57E1E-C49D-43B7-847C-18606BBB89E5}.Debug|iPhone.Deploy.0 = Debug|Any CPU
		{1AC57E1E-C49D-43B7-847C-18606BBB89E5}.Debug|iPhoneSimulator.ActiveCfg = Debug|Any CPU
		{1AC57E1E-C49D-43B7-847C-18606BBB89E5}.Debug|iPhoneSimulator.Build.0 = Debug|Any CPU
		{1AC57E1E-C49D-43B7-847C-18606BBB89E5}.Debug|iPhoneSimulator.Deploy.0 = Debug|Any CPU
		{1AC57E1E-C49D-43B7-847C-18606BBB89E5}.Debug|x64.ActiveCfg = Debug|Any CPU
		{1AC57E1E-C49D-43B7-847C-18606BBB89E5}.Debug|x64.Build.0 = Debug|Any CPU
		{1AC57E1E-C49D-43B7-847C-18606BBB89E5}.Debug|x64.Deploy.0 = Debug|Any CPU
		{1AC57E1E-C49D-43B7-847C-18606BBB89E5}.Debug|x86.ActiveCfg = Debug|Any CPU
		{1AC57E1E-C49D-43B7-847C-18606BBB89E5}.Debug|x86.Build.0 = Debug|Any CPU
		{1AC57E1E-C49D-43B7-847C-18606BBB89E5}.Debug|x86.Deploy.0 = Debug|Any CPU
		{1AC57E1E-C49D-43B7-847C-18606BBB89E5}.Release|Any CPU.ActiveCfg = Release|Any CPU
		{1AC57E1E-C49D-43B7-847C-18606BBB89E5}.Release|Any CPU.Build.0 = Release|Any CPU
		{1AC57E1E-C49D-43B7-847C-18606BBB89E5}.Release|Any CPU.Deploy.0 = Release|Any CPU
		{1AC57E1E-C49D-43B7-847C-18606BBB89E5}.Release|ARM.ActiveCfg = Release|Any CPU
		{1AC57E1E-C49D-43B7-847C-18606BBB89E5}.Release|ARM.Build.0 = Release|Any CPU
		{1AC57E1E-C49D-43B7-847C-18606BBB89E5}.Release|ARM.Deploy.0 = Release|Any CPU
		{1AC57E1E-C49D-43B7-847C-18606BBB89E5}.Release|iPhone.ActiveCfg = Release|Any CPU
		{1AC57E1E-C49D-43B7-847C-18606BBB89E5}.Release|iPhone.Build.0 = Release|Any CPU
		{1AC57E1E-C49D-43B7-847C-18606BBB89E5}.Release|iPhone.Deploy.0 = Release|Any CPU
		{1AC57E1E-C49D-43B7-847C-18606BBB89E5}.Release|iPhoneSimulator.ActiveCfg = Release|Any CPU
		{1AC57E1E-C49D-43B7-847C-18606BBB89E5}.Release|iPhoneSimulator.Build.0 = Release|Any CPU
		{1AC57E1E-C49D-43B7-847C-18606BBB89E5}.Release|iPhoneSimulator.Deploy.0 = Release|Any CPU
		{1AC57E1E-C49D-43B7-847C-18606BBB89E5}.Release|x64.ActiveCfg = Release|Any CPU
		{1AC57E1E-C49D-43B7-847C-18606BBB89E5}.Release|x64.Build.0 = Release|Any CPU
		{1AC57E1E-C49D-43B7-847C-18606BBB89E5}.Release|x64.Deploy.0 = Release|Any CPU
		{1AC57E1E-C49D-43B7-847C-18606BBB89E5}.Release|x86.ActiveCfg = Release|Any CPU
		{1AC57E1E-C49D-43B7-847C-18606BBB89E5}.Release|x86.Build.0 = Release|Any CPU
		{1AC57E1E-C49D-43B7-847C-18606BBB89E5}.Release|x86.Deploy.0 = Release|Any CPU
		{6FB2E67E-6D82-4394-8FAB-DECBF8DA301A}.Debug|Any CPU.ActiveCfg = Debug|iPhoneSimulator
		{6FB2E67E-6D82-4394-8FAB-DECBF8DA301A}.Debug|Any CPU.Build.0 = Debug|iPhoneSimulator
		{6FB2E67E-6D82-4394-8FAB-DECBF8DA301A}.Debug|ARM.ActiveCfg = Debug|iPhoneSimulator
		{6FB2E67E-6D82-4394-8FAB-DECBF8DA301A}.Debug|ARM.Build.0 = Debug|iPhoneSimulator
		{6FB2E67E-6D82-4394-8FAB-DECBF8DA301A}.Debug|iPhone.ActiveCfg = Debug|iPhone
		{6FB2E67E-6D82-4394-8FAB-DECBF8DA301A}.Debug|iPhone.Build.0 = Debug|iPhone
		{6FB2E67E-6D82-4394-8FAB-DECBF8DA301A}.Debug|iPhoneSimulator.ActiveCfg = Debug|iPhoneSimulator
		{6FB2E67E-6D82-4394-8FAB-DECBF8DA301A}.Debug|iPhoneSimulator.Build.0 = Debug|iPhoneSimulator
		{6FB2E67E-6D82-4394-8FAB-DECBF8DA301A}.Debug|x64.ActiveCfg = Debug|iPhoneSimulator
		{6FB2E67E-6D82-4394-8FAB-DECBF8DA301A}.Debug|x64.Build.0 = Debug|iPhoneSimulator
		{6FB2E67E-6D82-4394-8FAB-DECBF8DA301A}.Debug|x86.ActiveCfg = Debug|iPhoneSimulator
		{6FB2E67E-6D82-4394-8FAB-DECBF8DA301A}.Debug|x86.Build.0 = Debug|iPhoneSimulator
		{6FB2E67E-6D82-4394-8FAB-DECBF8DA301A}.Release|Any CPU.ActiveCfg = Release|iPhoneSimulator
		{6FB2E67E-6D82-4394-8FAB-DECBF8DA301A}.Release|Any CPU.Build.0 = Release|iPhoneSimulator
		{6FB2E67E-6D82-4394-8FAB-DECBF8DA301A}.Release|ARM.ActiveCfg = Release|iPhoneSimulator
		{6FB2E67E-6D82-4394-8FAB-DECBF8DA301A}.Release|ARM.Build.0 = Release|iPhoneSimulator
		{6FB2E67E-6D82-4394-8FAB-DECBF8DA301A}.Release|iPhone.ActiveCfg = Release|iPhone
		{6FB2E67E-6D82-4394-8FAB-DECBF8DA301A}.Release|iPhone.Build.0 = Release|iPhone
		{6FB2E67E-6D82-4394-8FAB-DECBF8DA301A}.Release|iPhoneSimulator.ActiveCfg = Release|iPhoneSimulator
		{6FB2E67E-6D82-4394-8FAB-DECBF8DA301A}.Release|iPhoneSimulator.Build.0 = Release|iPhoneSimulator
		{6FB2E67E-6D82-4394-8FAB-DECBF8DA301A}.Release|x64.ActiveCfg = Release|iPhoneSimulator
		{6FB2E67E-6D82-4394-8FAB-DECBF8DA301A}.Release|x64.Build.0 = Release|iPhoneSimulator
		{6FB2E67E-6D82-4394-8FAB-DECBF8DA301A}.Release|x86.ActiveCfg = Release|iPhoneSimulator
		{6FB2E67E-6D82-4394-8FAB-DECBF8DA301A}.Release|x86.Build.0 = Release|iPhoneSimulator
		{0EC959FA-1B66-46B2-826D-59CBF12B5849}.Debug|Any CPU.ActiveCfg = Debug|Any CPU
		{0EC959FA-1B66-46B2-826D-59CBF12B5849}.Debug|Any CPU.Build.0 = Debug|Any CPU
		{0EC959FA-1B66-46B2-826D-59CBF12B5849}.Debug|ARM.ActiveCfg = Debug|Any CPU
		{0EC959FA-1B66-46B2-826D-59CBF12B5849}.Debug|ARM.Build.0 = Debug|Any CPU
		{0EC959FA-1B66-46B2-826D-59CBF12B5849}.Debug|iPhone.ActiveCfg = Debug|Any CPU
		{0EC959FA-1B66-46B2-826D-59CBF12B5849}.Debug|iPhone.Build.0 = Debug|Any CPU
		{0EC959FA-1B66-46B2-826D-59CBF12B5849}.Debug|iPhoneSimulator.ActiveCfg = Debug|Any CPU
		{0EC959FA-1B66-46B2-826D-59CBF12B5849}.Debug|iPhoneSimulator.Build.0 = Debug|Any CPU
		{0EC959FA-1B66-46B2-826D-59CBF12B5849}.Debug|x64.ActiveCfg = Debug|Any CPU
		{0EC959FA-1B66-46B2-826D-59CBF12B5849}.Debug|x64.Build.0 = Debug|Any CPU
		{0EC959FA-1B66-46B2-826D-59CBF12B5849}.Debug|x86.ActiveCfg = Debug|Any CPU
		{0EC959FA-1B66-46B2-826D-59CBF12B5849}.Debug|x86.Build.0 = Debug|Any CPU
		{0EC959FA-1B66-46B2-826D-59CBF12B5849}.Release|Any CPU.ActiveCfg = Release|Any CPU
		{0EC959FA-1B66-46B2-826D-59CBF12B5849}.Release|Any CPU.Build.0 = Release|Any CPU
		{0EC959FA-1B66-46B2-826D-59CBF12B5849}.Release|ARM.ActiveCfg = Release|Any CPU
		{0EC959FA-1B66-46B2-826D-59CBF12B5849}.Release|ARM.Build.0 = Release|Any CPU
		{0EC959FA-1B66-46B2-826D-59CBF12B5849}.Release|iPhone.ActiveCfg = Release|Any CPU
		{0EC959FA-1B66-46B2-826D-59CBF12B5849}.Release|iPhone.Build.0 = Release|Any CPU
		{0EC959FA-1B66-46B2-826D-59CBF12B5849}.Release|iPhoneSimulator.ActiveCfg = Release|Any CPU
		{0EC959FA-1B66-46B2-826D-59CBF12B5849}.Release|iPhoneSimulator.Build.0 = Release|Any CPU
		{0EC959FA-1B66-46B2-826D-59CBF12B5849}.Release|x64.ActiveCfg = Release|Any CPU
		{0EC959FA-1B66-46B2-826D-59CBF12B5849}.Release|x64.Build.0 = Release|Any CPU
		{0EC959FA-1B66-46B2-826D-59CBF12B5849}.Release|x86.ActiveCfg = Release|Any CPU
		{0EC959FA-1B66-46B2-826D-59CBF12B5849}.Release|x86.Build.0 = Release|Any CPU
		{C60CC051-F0E3-4F54-8ECC-C23CC232D295}.Debug|Any CPU.ActiveCfg = Debug|Any CPU
		{C60CC051-F0E3-4F54-8ECC-C23CC232D295}.Debug|Any CPU.Build.0 = Debug|Any CPU
		{C60CC051-F0E3-4F54-8ECC-C23CC232D295}.Debug|ARM.ActiveCfg = Debug|Any CPU
		{C60CC051-F0E3-4F54-8ECC-C23CC232D295}.Debug|ARM.Build.0 = Debug|Any CPU
		{C60CC051-F0E3-4F54-8ECC-C23CC232D295}.Debug|iPhone.ActiveCfg = Debug|Any CPU
		{C60CC051-F0E3-4F54-8ECC-C23CC232D295}.Debug|iPhone.Build.0 = Debug|Any CPU
		{C60CC051-F0E3-4F54-8ECC-C23CC232D295}.Debug|iPhoneSimulator.ActiveCfg = Debug|Any CPU
		{C60CC051-F0E3-4F54-8ECC-C23CC232D295}.Debug|iPhoneSimulator.Build.0 = Debug|Any CPU
		{C60CC051-F0E3-4F54-8ECC-C23CC232D295}.Debug|x64.ActiveCfg = Debug|Any CPU
		{C60CC051-F0E3-4F54-8ECC-C23CC232D295}.Debug|x64.Build.0 = Debug|Any CPU
		{C60CC051-F0E3-4F54-8ECC-C23CC232D295}.Debug|x86.ActiveCfg = Debug|Any CPU
		{C60CC051-F0E3-4F54-8ECC-C23CC232D295}.Debug|x86.Build.0 = Debug|Any CPU
		{C60CC051-F0E3-4F54-8ECC-C23CC232D295}.Release|Any CPU.ActiveCfg = Release|Any CPU
		{C60CC051-F0E3-4F54-8ECC-C23CC232D295}.Release|Any CPU.Build.0 = Release|Any CPU
		{C60CC051-F0E3-4F54-8ECC-C23CC232D295}.Release|ARM.ActiveCfg = Release|Any CPU
		{C60CC051-F0E3-4F54-8ECC-C23CC232D295}.Release|ARM.Build.0 = Release|Any CPU
		{C60CC051-F0E3-4F54-8ECC-C23CC232D295}.Release|iPhone.ActiveCfg = Release|Any CPU
		{C60CC051-F0E3-4F54-8ECC-C23CC232D295}.Release|iPhone.Build.0 = Release|Any CPU
		{C60CC051-F0E3-4F54-8ECC-C23CC232D295}.Release|iPhoneSimulator.ActiveCfg = Release|Any CPU
		{C60CC051-F0E3-4F54-8ECC-C23CC232D295}.Release|iPhoneSimulator.Build.0 = Release|Any CPU
		{C60CC051-F0E3-4F54-8ECC-C23CC232D295}.Release|x64.ActiveCfg = Release|Any CPU
		{C60CC051-F0E3-4F54-8ECC-C23CC232D295}.Release|x64.Build.0 = Release|Any CPU
		{C60CC051-F0E3-4F54-8ECC-C23CC232D295}.Release|x86.ActiveCfg = Release|Any CPU
		{C60CC051-F0E3-4F54-8ECC-C23CC232D295}.Release|x86.Build.0 = Release|Any CPU
		{81482DE5-2937-499F-A37C-D4C32902C333}.Debug|Any CPU.ActiveCfg = Debug|Any CPU
		{81482DE5-2937-499F-A37C-D4C32902C333}.Debug|Any CPU.Build.0 = Debug|Any CPU
		{81482DE5-2937-499F-A37C-D4C32902C333}.Debug|ARM.ActiveCfg = Debug|Any CPU
		{81482DE5-2937-499F-A37C-D4C32902C333}.Debug|ARM.Build.0 = Debug|Any CPU
		{81482DE5-2937-499F-A37C-D4C32902C333}.Debug|iPhone.ActiveCfg = Debug|Any CPU
		{81482DE5-2937-499F-A37C-D4C32902C333}.Debug|iPhone.Build.0 = Debug|Any CPU
		{81482DE5-2937-499F-A37C-D4C32902C333}.Debug|iPhoneSimulator.ActiveCfg = Debug|Any CPU
		{81482DE5-2937-499F-A37C-D4C32902C333}.Debug|iPhoneSimulator.Build.0 = Debug|Any CPU
		{81482DE5-2937-499F-A37C-D4C32902C333}.Debug|x64.ActiveCfg = Debug|Any CPU
		{81482DE5-2937-499F-A37C-D4C32902C333}.Debug|x64.Build.0 = Debug|Any CPU
		{81482DE5-2937-499F-A37C-D4C32902C333}.Debug|x86.ActiveCfg = Debug|Any CPU
		{81482DE5-2937-499F-A37C-D4C32902C333}.Debug|x86.Build.0 = Debug|Any CPU
		{81482DE5-2937-499F-A37C-D4C32902C333}.Release|Any CPU.ActiveCfg = Release|Any CPU
		{81482DE5-2937-499F-A37C-D4C32902C333}.Release|Any CPU.Build.0 = Release|Any CPU
		{81482DE5-2937-499F-A37C-D4C32902C333}.Release|ARM.ActiveCfg = Release|Any CPU
		{81482DE5-2937-499F-A37C-D4C32902C333}.Release|ARM.Build.0 = Release|Any CPU
		{81482DE5-2937-499F-A37C-D4C32902C333}.Release|iPhone.ActiveCfg = Release|Any CPU
		{81482DE5-2937-499F-A37C-D4C32902C333}.Release|iPhone.Build.0 = Release|Any CPU
		{81482DE5-2937-499F-A37C-D4C32902C333}.Release|iPhoneSimulator.ActiveCfg = Release|Any CPU
		{81482DE5-2937-499F-A37C-D4C32902C333}.Release|iPhoneSimulator.Build.0 = Release|Any CPU
		{81482DE5-2937-499F-A37C-D4C32902C333}.Release|x64.ActiveCfg = Release|Any CPU
		{81482DE5-2937-499F-A37C-D4C32902C333}.Release|x64.Build.0 = Release|Any CPU
		{81482DE5-2937-499F-A37C-D4C32902C333}.Release|x86.ActiveCfg = Release|Any CPU
		{81482DE5-2937-499F-A37C-D4C32902C333}.Release|x86.Build.0 = Release|Any CPU
	EndGlobalSection
	GlobalSection(SolutionProperties) = preSolution
		HideSolutionNode = FALSE
	EndGlobalSection
	GlobalSection(ExtensibilityGlobals) = postSolution
		SolutionGuid = {3A04C634-C8CE-4FEE-B75E-5A8FC630E214}
	EndGlobalSection
EndGlobal
