Microsoft Visual Studio Solution File, Format Version 12.00
# Visual Studio Version 17
VisualStudioVersion = 17.13.35931.197 d17.13
MinimumVisualStudioVersion = 10.0.40219.1
Project("{9A19103F-16F7-4668-BE54-9A1E7A4F7556}") = "ShimmerBLEAPI.UWP", "ShimmerBLEAPI.UWP\ShimmerBLEAPI.UWP.csproj", "{76908925-02BB-433B-A9E5-BB07EDFCB9C9}"
EndProject
Project("{9A19103F-16F7-4668-BE54-9A1E7A4F7556}") = "ShimmerBLEAPI", "ShimmerBLEAPI\ShimmerBLEAPI.csproj", "{2B423ED5-9DB8-40FE-8C0C-DCDAFE0E6229}"
EndProject
Project("{9A19103F-16F7-4668-BE54-9A1E7A4F7556}") = "ShimmerBLETests", "ShimmerBLETests\ShimmerBLETests.csproj", "{93136E55-BC48-4604-B496-308785269676}"
EndProject
Project("{9A19103F-16F7-4668-BE54-9A1E7A4F7556}") = "ShimmerAPI", "..\ShimmerAPI\ShimmerAPI\ShimmerAPI.csproj", "{2230CC85-32B9-441C-A3C2-0DB4CC1D8CE9}"
EndProject
Project("{2150E333-8FDC-42A3-9474-1A3956D46DE8}") = "VerisenseBLEDemoApp", "VerisenseBLEDemoApp", "{ACD864B8-A019-4AF5-84AC-1B52A6FA8D50}"
EndProject
Project("{9A19103F-16F7-4668-BE54-9A1E7A4F7556}") = "VerisenseBLEDemoApp.Windows", "VerisenseBLEDemoApp\VerisenseBLEDemoApp\VerisenseBLEDemoApp.Windows.csproj", "{E6F62DE9-6D10-4535-AA2F-9F681B40CBFE}"
EndProject
Project("{FAE04EC0-301F-11D3-BF4B-00C04F79EFBC}") = "VerisenseBLEDemoApp.UWP", "VerisenseBLEDemoApp\VerisenseBLEDemoApp.UWP\VerisenseBLEDemoApp.UWP.csproj", "{868988AC-8699-41C5-9B8F-62B30EA3AB52}"
EndProject
Global
	GlobalSection(SolutionConfigurationPlatforms) = preSolution
		Ad-Hoc|Any CPU = Ad-Hoc|Any CPU
		Ad-Hoc|ARM = Ad-Hoc|ARM
		Ad-Hoc|ARM64 = Ad-Hoc|ARM64
		Ad-Hoc|iPhone = Ad-Hoc|iPhone
		Ad-Hoc|iPhoneSimulator = Ad-Hoc|iPhoneSimulator
		Ad-Hoc|x64 = Ad-Hoc|x64
		Ad-Hoc|x86 = Ad-Hoc|x86
		AppStore|Any CPU = AppStore|Any CPU
		AppStore|ARM = AppStore|ARM
		AppStore|ARM64 = AppStore|ARM64
		AppStore|iPhone = AppStore|iPhone
		AppStore|iPhoneSimulator = AppStore|iPhoneSimulator
		AppStore|x64 = AppStore|x64
		AppStore|x86 = AppStore|x86
		Debug|Any CPU = Debug|Any CPU
		Debug|ARM = Debug|ARM
		Debug|ARM64 = Debug|ARM64
		Debug|iPhone = Debug|iPhone
		Debug|iPhoneSimulator = Debug|iPhoneSimulator
		Debug|x64 = Debug|x64
		Debug|x86 = Debug|x86
		Release|Any CPU = Release|Any CPU
		Release|ARM = Release|ARM
		Release|ARM64 = Release|ARM64
		Release|iPhone = Release|iPhone
		Release|iPhoneSimulator = Release|iPhoneSimulator
		Release|x64 = Release|x64
		Release|x86 = Release|x86
		ShimmerAPI|Any CPU = ShimmerAPI|Any CPU
		ShimmerAPI|ARM = ShimmerAPI|ARM
		ShimmerAPI|ARM64 = ShimmerAPI|ARM64
		ShimmerAPI|iPhone = ShimmerAPI|iPhone
		ShimmerAPI|iPhoneSimulator = ShimmerAPI|iPhoneSimulator
		ShimmerAPI|x64 = ShimmerAPI|x64
		ShimmerAPI|x86 = ShimmerAPI|x86
		ShimmerAPIBasic|Any CPU = ShimmerAPIBasic|Any CPU
		ShimmerAPIBasic|ARM = ShimmerAPIBasic|ARM
		ShimmerAPIBasic|ARM64 = ShimmerAPIBasic|ARM64
		ShimmerAPIBasic|iPhone = ShimmerAPIBasic|iPhone
		ShimmerAPIBasic|iPhoneSimulator = ShimmerAPIBasic|iPhoneSimulator
		ShimmerAPIBasic|x64 = ShimmerAPIBasic|x64
		ShimmerAPIBasic|x86 = ShimmerAPIBasic|x86
	EndGlobalSection
	GlobalSection(ProjectConfigurationPlatforms) = postSolution
		{76908925-02BB-433B-A9E5-BB07EDFCB9C9}.Ad-Hoc|Any CPU.ActiveCfg = Debug|Any CPU
		{76908925-02BB-433B-A9E5-BB07EDFCB9C9}.Ad-Hoc|Any CPU.Build.0 = Debug|Any CPU
		{76908925-02BB-433B-A9E5-BB07EDFCB9C9}.Ad-Hoc|ARM.ActiveCfg = Debug|Any CPU
		{76908925-02BB-433B-A9E5-BB07EDFCB9C9}.Ad-Hoc|ARM.Build.0 = Debug|Any CPU
		{76908925-02BB-433B-A9E5-BB07EDFCB9C9}.Ad-Hoc|ARM64.ActiveCfg = Debug|Any CPU
		{76908925-02BB-433B-A9E5-BB07EDFCB9C9}.Ad-Hoc|ARM64.Build.0 = Debug|Any CPU
		{76908925-02BB-433B-A9E5-BB07EDFCB9C9}.Ad-Hoc|iPhone.ActiveCfg = Debug|Any CPU
		{76908925-02BB-433B-A9E5-BB07EDFCB9C9}.Ad-Hoc|iPhone.Build.0 = Debug|Any CPU
		{76908925-02BB-433B-A9E5-BB07EDFCB9C9}.Ad-Hoc|iPhoneSimulator.ActiveCfg = Debug|Any CPU
		{76908925-02BB-433B-A9E5-BB07EDFCB9C9}.Ad-Hoc|iPhoneSimulator.Build.0 = Debug|Any CPU
		{76908925-02BB-433B-A9E5-BB07EDFCB9C9}.Ad-Hoc|x64.ActiveCfg = Debug|Any CPU
		{76908925-02BB-433B-A9E5-BB07EDFCB9C9}.Ad-Hoc|x64.Build.0 = Debug|Any CPU
		{76908925-02BB-433B-A9E5-BB07EDFCB9C9}.Ad-Hoc|x86.ActiveCfg = Debug|Any CPU
		{76908925-02BB-433B-A9E5-BB07EDFCB9C9}.Ad-Hoc|x86.Build.0 = Debug|Any CPU
		{76908925-02BB-433B-A9E5-BB07EDFCB9C9}.AppStore|Any CPU.ActiveCfg = Debug|Any CPU
		{76908925-02BB-433B-A9E5-BB07EDFCB9C9}.AppStore|Any CPU.Build.0 = Debug|Any CPU
		{76908925-02BB-433B-A9E5-BB07EDFCB9C9}.AppStore|ARM.ActiveCfg = Debug|Any CPU
		{76908925-02BB-433B-A9E5-BB07EDFCB9C9}.AppStore|ARM.Build.0 = Debug|Any CPU
		{76908925-02BB-433B-A9E5-BB07EDFCB9C9}.AppStore|ARM64.ActiveCfg = Debug|Any CPU
		{76908925-02BB-433B-A9E5-BB07EDFCB9C9}.AppStore|ARM64.Build.0 = Debug|Any CPU
		{76908925-02BB-433B-A9E5-BB07EDFCB9C9}.AppStore|iPhone.ActiveCfg = Debug|Any CPU
		{76908925-02BB-433B-A9E5-BB07EDFCB9C9}.AppStore|iPhone.Build.0 = Debug|Any CPU
		{76908925-02BB-433B-A9E5-BB07EDFCB9C9}.AppStore|iPhoneSimulator.ActiveCfg = Debug|Any CPU
		{76908925-02BB-433B-A9E5-BB07EDFCB9C9}.AppStore|iPhoneSimulator.Build.0 = Debug|Any CPU
		{76908925-02BB-433B-A9E5-BB07EDFCB9C9}.AppStore|x64.ActiveCfg = Debug|Any CPU
		{76908925-02BB-433B-A9E5-BB07EDFCB9C9}.AppStore|x64.Build.0 = Debug|Any CPU
		{76908925-02BB-433B-A9E5-BB07EDFCB9C9}.AppStore|x86.ActiveCfg = Debug|Any CPU
		{76908925-02BB-433B-A9E5-BB07EDFCB9C9}.AppStore|x86.Build.0 = Debug|Any CPU
		{76908925-02BB-433B-A9E5-BB07EDFCB9C9}.Debug|Any CPU.ActiveCfg = Debug|Any CPU
		{76908925-02BB-433B-A9E5-BB07EDFCB9C9}.Debug|Any CPU.Build.0 = Debug|Any CPU
		{76908925-02BB-433B-A9E5-BB07EDFCB9C9}.Debug|ARM.ActiveCfg = Debug|Any CPU
		{76908925-02BB-433B-A9E5-BB07EDFCB9C9}.Debug|ARM.Build.0 = Debug|Any CPU
		{76908925-02BB-433B-A9E5-BB07EDFCB9C9}.Debug|ARM64.ActiveCfg = Debug|Any CPU
		{76908925-02BB-433B-A9E5-BB07EDFCB9C9}.Debug|ARM64.Build.0 = Debug|Any CPU
		{76908925-02BB-433B-A9E5-BB07EDFCB9C9}.Debug|iPhone.ActiveCfg = Debug|Any CPU
		{76908925-02BB-433B-A9E5-BB07EDFCB9C9}.Debug|iPhone.Build.0 = Debug|Any CPU
		{76908925-02BB-433B-A9E5-BB07EDFCB9C9}.Debug|iPhoneSimulator.ActiveCfg = Debug|Any CPU
		{76908925-02BB-433B-A9E5-BB07EDFCB9C9}.Debug|iPhoneSimulator.Build.0 = Debug|Any CPU
		{76908925-02BB-433B-A9E5-BB07EDFCB9C9}.Debug|x64.ActiveCfg = Debug|Any CPU
		{76908925-02BB-433B-A9E5-BB07EDFCB9C9}.Debug|x64.Build.0 = Debug|Any CPU
		{76908925-02BB-433B-A9E5-BB07EDFCB9C9}.Debug|x86.ActiveCfg = Debug|Any CPU
		{76908925-02BB-433B-A9E5-BB07EDFCB9C9}.Debug|x86.Build.0 = Debug|Any CPU
		{76908925-02BB-433B-A9E5-BB07EDFCB9C9}.Release|Any CPU.ActiveCfg = Release|Any CPU
		{76908925-02BB-433B-A9E5-BB07EDFCB9C9}.Release|Any CPU.Build.0 = Release|Any CPU
		{76908925-02BB-433B-A9E5-BB07EDFCB9C9}.Release|ARM.ActiveCfg = Release|Any CPU
		{76908925-02BB-433B-A9E5-BB07EDFCB9C9}.Release|ARM.Build.0 = Release|Any CPU
		{76908925-02BB-433B-A9E5-BB07EDFCB9C9}.Release|ARM64.ActiveCfg = Release|Any CPU
		{76908925-02BB-433B-A9E5-BB07EDFCB9C9}.Release|ARM64.Build.0 = Release|Any CPU
		{76908925-02BB-433B-A9E5-BB07EDFCB9C9}.Release|iPhone.ActiveCfg = Release|Any CPU
		{76908925-02BB-433B-A9E5-BB07EDFCB9C9}.Release|iPhone.Build.0 = Release|Any CPU
		{76908925-02BB-433B-A9E5-BB07EDFCB9C9}.Release|iPhoneSimulator.ActiveCfg = Release|Any CPU
		{76908925-02BB-433B-A9E5-BB07EDFCB9C9}.Release|iPhoneSimulator.Build.0 = Release|Any CPU
		{76908925-02BB-433B-A9E5-BB07EDFCB9C9}.Release|x64.ActiveCfg = Release|Any CPU
		{76908925-02BB-433B-A9E5-BB07EDFCB9C9}.Release|x64.Build.0 = Release|Any CPU
		{76908925-02BB-433B-A9E5-BB07EDFCB9C9}.Release|x86.ActiveCfg = Release|Any CPU
		{76908925-02BB-433B-A9E5-BB07EDFCB9C9}.Release|x86.Build.0 = Release|Any CPU
		{76908925-02BB-433B-A9E5-BB07EDFCB9C9}.ShimmerAPI|Any CPU.ActiveCfg = Debug|Any CPU
		{76908925-02BB-433B-A9E5-BB07EDFCB9C9}.ShimmerAPI|Any CPU.Build.0 = Debug|Any CPU
		{76908925-02BB-433B-A9E5-BB07EDFCB9C9}.ShimmerAPI|ARM.ActiveCfg = Debug|Any CPU
		{76908925-02BB-433B-A9E5-BB07EDFCB9C9}.ShimmerAPI|ARM.Build.0 = Debug|Any CPU
		{76908925-02BB-433B-A9E5-BB07EDFCB9C9}.ShimmerAPI|ARM64.ActiveCfg = Debug|Any CPU
		{76908925-02BB-433B-A9E5-BB07EDFCB9C9}.ShimmerAPI|ARM64.Build.0 = Debug|Any CPU
		{76908925-02BB-433B-A9E5-BB07EDFCB9C9}.ShimmerAPI|iPhone.ActiveCfg = Debug|Any CPU
		{76908925-02BB-433B-A9E5-BB07EDFCB9C9}.ShimmerAPI|iPhone.Build.0 = Debug|Any CPU
		{76908925-02BB-433B-A9E5-BB07EDFCB9C9}.ShimmerAPI|iPhoneSimulator.ActiveCfg = Debug|Any CPU
		{76908925-02BB-433B-A9E5-BB07EDFCB9C9}.ShimmerAPI|iPhoneSimulator.Build.0 = Debug|Any CPU
		{76908925-02BB-433B-A9E5-BB07EDFCB9C9}.ShimmerAPI|x64.ActiveCfg = Debug|Any CPU
		{76908925-02BB-433B-A9E5-BB07EDFCB9C9}.ShimmerAPI|x64.Build.0 = Debug|Any CPU
		{76908925-02BB-433B-A9E5-BB07EDFCB9C9}.ShimmerAPI|x86.ActiveCfg = Debug|Any CPU
		{76908925-02BB-433B-A9E5-BB07EDFCB9C9}.ShimmerAPI|x86.Build.0 = Debug|Any CPU
		{76908925-02BB-433B-A9E5-BB07EDFCB9C9}.ShimmerAPIBasic|Any CPU.ActiveCfg = Debug|Any CPU
		{76908925-02BB-433B-A9E5-BB07EDFCB9C9}.ShimmerAPIBasic|Any CPU.Build.0 = Debug|Any CPU
		{76908925-02BB-433B-A9E5-BB07EDFCB9C9}.ShimmerAPIBasic|ARM.ActiveCfg = Debug|Any CPU
		{76908925-02BB-433B-A9E5-BB07EDFCB9C9}.ShimmerAPIBasic|ARM.Build.0 = Debug|Any CPU
		{76908925-02BB-433B-A9E5-BB07EDFCB9C9}.ShimmerAPIBasic|ARM64.ActiveCfg = Debug|Any CPU
		{76908925-02BB-433B-A9E5-BB07EDFCB9C9}.ShimmerAPIBasic|ARM64.Build.0 = Debug|Any CPU
		{76908925-02BB-433B-A9E5-BB07EDFCB9C9}.ShimmerAPIBasic|iPhone.ActiveCfg = Debug|Any CPU
		{76908925-02BB-433B-A9E5-BB07EDFCB9C9}.ShimmerAPIBasic|iPhone.Build.0 = Debug|Any CPU
		{76908925-02BB-433B-A9E5-BB07EDFCB9C9}.ShimmerAPIBasic|iPhoneSimulator.ActiveCfg = Debug|Any CPU
		{76908925-02BB-433B-A9E5-BB07EDFCB9C9}.ShimmerAPIBasic|iPhoneSimulator.Build.0 = Debug|Any CPU
		{76908925-02BB-433B-A9E5-BB07EDFCB9C9}.ShimmerAPIBasic|x64.ActiveCfg = Debug|Any CPU
		{76908925-02BB-433B-A9E5-BB07EDFCB9C9}.ShimmerAPIBasic|x64.Build.0 = Debug|Any CPU
		{76908925-02BB-433B-A9E5-BB07EDFCB9C9}.ShimmerAPIBasic|x86.ActiveCfg = Debug|Any CPU
		{76908925-02BB-433B-A9E5-BB07EDFCB9C9}.ShimmerAPIBasic|x86.Build.0 = Debug|Any CPU
		{2B423ED5-9DB8-40FE-8C0C-DCDAFE0E6229}.Ad-Hoc|Any CPU.ActiveCfg = Debug|Any CPU
		{2B423ED5-9DB8-40FE-8C0C-DCDAFE0E6229}.Ad-Hoc|Any CPU.Build.0 = Debug|Any CPU
		{2B423ED5-9DB8-40FE-8C0C-DCDAFE0E6229}.Ad-Hoc|ARM.ActiveCfg = Debug|Any CPU
		{2B423ED5-9DB8-40FE-8C0C-DCDAFE0E6229}.Ad-Hoc|ARM.Build.0 = Debug|Any CPU
		{2B423ED5-9DB8-40FE-8C0C-DCDAFE0E6229}.Ad-Hoc|ARM64.ActiveCfg = Debug|Any CPU
		{2B423ED5-9DB8-40FE-8C0C-DCDAFE0E6229}.Ad-Hoc|ARM64.Build.0 = Debug|Any CPU
		{2B423ED5-9DB8-40FE-8C0C-DCDAFE0E6229}.Ad-Hoc|iPhone.ActiveCfg = Debug|Any CPU
		{2B423ED5-9DB8-40FE-8C0C-DCDAFE0E6229}.Ad-Hoc|iPhone.Build.0 = Debug|Any CPU
		{2B423ED5-9DB8-40FE-8C0C-DCDAFE0E6229}.Ad-Hoc|iPhoneSimulator.ActiveCfg = Debug|Any CPU
		{2B423ED5-9DB8-40FE-8C0C-DCDAFE0E6229}.Ad-Hoc|iPhoneSimulator.Build.0 = Debug|Any CPU
		{2B423ED5-9DB8-40FE-8C0C-DCDAFE0E6229}.Ad-Hoc|x64.ActiveCfg = Debug|Any CPU
		{2B423ED5-9DB8-40FE-8C0C-DCDAFE0E6229}.Ad-Hoc|x64.Build.0 = Debug|Any CPU
		{2B423ED5-9DB8-40FE-8C0C-DCDAFE0E6229}.Ad-Hoc|x86.ActiveCfg = Debug|Any CPU
		{2B423ED5-9DB8-40FE-8C0C-DCDAFE0E6229}.Ad-Hoc|x86.Build.0 = Debug|Any CPU
		{2B423ED5-9DB8-40FE-8C0C-DCDAFE0E6229}.AppStore|Any CPU.ActiveCfg = Debug|Any CPU
		{2B423ED5-9DB8-40FE-8C0C-DCDAFE0E6229}.AppStore|Any CPU.Build.0 = Debug|Any CPU
		{2B423ED5-9DB8-40FE-8C0C-DCDAFE0E6229}.AppStore|ARM.ActiveCfg = Debug|Any CPU
		{2B423ED5-9DB8-40FE-8C0C-DCDAFE0E6229}.AppStore|ARM.Build.0 = Debug|Any CPU
		{2B423ED5-9DB8-40FE-8C0C-DCDAFE0E6229}.AppStore|ARM64.ActiveCfg = Debug|Any CPU
		{2B423ED5-9DB8-40FE-8C0C-DCDAFE0E6229}.AppStore|ARM64.Build.0 = Debug|Any CPU
		{2B423ED5-9DB8-40FE-8C0C-DCDAFE0E6229}.AppStore|iPhone.ActiveCfg = Debug|Any CPU
		{2B423ED5-9DB8-40FE-8C0C-DCDAFE0E6229}.AppStore|iPhone.Build.0 = Debug|Any CPU
		{2B423ED5-9DB8-40FE-8C0C-DCDAFE0E6229}.AppStore|iPhoneSimulator.ActiveCfg = Debug|Any CPU
		{2B423ED5-9DB8-40FE-8C0C-DCDAFE0E6229}.AppStore|iPhoneSimulator.Build.0 = Debug|Any CPU
		{2B423ED5-9DB8-40FE-8C0C-DCDAFE0E6229}.AppStore|x64.ActiveCfg = Debug|Any CPU
		{2B423ED5-9DB8-40FE-8C0C-DCDAFE0E6229}.AppStore|x64.Build.0 = Debug|Any CPU
		{2B423ED5-9DB8-40FE-8C0C-DCDAFE0E6229}.AppStore|x86.ActiveCfg = Debug|Any CPU
		{2B423ED5-9DB8-40FE-8C0C-DCDAFE0E6229}.AppStore|x86.Build.0 = Debug|Any CPU
		{2B423ED5-9DB8-40FE-8C0C-DCDAFE0E6229}.Debug|Any CPU.ActiveCfg = Debug|Any CPU
		{2B423ED5-9DB8-40FE-8C0C-DCDAFE0E6229}.Debug|Any CPU.Build.0 = Debug|Any CPU
		{2B423ED5-9DB8-40FE-8C0C-DCDAFE0E6229}.Debug|ARM.ActiveCfg = Debug|Any CPU
		{2B423ED5-9DB8-40FE-8C0C-DCDAFE0E6229}.Debug|ARM.Build.0 = Debug|Any CPU
		{2B423ED5-9DB8-40FE-8C0C-DCDAFE0E6229}.Debug|ARM64.ActiveCfg = Debug|Any CPU
		{2B423ED5-9DB8-40FE-8C0C-DCDAFE0E6229}.Debug|ARM64.Build.0 = Debug|Any CPU
		{2B423ED5-9DB8-40FE-8C0C-DCDAFE0E6229}.Debug|iPhone.ActiveCfg = Debug|Any CPU
		{2B423ED5-9DB8-40FE-8C0C-DCDAFE0E6229}.Debug|iPhone.Build.0 = Debug|Any CPU
		{2B423ED5-9DB8-40FE-8C0C-DCDAFE0E6229}.Debug|iPhoneSimulator.ActiveCfg = Debug|Any CPU
		{2B423ED5-9DB8-40FE-8C0C-DCDAFE0E6229}.Debug|iPhoneSimulator.Build.0 = Debug|Any CPU
		{2B423ED5-9DB8-40FE-8C0C-DCDAFE0E6229}.Debug|x64.ActiveCfg = Debug|Any CPU
		{2B423ED5-9DB8-40FE-8C0C-DCDAFE0E6229}.Debug|x64.Build.0 = Debug|Any CPU
		{2B423ED5-9DB8-40FE-8C0C-DCDAFE0E6229}.Debug|x86.ActiveCfg = Debug|Any CPU
		{2B423ED5-9DB8-40FE-8C0C-DCDAFE0E6229}.Debug|x86.Build.0 = Debug|Any CPU
		{2B423ED5-9DB8-40FE-8C0C-DCDAFE0E6229}.Release|Any CPU.ActiveCfg = Release|Any CPU
		{2B423ED5-9DB8-40FE-8C0C-DCDAFE0E6229}.Release|Any CPU.Build.0 = Release|Any CPU
		{2B423ED5-9DB8-40FE-8C0C-DCDAFE0E6229}.Release|ARM.ActiveCfg = Release|Any CPU
		{2B423ED5-9DB8-40FE-8C0C-DCDAFE0E6229}.Release|ARM.Build.0 = Release|Any CPU
		{2B423ED5-9DB8-40FE-8C0C-DCDAFE0E6229}.Release|ARM64.ActiveCfg = Release|Any CPU
		{2B423ED5-9DB8-40FE-8C0C-DCDAFE0E6229}.Release|ARM64.Build.0 = Release|Any CPU
		{2B423ED5-9DB8-40FE-8C0C-DCDAFE0E6229}.Release|iPhone.ActiveCfg = Release|Any CPU
		{2B423ED5-9DB8-40FE-8C0C-DCDAFE0E6229}.Release|iPhone.Build.0 = Release|Any CPU
		{2B423ED5-9DB8-40FE-8C0C-DCDAFE0E6229}.Release|iPhoneSimulator.ActiveCfg = Release|Any CPU
		{2B423ED5-9DB8-40FE-8C0C-DCDAFE0E6229}.Release|iPhoneSimulator.Build.0 = Release|Any CPU
		{2B423ED5-9DB8-40FE-8C0C-DCDAFE0E6229}.Release|x64.ActiveCfg = Release|Any CPU
		{2B423ED5-9DB8-40FE-8C0C-DCDAFE0E6229}.Release|x64.Build.0 = Release|Any CPU
		{2B423ED5-9DB8-40FE-8C0C-DCDAFE0E6229}.Release|x86.ActiveCfg = Release|Any CPU
		{2B423ED5-9DB8-40FE-8C0C-DCDAFE0E6229}.Release|x86.Build.0 = Release|Any CPU
		{2B423ED5-9DB8-40FE-8C0C-DCDAFE0E6229}.ShimmerAPI|Any CPU.ActiveCfg = Debug|Any CPU
		{2B423ED5-9DB8-40FE-8C0C-DCDAFE0E6229}.ShimmerAPI|Any CPU.Build.0 = Debug|Any CPU
		{2B423ED5-9DB8-40FE-8C0C-DCDAFE0E6229}.ShimmerAPI|ARM.ActiveCfg = Debug|Any CPU
		{2B423ED5-9DB8-40FE-8C0C-DCDAFE0E6229}.ShimmerAPI|ARM.Build.0 = Debug|Any CPU
		{2B423ED5-9DB8-40FE-8C0C-DCDAFE0E6229}.ShimmerAPI|ARM64.ActiveCfg = Debug|Any CPU
		{2B423ED5-9DB8-40FE-8C0C-DCDAFE0E6229}.ShimmerAPI|ARM64.Build.0 = Debug|Any CPU
		{2B423ED5-9DB8-40FE-8C0C-DCDAFE0E6229}.ShimmerAPI|iPhone.ActiveCfg = Debug|Any CPU
		{2B423ED5-9DB8-40FE-8C0C-DCDAFE0E6229}.ShimmerAPI|iPhone.Build.0 = Debug|Any CPU
		{2B423ED5-9DB8-40FE-8C0C-DCDAFE0E6229}.ShimmerAPI|iPhoneSimulator.ActiveCfg = Debug|Any CPU
		{2B423ED5-9DB8-40FE-8C0C-DCDAFE0E6229}.ShimmerAPI|iPhoneSimulator.Build.0 = Debug|Any CPU
		{2B423ED5-9DB8-40FE-8C0C-DCDAFE0E6229}.ShimmerAPI|x64.ActiveCfg = Debug|Any CPU
		{2B423ED5-9DB8-40FE-8C0C-DCDAFE0E6229}.ShimmerAPI|x64.Build.0 = Debug|Any CPU
		{2B423ED5-9DB8-40FE-8C0C-DCDAFE0E6229}.ShimmerAPI|x86.ActiveCfg = Debug|Any CPU
		{2B423ED5-9DB8-40FE-8C0C-DCDAFE0E6229}.ShimmerAPI|x86.Build.0 = Debug|Any CPU
		{2B423ED5-9DB8-40FE-8C0C-DCDAFE0E6229}.ShimmerAPIBasic|Any CPU.ActiveCfg = Debug|Any CPU
		{2B423ED5-9DB8-40FE-8C0C-DCDAFE0E6229}.ShimmerAPIBasic|Any CPU.Build.0 = Debug|Any CPU
		{2B423ED5-9DB8-40FE-8C0C-DCDAFE0E6229}.ShimmerAPIBasic|ARM.ActiveCfg = Debug|Any CPU
		{2B423ED5-9DB8-40FE-8C0C-DCDAFE0E6229}.ShimmerAPIBasic|ARM.Build.0 = Debug|Any CPU
		{2B423ED5-9DB8-40FE-8C0C-DCDAFE0E6229}.ShimmerAPIBasic|ARM64.ActiveCfg = Debug|Any CPU
		{2B423ED5-9DB8-40FE-8C0C-DCDAFE0E6229}.ShimmerAPIBasic|ARM64.Build.0 = Debug|Any CPU
		{2B423ED5-9DB8-40FE-8C0C-DCDAFE0E6229}.ShimmerAPIBasic|iPhone.ActiveCfg = Debug|Any CPU
		{2B423ED5-9DB8-40FE-8C0C-DCDAFE0E6229}.ShimmerAPIBasic|iPhone.Build.0 = Debug|Any CPU
		{2B423ED5-9DB8-40FE-8C0C-DCDAFE0E6229}.ShimmerAPIBasic|iPhoneSimulator.ActiveCfg = Debug|Any CPU
		{2B423ED5-9DB8-40FE-8C0C-DCDAFE0E6229}.ShimmerAPIBasic|iPhoneSimulator.Build.0 = Debug|Any CPU
		{2B423ED5-9DB8-40FE-8C0C-DCDAFE0E6229}.ShimmerAPIBasic|x64.ActiveCfg = Debug|Any CPU
		{2B423ED5-9DB8-40FE-8C0C-DCDAFE0E6229}.ShimmerAPIBasic|x64.Build.0 = Debug|Any CPU
		{2B423ED5-9DB8-40FE-8C0C-DCDAFE0E6229}.ShimmerAPIBasic|x86.ActiveCfg = Debug|Any CPU
		{2B423ED5-9DB8-40FE-8C0C-DCDAFE0E6229}.ShimmerAPIBasic|x86.Build.0 = Debug|Any CPU
		{93136E55-BC48-4604-B496-308785269676}.Ad-Hoc|Any CPU.ActiveCfg = Debug|Any CPU
		{93136E55-BC48-4604-B496-308785269676}.Ad-Hoc|Any CPU.Build.0 = Debug|Any CPU
		{93136E55-BC48-4604-B496-308785269676}.Ad-Hoc|ARM.ActiveCfg = Debug|Any CPU
		{93136E55-BC48-4604-B496-308785269676}.Ad-Hoc|ARM.Build.0 = Debug|Any CPU
		{93136E55-BC48-4604-B496-308785269676}.Ad-Hoc|ARM64.ActiveCfg = Debug|Any CPU
		{93136E55-BC48-4604-B496-308785269676}.Ad-Hoc|ARM64.Build.0 = Debug|Any CPU
		{93136E55-BC48-4604-B496-308785269676}.Ad-Hoc|iPhone.ActiveCfg = Debug|Any CPU
		{93136E55-BC48-4604-B496-308785269676}.Ad-Hoc|iPhone.Build.0 = Debug|Any CPU
		{93136E55-BC48-4604-B496-308785269676}.Ad-Hoc|iPhoneSimulator.ActiveCfg = Debug|Any CPU
		{93136E55-BC48-4604-B496-308785269676}.Ad-Hoc|iPhoneSimulator.Build.0 = Debug|Any CPU
		{93136E55-BC48-4604-B496-308785269676}.Ad-Hoc|x64.ActiveCfg = Debug|Any CPU
		{93136E55-BC48-4604-B496-308785269676}.Ad-Hoc|x64.Build.0 = Debug|Any CPU
		{93136E55-BC48-4604-B496-308785269676}.Ad-Hoc|x86.ActiveCfg = Debug|Any CPU
		{93136E55-BC48-4604-B496-308785269676}.Ad-Hoc|x86.Build.0 = Debug|Any CPU
		{93136E55-BC48-4604-B496-308785269676}.AppStore|Any CPU.ActiveCfg = Debug|Any CPU
		{93136E55-BC48-4604-B496-308785269676}.AppStore|Any CPU.Build.0 = Debug|Any CPU
		{93136E55-BC48-4604-B496-308785269676}.AppStore|ARM.ActiveCfg = Debug|Any CPU
		{93136E55-BC48-4604-B496-308785269676}.AppStore|ARM.Build.0 = Debug|Any CPU
		{93136E55-BC48-4604-B496-308785269676}.AppStore|ARM64.ActiveCfg = Debug|Any CPU
		{93136E55-BC48-4604-B496-308785269676}.AppStore|ARM64.Build.0 = Debug|Any CPU
		{93136E55-BC48-4604-B496-308785269676}.AppStore|iPhone.ActiveCfg = Debug|Any CPU
		{93136E55-BC48-4604-B496-308785269676}.AppStore|iPhone.Build.0 = Debug|Any CPU
		{93136E55-BC48-4604-B496-308785269676}.AppStore|iPhoneSimulator.ActiveCfg = Debug|Any CPU
		{93136E55-BC48-4604-B496-308785269676}.AppStore|iPhoneSimulator.Build.0 = Debug|Any CPU
		{93136E55-BC48-4604-B496-308785269676}.AppStore|x64.ActiveCfg = Debug|Any CPU
		{93136E55-BC48-4604-B496-308785269676}.AppStore|x64.Build.0 = Debug|Any CPU
		{93136E55-BC48-4604-B496-308785269676}.AppStore|x86.ActiveCfg = Debug|Any CPU
		{93136E55-BC48-4604-B496-308785269676}.AppStore|x86.Build.0 = Debug|Any CPU
		{93136E55-BC48-4604-B496-308785269676}.Debug|Any CPU.ActiveCfg = Debug|Any CPU
		{93136E55-BC48-4604-B496-308785269676}.Debug|Any CPU.Build.0 = Debug|Any CPU
		{93136E55-BC48-4604-B496-308785269676}.Debug|ARM.ActiveCfg = Debug|Any CPU
		{93136E55-BC48-4604-B496-308785269676}.Debug|ARM.Build.0 = Debug|Any CPU
		{93136E55-BC48-4604-B496-308785269676}.Debug|ARM64.ActiveCfg = Debug|Any CPU
		{93136E55-BC48-4604-B496-308785269676}.Debug|ARM64.Build.0 = Debug|Any CPU
		{93136E55-BC48-4604-B496-308785269676}.Debug|iPhone.ActiveCfg = Debug|Any CPU
		{93136E55-BC48-4604-B496-308785269676}.Debug|iPhone.Build.0 = Debug|Any CPU
		{93136E55-BC48-4604-B496-308785269676}.Debug|iPhoneSimulator.ActiveCfg = Debug|Any CPU
		{93136E55-BC48-4604-B496-308785269676}.Debug|iPhoneSimulator.Build.0 = Debug|Any CPU
		{93136E55-BC48-4604-B496-308785269676}.Debug|x64.ActiveCfg = Debug|Any CPU
		{93136E55-BC48-4604-B496-308785269676}.Debug|x64.Build.0 = Debug|Any CPU
		{93136E55-BC48-4604-B496-308785269676}.Debug|x86.ActiveCfg = Debug|Any CPU
		{93136E55-BC48-4604-B496-308785269676}.Debug|x86.Build.0 = Debug|Any CPU
		{93136E55-BC48-4604-B496-308785269676}.Release|Any CPU.ActiveCfg = Release|Any CPU
		{93136E55-BC48-4604-B496-308785269676}.Release|Any CPU.Build.0 = Release|Any CPU
		{93136E55-BC48-4604-B496-308785269676}.Release|ARM.ActiveCfg = Release|Any CPU
		{93136E55-BC48-4604-B496-308785269676}.Release|ARM.Build.0 = Release|Any CPU
		{93136E55-BC48-4604-B496-308785269676}.Release|ARM64.ActiveCfg = Release|Any CPU
		{93136E55-BC48-4604-B496-308785269676}.Release|ARM64.Build.0 = Release|Any CPU
		{93136E55-BC48-4604-B496-308785269676}.Release|iPhone.ActiveCfg = Release|Any CPU
		{93136E55-BC48-4604-B496-308785269676}.Release|iPhone.Build.0 = Release|Any CPU
		{93136E55-BC48-4604-B496-308785269676}.Release|iPhoneSimulator.ActiveCfg = Release|Any CPU
		{93136E55-BC48-4604-B496-308785269676}.Release|iPhoneSimulator.Build.0 = Release|Any CPU
		{93136E55-BC48-4604-B496-308785269676}.Release|x64.ActiveCfg = Release|Any CPU
		{93136E55-BC48-4604-B496-308785269676}.Release|x64.Build.0 = Release|Any CPU
		{93136E55-BC48-4604-B496-308785269676}.Release|x86.ActiveCfg = Release|Any CPU
		{93136E55-BC48-4604-B496-308785269676}.Release|x86.Build.0 = Release|Any CPU
		{93136E55-BC48-4604-B496-308785269676}.ShimmerAPI|Any CPU.ActiveCfg = Debug|Any CPU
		{93136E55-BC48-4604-B496-308785269676}.ShimmerAPI|Any CPU.Build.0 = Debug|Any CPU
		{93136E55-BC48-4604-B496-308785269676}.ShimmerAPI|ARM.ActiveCfg = Debug|Any CPU
		{93136E55-BC48-4604-B496-308785269676}.ShimmerAPI|ARM.Build.0 = Debug|Any CPU
		{93136E55-BC48-4604-B496-308785269676}.ShimmerAPI|ARM64.ActiveCfg = Debug|Any CPU
		{93136E55-BC48-4604-B496-308785269676}.ShimmerAPI|ARM64.Build.0 = Debug|Any CPU
		{93136E55-BC48-4604-B496-308785269676}.ShimmerAPI|iPhone.ActiveCfg = Debug|Any CPU
		{93136E55-BC48-4604-B496-308785269676}.ShimmerAPI|iPhone.Build.0 = Debug|Any CPU
		{93136E55-BC48-4604-B496-308785269676}.ShimmerAPI|iPhoneSimulator.ActiveCfg = Debug|Any CPU
		{93136E55-BC48-4604-B496-308785269676}.ShimmerAPI|iPhoneSimulator.Build.0 = Debug|Any CPU
		{93136E55-BC48-4604-B496-308785269676}.ShimmerAPI|x64.ActiveCfg = Debug|Any CPU
		{93136E55-BC48-4604-B496-308785269676}.ShimmerAPI|x64.Build.0 = Debug|Any CPU
		{93136E55-BC48-4604-B496-308785269676}.ShimmerAPI|x86.ActiveCfg = Debug|Any CPU
		{93136E55-BC48-4604-B496-308785269676}.ShimmerAPI|x86.Build.0 = Debug|Any CPU
		{93136E55-BC48-4604-B496-308785269676}.ShimmerAPIBasic|Any CPU.ActiveCfg = Debug|Any CPU
		{93136E55-BC48-4604-B496-308785269676}.ShimmerAPIBasic|Any CPU.Build.0 = Debug|Any CPU
		{93136E55-BC48-4604-B496-308785269676}.ShimmerAPIBasic|ARM.ActiveCfg = Debug|Any CPU
		{93136E55-BC48-4604-B496-308785269676}.ShimmerAPIBasic|ARM.Build.0 = Debug|Any CPU
		{93136E55-BC48-4604-B496-308785269676}.ShimmerAPIBasic|ARM64.ActiveCfg = Debug|Any CPU
		{93136E55-BC48-4604-B496-308785269676}.ShimmerAPIBasic|ARM64.Build.0 = Debug|Any CPU
		{93136E55-BC48-4604-B496-308785269676}.ShimmerAPIBasic|iPhone.ActiveCfg = Debug|Any CPU
		{93136E55-BC48-4604-B496-308785269676}.ShimmerAPIBasic|iPhone.Build.0 = Debug|Any CPU
		{93136E55-BC48-4604-B496-308785269676}.ShimmerAPIBasic|iPhoneSimulator.ActiveCfg = Debug|Any CPU
		{93136E55-BC48-4604-B496-308785269676}.ShimmerAPIBasic|iPhoneSimulator.Build.0 = Debug|Any CPU
		{93136E55-BC48-4604-B496-308785269676}.ShimmerAPIBasic|x64.ActiveCfg = Debug|Any CPU
		{93136E55-BC48-4604-B496-308785269676}.ShimmerAPIBasic|x64.Build.0 = Debug|Any CPU
		{93136E55-BC48-4604-B496-308785269676}.ShimmerAPIBasic|x86.ActiveCfg = Debug|Any CPU
		{93136E55-BC48-4604-B496-308785269676}.ShimmerAPIBasic|x86.Build.0 = Debug|Any CPU
		{2230CC85-32B9-441C-A3C2-0DB4CC1D8CE9}.Ad-Hoc|Any CPU.ActiveCfg = Debug|Any CPU
		{2230CC85-32B9-441C-A3C2-0DB4CC1D8CE9}.Ad-Hoc|Any CPU.Build.0 = Debug|Any CPU
		{2230CC85-32B9-441C-A3C2-0DB4CC1D8CE9}.Ad-Hoc|ARM.ActiveCfg = Debug|Any CPU
		{2230CC85-32B9-441C-A3C2-0DB4CC1D8CE9}.Ad-Hoc|ARM.Build.0 = Debug|Any CPU
		{2230CC85-32B9-441C-A3C2-0DB4CC1D8CE9}.Ad-Hoc|ARM64.ActiveCfg = Debug|Any CPU
		{2230CC85-32B9-441C-A3C2-0DB4CC1D8CE9}.Ad-Hoc|ARM64.Build.0 = Debug|Any CPU
		{2230CC85-32B9-441C-A3C2-0DB4CC1D8CE9}.Ad-Hoc|iPhone.ActiveCfg = Debug|Any CPU
		{2230CC85-32B9-441C-A3C2-0DB4CC1D8CE9}.Ad-Hoc|iPhone.Build.0 = Debug|Any CPU
		{2230CC85-32B9-441C-A3C2-0DB4CC1D8CE9}.Ad-Hoc|iPhoneSimulator.ActiveCfg = Debug|Any CPU
		{2230CC85-32B9-441C-A3C2-0DB4CC1D8CE9}.Ad-Hoc|iPhoneSimulator.Build.0 = Debug|Any CPU
		{2230CC85-32B9-441C-A3C2-0DB4CC1D8CE9}.Ad-Hoc|x64.ActiveCfg = Debug|Any CPU
		{2230CC85-32B9-441C-A3C2-0DB4CC1D8CE9}.Ad-Hoc|x64.Build.0 = Debug|Any CPU
		{2230CC85-32B9-441C-A3C2-0DB4CC1D8CE9}.Ad-Hoc|x86.ActiveCfg = Debug|Any CPU
		{2230CC85-32B9-441C-A3C2-0DB4CC1D8CE9}.Ad-Hoc|x86.Build.0 = Debug|Any CPU
		{2230CC85-32B9-441C-A3C2-0DB4CC1D8CE9}.AppStore|Any CPU.ActiveCfg = Debug|Any CPU
		{2230CC85-32B9-441C-A3C2-0DB4CC1D8CE9}.AppStore|Any CPU.Build.0 = Debug|Any CPU
		{2230CC85-32B9-441C-A3C2-0DB4CC1D8CE9}.AppStore|ARM.ActiveCfg = Debug|Any CPU
		{2230CC85-32B9-441C-A3C2-0DB4CC1D8CE9}.AppStore|ARM.Build.0 = Debug|Any CPU
		{2230CC85-32B9-441C-A3C2-0DB4CC1D8CE9}.AppStore|ARM64.ActiveCfg = Debug|Any CPU
		{2230CC85-32B9-441C-A3C2-0DB4CC1D8CE9}.AppStore|ARM64.Build.0 = Debug|Any CPU
		{2230CC85-32B9-441C-A3C2-0DB4CC1D8CE9}.AppStore|iPhone.ActiveCfg = Debug|Any CPU
		{2230CC85-32B9-441C-A3C2-0DB4CC1D8CE9}.AppStore|iPhone.Build.0 = Debug|Any CPU
		{2230CC85-32B9-441C-A3C2-0DB4CC1D8CE9}.AppStore|iPhoneSimulator.ActiveCfg = Debug|Any CPU
		{2230CC85-32B9-441C-A3C2-0DB4CC1D8CE9}.AppStore|iPhoneSimulator.Build.0 = Debug|Any CPU
		{2230CC85-32B9-441C-A3C2-0DB4CC1D8CE9}.AppStore|x64.ActiveCfg = Debug|Any CPU
		{2230CC85-32B9-441C-A3C2-0DB4CC1D8CE9}.AppStore|x64.Build.0 = Debug|Any CPU
		{2230CC85-32B9-441C-A3C2-0DB4CC1D8CE9}.AppStore|x86.ActiveCfg = Debug|Any CPU
		{2230CC85-32B9-441C-A3C2-0DB4CC1D8CE9}.AppStore|x86.Build.0 = Debug|Any CPU
		{2230CC85-32B9-441C-A3C2-0DB4CC1D8CE9}.Debug|Any CPU.ActiveCfg = Debug|Any CPU
		{2230CC85-32B9-441C-A3C2-0DB4CC1D8CE9}.Debug|Any CPU.Build.0 = Debug|Any CPU
		{2230CC85-32B9-441C-A3C2-0DB4CC1D8CE9}.Debug|ARM.ActiveCfg = Debug|Any CPU
		{2230CC85-32B9-441C-A3C2-0DB4CC1D8CE9}.Debug|ARM.Build.0 = Debug|Any CPU
		{2230CC85-32B9-441C-A3C2-0DB4CC1D8CE9}.Debug|ARM64.ActiveCfg = Debug|Any CPU
		{2230CC85-32B9-441C-A3C2-0DB4CC1D8CE9}.Debug|ARM64.Build.0 = Debug|Any CPU
		{2230CC85-32B9-441C-A3C2-0DB4CC1D8CE9}.Debug|iPhone.ActiveCfg = Debug|Any CPU
		{2230CC85-32B9-441C-A3C2-0DB4CC1D8CE9}.Debug|iPhone.Build.0 = Debug|Any CPU
		{2230CC85-32B9-441C-A3C2-0DB4CC1D8CE9}.Debug|iPhoneSimulator.ActiveCfg = Debug|Any CPU
		{2230CC85-32B9-441C-A3C2-0DB4CC1D8CE9}.Debug|iPhoneSimulator.Build.0 = Debug|Any CPU
		{2230CC85-32B9-441C-A3C2-0DB4CC1D8CE9}.Debug|x64.ActiveCfg = Debug|Any CPU
		{2230CC85-32B9-441C-A3C2-0DB4CC1D8CE9}.Debug|x64.Build.0 = Debug|Any CPU
		{2230CC85-32B9-441C-A3C2-0DB4CC1D8CE9}.Debug|x86.ActiveCfg = Debug|Any CPU
		{2230CC85-32B9-441C-A3C2-0DB4CC1D8CE9}.Debug|x86.Build.0 = Debug|Any CPU
		{2230CC85-32B9-441C-A3C2-0DB4CC1D8CE9}.Release|Any CPU.ActiveCfg = Release|Any CPU
		{2230CC85-32B9-441C-A3C2-0DB4CC1D8CE9}.Release|Any CPU.Build.0 = Release|Any CPU
		{2230CC85-32B9-441C-A3C2-0DB4CC1D8CE9}.Release|ARM.ActiveCfg = Release|Any CPU
		{2230CC85-32B9-441C-A3C2-0DB4CC1D8CE9}.Release|ARM.Build.0 = Release|Any CPU
		{2230CC85-32B9-441C-A3C2-0DB4CC1D8CE9}.Release|ARM64.ActiveCfg = Release|Any CPU
		{2230CC85-32B9-441C-A3C2-0DB4CC1D8CE9}.Release|ARM64.Build.0 = Release|Any CPU
		{2230CC85-32B9-441C-A3C2-0DB4CC1D8CE9}.Release|iPhone.ActiveCfg = Release|Any CPU
		{2230CC85-32B9-441C-A3C2-0DB4CC1D8CE9}.Release|iPhone.Build.0 = Release|Any CPU
		{2230CC85-32B9-441C-A3C2-0DB4CC1D8CE9}.Release|iPhoneSimulator.ActiveCfg = Release|Any CPU
		{2230CC85-32B9-441C-A3C2-0DB4CC1D8CE9}.Release|iPhoneSimulator.Build.0 = Release|Any CPU
		{2230CC85-32B9-441C-A3C2-0DB4CC1D8CE9}.Release|x64.ActiveCfg = Release|Any CPU
		{2230CC85-32B9-441C-A3C2-0DB4CC1D8CE9}.Release|x64.Build.0 = Release|Any CPU
		{2230CC85-32B9-441C-A3C2-0DB4CC1D8CE9}.Release|x86.ActiveCfg = Release|Any CPU
		{2230CC85-32B9-441C-A3C2-0DB4CC1D8CE9}.Release|x86.Build.0 = Release|Any CPU
		{2230CC85-32B9-441C-A3C2-0DB4CC1D8CE9}.ShimmerAPI|Any CPU.ActiveCfg = Debug|Any CPU
		{2230CC85-32B9-441C-A3C2-0DB4CC1D8CE9}.ShimmerAPI|Any CPU.Build.0 = Debug|Any CPU
		{2230CC85-32B9-441C-A3C2-0DB4CC1D8CE9}.ShimmerAPI|ARM.ActiveCfg = Debug|Any CPU
		{2230CC85-32B9-441C-A3C2-0DB4CC1D8CE9}.ShimmerAPI|ARM.Build.0 = Debug|Any CPU
		{2230CC85-32B9-441C-A3C2-0DB4CC1D8CE9}.ShimmerAPI|ARM64.ActiveCfg = Debug|Any CPU
		{2230CC85-32B9-441C-A3C2-0DB4CC1D8CE9}.ShimmerAPI|ARM64.Build.0 = Debug|Any CPU
		{2230CC85-32B9-441C-A3C2-0DB4CC1D8CE9}.ShimmerAPI|iPhone.ActiveCfg = Debug|Any CPU
		{2230CC85-32B9-441C-A3C2-0DB4CC1D8CE9}.ShimmerAPI|iPhone.Build.0 = Debug|Any CPU
		{2230CC85-32B9-441C-A3C2-0DB4CC1D8CE9}.ShimmerAPI|iPhoneSimulator.ActiveCfg = Debug|Any CPU
		{2230CC85-32B9-441C-A3C2-0DB4CC1D8CE9}.ShimmerAPI|iPhoneSimulator.Build.0 = Debug|Any CPU
		{2230CC85-32B9-441C-A3C2-0DB4CC1D8CE9}.ShimmerAPI|x64.ActiveCfg = Debug|Any CPU
		{2230CC85-32B9-441C-A3C2-0DB4CC1D8CE9}.ShimmerAPI|x64.Build.0 = Debug|Any CPU
		{2230CC85-32B9-441C-A3C2-0DB4CC1D8CE9}.ShimmerAPI|x86.ActiveCfg = Debug|Any CPU
		{2230CC85-32B9-441C-A3C2-0DB4CC1D8CE9}.ShimmerAPI|x86.Build.0 = Debug|Any CPU
		{2230CC85-32B9-441C-A3C2-0DB4CC1D8CE9}.ShimmerAPIBasic|Any CPU.ActiveCfg = Debug|Any CPU
		{2230CC85-32B9-441C-A3C2-0DB4CC1D8CE9}.ShimmerAPIBasic|Any CPU.Build.0 = Debug|Any CPU
		{2230CC85-32B9-441C-A3C2-0DB4CC1D8CE9}.ShimmerAPIBasic|ARM.ActiveCfg = Debug|Any CPU
		{2230CC85-32B9-441C-A3C2-0DB4CC1D8CE9}.ShimmerAPIBasic|ARM.Build.0 = Debug|Any CPU
		{2230CC85-32B9-441C-A3C2-0DB4CC1D8CE9}.ShimmerAPIBasic|ARM64.ActiveCfg = Debug|Any CPU
		{2230CC85-32B9-441C-A3C2-0DB4CC1D8CE9}.ShimmerAPIBasic|ARM64.Build.0 = Debug|Any CPU
		{2230CC85-32B9-441C-A3C2-0DB4CC1D8CE9}.ShimmerAPIBasic|iPhone.ActiveCfg = Debug|Any CPU
		{2230CC85-32B9-441C-A3C2-0DB4CC1D8CE9}.ShimmerAPIBasic|iPhone.Build.0 = Debug|Any CPU
		{2230CC85-32B9-441C-A3C2-0DB4CC1D8CE9}.ShimmerAPIBasic|iPhoneSimulator.ActiveCfg = Debug|Any CPU
		{2230CC85-32B9-441C-A3C2-0DB4CC1D8CE9}.ShimmerAPIBasic|iPhoneSimulator.Build.0 = Debug|Any CPU
		{2230CC85-32B9-441C-A3C2-0DB4CC1D8CE9}.ShimmerAPIBasic|x64.ActiveCfg = Debug|Any CPU
		{2230CC85-32B9-441C-A3C2-0DB4CC1D8CE9}.ShimmerAPIBasic|x64.Build.0 = Debug|Any CPU
		{2230CC85-32B9-441C-A3C2-0DB4CC1D8CE9}.ShimmerAPIBasic|x86.ActiveCfg = Debug|Any CPU
		{2230CC85-32B9-441C-A3C2-0DB4CC1D8CE9}.ShimmerAPIBasic|x86.Build.0 = Debug|Any CPU
		{E6F62DE9-6D10-4535-AA2F-9F681B40CBFE}.Ad-Hoc|Any CPU.ActiveCfg = Release|Any CPU
		{E6F62DE9-6D10-4535-AA2F-9F681B40CBFE}.Ad-Hoc|Any CPU.Build.0 = Release|Any CPU
		{E6F62DE9-6D10-4535-AA2F-9F681B40CBFE}.Ad-Hoc|ARM.ActiveCfg = Release|Any CPU
		{E6F62DE9-6D10-4535-AA2F-9F681B40CBFE}.Ad-Hoc|ARM.Build.0 = Release|Any CPU
		{E6F62DE9-6D10-4535-AA2F-9F681B40CBFE}.Ad-Hoc|ARM64.ActiveCfg = Release|Any CPU
		{E6F62DE9-6D10-4535-AA2F-9F681B40CBFE}.Ad-Hoc|ARM64.Build.0 = Release|Any CPU
		{E6F62DE9-6D10-4535-AA2F-9F681B40CBFE}.Ad-Hoc|iPhone.ActiveCfg = Release|Any CPU
		{E6F62DE9-6D10-4535-AA2F-9F681B40CBFE}.Ad-Hoc|iPhone.Build.0 = Release|Any CPU
		{E6F62DE9-6D10-4535-AA2F-9F681B40CBFE}.Ad-Hoc|iPhoneSimulator.ActiveCfg = Release|Any CPU
		{E6F62DE9-6D10-4535-AA2F-9F681B40CBFE}.Ad-Hoc|iPhoneSimulator.Build.0 = Release|Any CPU
		{E6F62DE9-6D10-4535-AA2F-9F681B40CBFE}.Ad-Hoc|x64.ActiveCfg = Release|Any CPU
		{E6F62DE9-6D10-4535-AA2F-9F681B40CBFE}.Ad-Hoc|x64.Build.0 = Release|Any CPU
		{E6F62DE9-6D10-4535-AA2F-9F681B40CBFE}.Ad-Hoc|x86.ActiveCfg = Release|Any CPU
		{E6F62DE9-6D10-4535-AA2F-9F681B40CBFE}.Ad-Hoc|x86.Build.0 = Release|Any CPU
		{E6F62DE9-6D10-4535-AA2F-9F681B40CBFE}.AppStore|Any CPU.ActiveCfg = Release|Any CPU
		{E6F62DE9-6D10-4535-AA2F-9F681B40CBFE}.AppStore|Any CPU.Build.0 = Release|Any CPU
		{E6F62DE9-6D10-4535-AA2F-9F681B40CBFE}.AppStore|ARM.ActiveCfg = Release|Any CPU
		{E6F62DE9-6D10-4535-AA2F-9F681B40CBFE}.AppStore|ARM.Build.0 = Release|Any CPU
		{E6F62DE9-6D10-4535-AA2F-9F681B40CBFE}.AppStore|ARM64.ActiveCfg = Release|Any CPU
		{E6F62DE9-6D10-4535-AA2F-9F681B40CBFE}.AppStore|ARM64.Build.0 = Release|Any CPU
		{E6F62DE9-6D10-4535-AA2F-9F681B40CBFE}.AppStore|iPhone.ActiveCfg = Release|Any CPU
		{E6F62DE9-6D10-4535-AA2F-9F681B40CBFE}.AppStore|iPhone.Build.0 = Release|Any CPU
		{E6F62DE9-6D10-4535-AA2F-9F681B40CBFE}.AppStore|iPhoneSimulator.ActiveCfg = Release|Any CPU
		{E6F62DE9-6D10-4535-AA2F-9F681B40CBFE}.AppStore|iPhoneSimulator.Build.0 = Release|Any CPU
		{E6F62DE9-6D10-4535-AA2F-9F681B40CBFE}.AppStore|x64.ActiveCfg = Release|Any CPU
		{E6F62DE9-6D10-4535-AA2F-9F681B40CBFE}.AppStore|x64.Build.0 = Release|Any CPU
		{E6F62DE9-6D10-4535-AA2F-9F681B40CBFE}.AppStore|x86.ActiveCfg = Release|Any CPU
		{E6F62DE9-6D10-4535-AA2F-9F681B40CBFE}.AppStore|x86.Build.0 = Release|Any CPU
		{E6F62DE9-6D10-4535-AA2F-9F681B40CBFE}.Debug|Any CPU.ActiveCfg = Debug|Any CPU
		{E6F62DE9-6D10-4535-AA2F-9F681B40CBFE}.Debug|Any CPU.Build.0 = Debug|Any CPU
		{E6F62DE9-6D10-4535-AA2F-9F681B40CBFE}.Debug|ARM.ActiveCfg = Debug|Any CPU
		{E6F62DE9-6D10-4535-AA2F-9F681B40CBFE}.Debug|ARM.Build.0 = Debug|Any CPU
		{E6F62DE9-6D10-4535-AA2F-9F681B40CBFE}.Debug|ARM64.ActiveCfg = Debug|Any CPU
		{E6F62DE9-6D10-4535-AA2F-9F681B40CBFE}.Debug|ARM64.Build.0 = Debug|Any CPU
		{E6F62DE9-6D10-4535-AA2F-9F681B40CBFE}.Debug|iPhone.ActiveCfg = Debug|Any CPU
		{E6F62DE9-6D10-4535-AA2F-9F681B40CBFE}.Debug|iPhone.Build.0 = Debug|Any CPU
		{E6F62DE9-6D10-4535-AA2F-9F681B40CBFE}.Debug|iPhoneSimulator.ActiveCfg = Debug|Any CPU
		{E6F62DE9-6D10-4535-AA2F-9F681B40CBFE}.Debug|iPhoneSimulator.Build.0 = Debug|Any CPU
		{E6F62DE9-6D10-4535-AA2F-9F681B40CBFE}.Debug|x64.ActiveCfg = Debug|Any CPU
		{E6F62DE9-6D10-4535-AA2F-9F681B40CBFE}.Debug|x64.Build.0 = Debug|Any CPU
		{E6F62DE9-6D10-4535-AA2F-9F681B40CBFE}.Debug|x86.ActiveCfg = Debug|Any CPU
		{E6F62DE9-6D10-4535-AA2F-9F681B40CBFE}.Debug|x86.Build.0 = Debug|Any CPU
		{E6F62DE9-6D10-4535-AA2F-9F681B40CBFE}.Release|Any CPU.ActiveCfg = Release|Any CPU
		{E6F62DE9-6D10-4535-AA2F-9F681B40CBFE}.Release|Any CPU.Build.0 = Release|Any CPU
		{E6F62DE9-6D10-4535-AA2F-9F681B40CBFE}.Release|ARM.ActiveCfg = Release|Any CPU
		{E6F62DE9-6D10-4535-AA2F-9F681B40CBFE}.Release|ARM.Build.0 = Release|Any CPU
		{E6F62DE9-6D10-4535-AA2F-9F681B40CBFE}.Release|ARM64.ActiveCfg = Release|Any CPU
		{E6F62DE9-6D10-4535-AA2F-9F681B40CBFE}.Release|ARM64.Build.0 = Release|Any CPU
		{E6F62DE9-6D10-4535-AA2F-9F681B40CBFE}.Release|iPhone.ActiveCfg = Release|Any CPU
		{E6F62DE9-6D10-4535-AA2F-9F681B40CBFE}.Release|iPhone.Build.0 = Release|Any CPU
		{E6F62DE9-6D10-4535-AA2F-9F681B40CBFE}.Release|iPhoneSimulator.ActiveCfg = Release|Any CPU
		{E6F62DE9-6D10-4535-AA2F-9F681B40CBFE}.Release|iPhoneSimulator.Build.0 = Release|Any CPU
		{E6F62DE9-6D10-4535-AA2F-9F681B40CBFE}.Release|x64.ActiveCfg = Release|Any CPU
		{E6F62DE9-6D10-4535-AA2F-9F681B40CBFE}.Release|x64.Build.0 = Release|Any CPU
		{E6F62DE9-6D10-4535-AA2F-9F681B40CBFE}.Release|x86.ActiveCfg = Release|Any CPU
		{E6F62DE9-6D10-4535-AA2F-9F681B40CBFE}.Release|x86.Build.0 = Release|Any CPU
		{E6F62DE9-6D10-4535-AA2F-9F681B40CBFE}.ShimmerAPI|Any CPU.ActiveCfg = Release|Any CPU
		{E6F62DE9-6D10-4535-AA2F-9F681B40CBFE}.ShimmerAPI|Any CPU.Build.0 = Release|Any CPU
		{E6F62DE9-6D10-4535-AA2F-9F681B40CBFE}.ShimmerAPI|ARM.ActiveCfg = Release|Any CPU
		{E6F62DE9-6D10-4535-AA2F-9F681B40CBFE}.ShimmerAPI|ARM.Build.0 = Release|Any CPU
		{E6F62DE9-6D10-4535-AA2F-9F681B40CBFE}.ShimmerAPI|ARM64.ActiveCfg = Release|Any CPU
		{E6F62DE9-6D10-4535-AA2F-9F681B40CBFE}.ShimmerAPI|ARM64.Build.0 = Release|Any CPU
		{E6F62DE9-6D10-4535-AA2F-9F681B40CBFE}.ShimmerAPI|iPhone.ActiveCfg = Release|Any CPU
		{E6F62DE9-6D10-4535-AA2F-9F681B40CBFE}.ShimmerAPI|iPhone.Build.0 = Release|Any CPU
		{E6F62DE9-6D10-4535-AA2F-9F681B40CBFE}.ShimmerAPI|iPhoneSimulator.ActiveCfg = Release|Any CPU
		{E6F62DE9-6D10-4535-AA2F-9F681B40CBFE}.ShimmerAPI|iPhoneSimulator.Build.0 = Release|Any CPU
		{E6F62DE9-6D10-4535-AA2F-9F681B40CBFE}.ShimmerAPI|x64.ActiveCfg = Release|Any CPU
		{E6F62DE9-6D10-4535-AA2F-9F681B40CBFE}.ShimmerAPI|x64.Build.0 = Release|Any CPU
		{E6F62DE9-6D10-4535-AA2F-9F681B40CBFE}.ShimmerAPI|x86.ActiveCfg = Release|Any CPU
		{E6F62DE9-6D10-4535-AA2F-9F681B40CBFE}.ShimmerAPI|x86.Build.0 = Release|Any CPU
		{E6F62DE9-6D10-4535-AA2F-9F681B40CBFE}.ShimmerAPIBasic|Any CPU.ActiveCfg = Release|Any CPU
		{E6F62DE9-6D10-4535-AA2F-9F681B40CBFE}.ShimmerAPIBasic|Any CPU.Build.0 = Release|Any CPU
		{E6F62DE9-6D10-4535-AA2F-9F681B40CBFE}.ShimmerAPIBasic|ARM.ActiveCfg = Release|Any CPU
		{E6F62DE9-6D10-4535-AA2F-9F681B40CBFE}.ShimmerAPIBasic|ARM.Build.0 = Release|Any CPU
		{E6F62DE9-6D10-4535-AA2F-9F681B40CBFE}.ShimmerAPIBasic|ARM64.ActiveCfg = Release|Any CPU
		{E6F62DE9-6D10-4535-AA2F-9F681B40CBFE}.ShimmerAPIBasic|ARM64.Build.0 = Release|Any CPU
		{E6F62DE9-6D10-4535-AA2F-9F681B40CBFE}.ShimmerAPIBasic|iPhone.ActiveCfg = Release|Any CPU
		{E6F62DE9-6D10-4535-AA2F-9F681B40CBFE}.ShimmerAPIBasic|iPhone.Build.0 = Release|Any CPU
		{E6F62DE9-6D10-4535-AA2F-9F681B40CBFE}.ShimmerAPIBasic|iPhoneSimulator.ActiveCfg = Release|Any CPU
		{E6F62DE9-6D10-4535-AA2F-9F681B40CBFE}.ShimmerAPIBasic|iPhoneSimulator.Build.0 = Release|Any CPU
		{E6F62DE9-6D10-4535-AA2F-9F681B40CBFE}.ShimmerAPIBasic|x64.ActiveCfg = Release|Any CPU
		{E6F62DE9-6D10-4535-AA2F-9F681B40CBFE}.ShimmerAPIBasic|x64.Build.0 = Release|Any CPU
		{E6F62DE9-6D10-4535-AA2F-9F681B40CBFE}.ShimmerAPIBasic|x86.ActiveCfg = Release|Any CPU
		{E6F62DE9-6D10-4535-AA2F-9F681B40CBFE}.ShimmerAPIBasic|x86.Build.0 = Release|Any CPU
		{868988AC-8699-41C5-9B8F-62B30EA3AB52}.Ad-Hoc|Any CPU.ActiveCfg = Release|x64
		{868988AC-8699-41C5-9B8F-62B30EA3AB52}.Ad-Hoc|Any CPU.Build.0 = Release|x64
		{868988AC-8699-41C5-9B8F-62B30EA3AB52}.Ad-Hoc|Any CPU.Deploy.0 = Release|x64
		{868988AC-8699-41C5-9B8F-62B30EA3AB52}.Ad-Hoc|ARM.ActiveCfg = Release|ARM
		{868988AC-8699-41C5-9B8F-62B30EA3AB52}.Ad-Hoc|ARM.Build.0 = Release|ARM
		{868988AC-8699-41C5-9B8F-62B30EA3AB52}.Ad-Hoc|ARM.Deploy.0 = Release|ARM
		{868988AC-8699-41C5-9B8F-62B30EA3AB52}.Ad-Hoc|ARM64.ActiveCfg = Release|x64
		{868988AC-8699-41C5-9B8F-62B30EA3AB52}.Ad-Hoc|ARM64.Build.0 = Release|x64
		{868988AC-8699-41C5-9B8F-62B30EA3AB52}.Ad-Hoc|ARM64.Deploy.0 = Release|x64
		{868988AC-8699-41C5-9B8F-62B30EA3AB52}.Ad-Hoc|iPhone.ActiveCfg = Release|x64
		{868988AC-8699-41C5-9B8F-62B30EA3AB52}.Ad-Hoc|iPhone.Build.0 = Release|x64
		{868988AC-8699-41C5-9B8F-62B30EA3AB52}.Ad-Hoc|iPhone.Deploy.0 = Release|x64
		{868988AC-8699-41C5-9B8F-62B30EA3AB52}.Ad-Hoc|iPhoneSimulator.ActiveCfg = Release|x64
		{868988AC-8699-41C5-9B8F-62B30EA3AB52}.Ad-Hoc|iPhoneSimulator.Build.0 = Release|x64
		{868988AC-8699-41C5-9B8F-62B30EA3AB52}.Ad-Hoc|iPhoneSimulator.Deploy.0 = Release|x64
		{868988AC-8699-41C5-9B8F-62B30EA3AB52}.Ad-Hoc|x64.ActiveCfg = Release|x64
		{868988AC-8699-41C5-9B8F-62B30EA3AB52}.Ad-Hoc|x64.Build.0 = Release|x64
		{868988AC-8699-41C5-9B8F-62B30EA3AB52}.Ad-Hoc|x64.Deploy.0 = Release|x64
		{868988AC-8699-41C5-9B8F-62B30EA3AB52}.Ad-Hoc|x86.ActiveCfg = Release|x86
		{868988AC-8699-41C5-9B8F-62B30EA3AB52}.Ad-Hoc|x86.Build.0 = Release|x86
		{868988AC-8699-41C5-9B8F-62B30EA3AB52}.Ad-Hoc|x86.Deploy.0 = Release|x86
		{868988AC-8699-41C5-9B8F-62B30EA3AB52}.AppStore|Any CPU.ActiveCfg = Release|x64
		{868988AC-8699-41C5-9B8F-62B30EA3AB52}.AppStore|Any CPU.Build.0 = Release|x64
		{868988AC-8699-41C5-9B8F-62B30EA3AB52}.AppStore|Any CPU.Deploy.0 = Release|x64
		{868988AC-8699-41C5-9B8F-62B30EA3AB52}.AppStore|ARM.ActiveCfg = Release|ARM
		{868988AC-8699-41C5-9B8F-62B30EA3AB52}.AppStore|ARM.Build.0 = Release|ARM
		{868988AC-8699-41C5-9B8F-62B30EA3AB52}.AppStore|ARM.Deploy.0 = Release|ARM
		{868988AC-8699-41C5-9B8F-62B30EA3AB52}.AppStore|ARM64.ActiveCfg = Release|x64
		{868988AC-8699-41C5-9B8F-62B30EA3AB52}.AppStore|ARM64.Build.0 = Release|x64
		{868988AC-8699-41C5-9B8F-62B30EA3AB52}.AppStore|ARM64.Deploy.0 = Release|x64
		{868988AC-8699-41C5-9B8F-62B30EA3AB52}.AppStore|iPhone.ActiveCfg = Release|x64
		{868988AC-8699-41C5-9B8F-62B30EA3AB52}.AppStore|iPhone.Build.0 = Release|x64
		{868988AC-8699-41C5-9B8F-62B30EA3AB52}.AppStore|iPhone.Deploy.0 = Release|x64
		{868988AC-8699-41C5-9B8F-62B30EA3AB52}.AppStore|iPhoneSimulator.ActiveCfg = Release|x64
		{868988AC-8699-41C5-9B8F-62B30EA3AB52}.AppStore|iPhoneSimulator.Build.0 = Release|x64
		{868988AC-8699-41C5-9B8F-62B30EA3AB52}.AppStore|iPhoneSimulator.Deploy.0 = Release|x64
		{868988AC-8699-41C5-9B8F-62B30EA3AB52}.AppStore|x64.ActiveCfg = Release|x64
		{868988AC-8699-41C5-9B8F-62B30EA3AB52}.AppStore|x64.Build.0 = Release|x64
		{868988AC-8699-41C5-9B8F-62B30EA3AB52}.AppStore|x64.Deploy.0 = Release|x64
		{868988AC-8699-41C5-9B8F-62B30EA3AB52}.AppStore|x86.ActiveCfg = Release|x86
		{868988AC-8699-41C5-9B8F-62B30EA3AB52}.AppStore|x86.Build.0 = Release|x86
		{868988AC-8699-41C5-9B8F-62B30EA3AB52}.AppStore|x86.Deploy.0 = Release|x86
		{868988AC-8699-41C5-9B8F-62B30EA3AB52}.Debug|Any CPU.ActiveCfg = Debug|x64
		{868988AC-8699-41C5-9B8F-62B30EA3AB52}.Debug|Any CPU.Build.0 = Debug|x64
		{868988AC-8699-41C5-9B8F-62B30EA3AB52}.Debug|Any CPU.Deploy.0 = Debug|x64
		{868988AC-8699-41C5-9B8F-62B30EA3AB52}.Debug|ARM.ActiveCfg = Debug|ARM
		{868988AC-8699-41C5-9B8F-62B30EA3AB52}.Debug|ARM.Build.0 = Debug|ARM
		{868988AC-8699-41C5-9B8F-62B30EA3AB52}.Debug|ARM.Deploy.0 = Debug|ARM
		{868988AC-8699-41C5-9B8F-62B30EA3AB52}.Debug|ARM64.ActiveCfg = Debug|x64
		{868988AC-8699-41C5-9B8F-62B30EA3AB52}.Debug|ARM64.Build.0 = Debug|x64
		{868988AC-8699-41C5-9B8F-62B30EA3AB52}.Debug|ARM64.Deploy.0 = Debug|x64
		{868988AC-8699-41C5-9B8F-62B30EA3AB52}.Debug|iPhone.ActiveCfg = Debug|x64
		{868988AC-8699-41C5-9B8F-62B30EA3AB52}.Debug|iPhone.Build.0 = Debug|x64
		{868988AC-8699-41C5-9B8F-62B30EA3AB52}.Debug|iPhone.Deploy.0 = Debug|x64
		{868988AC-8699-41C5-9B8F-62B30EA3AB52}.Debug|iPhoneSimulator.ActiveCfg = Debug|x64
		{868988AC-8699-41C5-9B8F-62B30EA3AB52}.Debug|iPhoneSimulator.Build.0 = Debug|x64
		{868988AC-8699-41C5-9B8F-62B30EA3AB52}.Debug|iPhoneSimulator.Deploy.0 = Debug|x64
		{868988AC-8699-41C5-9B8F-62B30EA3AB52}.Debug|x64.ActiveCfg = Debug|x64
		{868988AC-8699-41C5-9B8F-62B30EA3AB52}.Debug|x64.Build.0 = Debug|x64
		{868988AC-8699-41C5-9B8F-62B30EA3AB52}.Debug|x64.Deploy.0 = Debug|x64
		{868988AC-8699-41C5-9B8F-62B30EA3AB52}.Debug|x86.ActiveCfg = Debug|x86
		{868988AC-8699-41C5-9B8F-62B30EA3AB52}.Debug|x86.Build.0 = Debug|x86
		{868988AC-8699-41C5-9B8F-62B30EA3AB52}.Debug|x86.Deploy.0 = Debug|x86
		{868988AC-8699-41C5-9B8F-62B30EA3AB52}.Release|Any CPU.ActiveCfg = Release|x64
		{868988AC-8699-41C5-9B8F-62B30EA3AB52}.Release|Any CPU.Build.0 = Release|x64
		{868988AC-8699-41C5-9B8F-62B30EA3AB52}.Release|Any CPU.Deploy.0 = Release|x64
		{868988AC-8699-41C5-9B8F-62B30EA3AB52}.Release|ARM.ActiveCfg = Release|ARM
		{868988AC-8699-41C5-9B8F-62B30EA3AB52}.Release|ARM.Build.0 = Release|ARM
		{868988AC-8699-41C5-9B8F-62B30EA3AB52}.Release|ARM.Deploy.0 = Release|ARM
		{868988AC-8699-41C5-9B8F-62B30EA3AB52}.Release|ARM64.ActiveCfg = Release|x64
		{868988AC-8699-41C5-9B8F-62B30EA3AB52}.Release|ARM64.Build.0 = Release|x64
		{868988AC-8699-41C5-9B8F-62B30EA3AB52}.Release|ARM64.Deploy.0 = Release|x64
		{868988AC-8699-41C5-9B8F-62B30EA3AB52}.Release|iPhone.ActiveCfg = Release|x64
		{868988AC-8699-41C5-9B8F-62B30EA3AB52}.Release|iPhone.Build.0 = Release|x64
		{868988AC-8699-41C5-9B8F-62B30EA3AB52}.Release|iPhone.Deploy.0 = Release|x64
		{868988AC-8699-41C5-9B8F-62B30EA3AB52}.Release|iPhoneSimulator.ActiveCfg = Release|x64
		{868988AC-8699-41C5-9B8F-62B30EA3AB52}.Release|iPhoneSimulator.Build.0 = Release|x64
		{868988AC-8699-41C5-9B8F-62B30EA3AB52}.Release|iPhoneSimulator.Deploy.0 = Release|x64
		{868988AC-8699-41C5-9B8F-62B30EA3AB52}.Release|x64.ActiveCfg = Release|x64
		{868988AC-8699-41C5-9B8F-62B30EA3AB52}.Release|x64.Build.0 = Release|x64
		{868988AC-8699-41C5-9B8F-62B30EA3AB52}.Release|x64.Deploy.0 = Release|x64
		{868988AC-8699-41C5-9B8F-62B30EA3AB52}.Release|x86.ActiveCfg = Release|x86
		{868988AC-8699-41C5-9B8F-62B30EA3AB52}.Release|x86.Build.0 = Release|x86
		{868988AC-8699-41C5-9B8F-62B30EA3AB52}.Release|x86.Deploy.0 = Release|x86
		{868988AC-8699-41C5-9B8F-62B30EA3AB52}.ShimmerAPI|Any CPU.ActiveCfg = Release|x64
		{868988AC-8699-41C5-9B8F-62B30EA3AB52}.ShimmerAPI|Any CPU.Build.0 = Release|x64
		{868988AC-8699-41C5-9B8F-62B30EA3AB52}.ShimmerAPI|Any CPU.Deploy.0 = Release|x64
		{868988AC-8699-41C5-9B8F-62B30EA3AB52}.ShimmerAPI|ARM.ActiveCfg = Release|ARM
		{868988AC-8699-41C5-9B8F-62B30EA3AB52}.ShimmerAPI|ARM.Build.0 = Release|ARM
		{868988AC-8699-41C5-9B8F-62B30EA3AB52}.ShimmerAPI|ARM.Deploy.0 = Release|ARM
		{868988AC-8699-41C5-9B8F-62B30EA3AB52}.ShimmerAPI|ARM64.ActiveCfg = Release|x64
		{868988AC-8699-41C5-9B8F-62B30EA3AB52}.ShimmerAPI|ARM64.Build.0 = Release|x64
		{868988AC-8699-41C5-9B8F-62B30EA3AB52}.ShimmerAPI|ARM64.Deploy.0 = Release|x64
		{868988AC-8699-41C5-9B8F-62B30EA3AB52}.ShimmerAPI|iPhone.ActiveCfg = Release|x64
		{868988AC-8699-41C5-9B8F-62B30EA3AB52}.ShimmerAPI|iPhone.Build.0 = Release|x64
		{868988AC-8699-41C5-9B8F-62B30EA3AB52}.ShimmerAPI|iPhone.Deploy.0 = Release|x64
		{868988AC-8699-41C5-9B8F-62B30EA3AB52}.ShimmerAPI|iPhoneSimulator.ActiveCfg = Release|x64
		{868988AC-8699-41C5-9B8F-62B30EA3AB52}.ShimmerAPI|iPhoneSimulator.Build.0 = Release|x64
		{868988AC-8699-41C5-9B8F-62B30EA3AB52}.ShimmerAPI|iPhoneSimulator.Deploy.0 = Release|x64
		{868988AC-8699-41C5-9B8F-62B30EA3AB52}.ShimmerAPI|x64.ActiveCfg = Release|x64
		{868988AC-8699-41C5-9B8F-62B30EA3AB52}.ShimmerAPI|x64.Build.0 = Release|x64
		{868988AC-8699-41C5-9B8F-62B30EA3AB52}.ShimmerAPI|x64.Deploy.0 = Release|x64
		{868988AC-8699-41C5-9B8F-62B30EA3AB52}.ShimmerAPI|x86.ActiveCfg = Release|x86
		{868988AC-8699-41C5-9B8F-62B30EA3AB52}.ShimmerAPI|x86.Build.0 = Release|x86
		{868988AC-8699-41C5-9B8F-62B30EA3AB52}.ShimmerAPI|x86.Deploy.0 = Release|x86
		{868988AC-8699-41C5-9B8F-62B30EA3AB52}.ShimmerAPIBasic|Any CPU.ActiveCfg = Release|x64
		{868988AC-8699-41C5-9B8F-62B30EA3AB52}.ShimmerAPIBasic|Any CPU.Build.0 = Release|x64
		{868988AC-8699-41C5-9B8F-62B30EA3AB52}.ShimmerAPIBasic|Any CPU.Deploy.0 = Release|x64
		{868988AC-8699-41C5-9B8F-62B30EA3AB52}.ShimmerAPIBasic|ARM.ActiveCfg = Release|ARM
		{868988AC-8699-41C5-9B8F-62B30EA3AB52}.ShimmerAPIBasic|ARM.Build.0 = Release|ARM
		{868988AC-8699-41C5-9B8F-62B30EA3AB52}.ShimmerAPIBasic|ARM.Deploy.0 = Release|ARM
		{868988AC-8699-41C5-9B8F-62B30EA3AB52}.ShimmerAPIBasic|ARM64.ActiveCfg = Release|x64
		{868988AC-8699-41C5-9B8F-62B30EA3AB52}.ShimmerAPIBasic|ARM64.Build.0 = Release|x64
		{868988AC-8699-41C5-9B8F-62B30EA3AB52}.ShimmerAPIBasic|ARM64.Deploy.0 = Release|x64
		{868988AC-8699-41C5-9B8F-62B30EA3AB52}.ShimmerAPIBasic|iPhone.ActiveCfg = Release|x64
		{868988AC-8699-41C5-9B8F-62B30EA3AB52}.ShimmerAPIBasic|iPhone.Build.0 = Release|x64
		{868988AC-8699-41C5-9B8F-62B30EA3AB52}.ShimmerAPIBasic|iPhone.Deploy.0 = Release|x64
		{868988AC-8699-41C5-9B8F-62B30EA3AB52}.ShimmerAPIBasic|iPhoneSimulator.ActiveCfg = Release|x64
		{868988AC-8699-41C5-9B8F-62B30EA3AB52}.ShimmerAPIBasic|iPhoneSimulator.Build.0 = Release|x64
		{868988AC-8699-41C5-9B8F-62B30EA3AB52}.ShimmerAPIBasic|iPhoneSimulator.Deploy.0 = Release|x64
		{868988AC-8699-41C5-9B8F-62B30EA3AB52}.ShimmerAPIBasic|x64.ActiveCfg = Release|x64
		{868988AC-8699-41C5-9B8F-62B30EA3AB52}.ShimmerAPIBasic|x64.Build.0 = Release|x64
		{868988AC-8699-41C5-9B8F-62B30EA3AB52}.ShimmerAPIBasic|x64.Deploy.0 = Release|x64
		{868988AC-8699-41C5-9B8F-62B30EA3AB52}.ShimmerAPIBasic|x86.ActiveCfg = Release|x86
		{868988AC-8699-41C5-9B8F-62B30EA3AB52}.ShimmerAPIBasic|x86.Build.0 = Release|x86
		{868988AC-8699-41C5-9B8F-62B30EA3AB52}.ShimmerAPIBasic|x86.Deploy.0 = Release|x86
	EndGlobalSection
	GlobalSection(SolutionProperties) = preSolution
		HideSolutionNode = FALSE
	EndGlobalSection
	GlobalSection(ExtensibilityGlobals) = postSolution
		SolutionGuid = {A9B65653-F48A-47A8-B46B-C9914B9D6063}
	EndGlobalSection
	GlobalSection(MonoDevelopProperties) = preSolution
		Policies = $0
		$0.TextStylePolicy = $4
		$1.FileWidth = 80
		$1.TabsToSpaces = True
		$1.scope = text/plain
		$2.inheritsSet = null
		$2.scope = text/x-csharp
		$0.CSharpFormattingPolicy = $3
		$3.scope = text/x-csharp
		$4.inheritsSet = null
		$4.scope = application/xml
		$0.XmlFormattingPolicy = $5
		$5.scope = application/xml
		$5.DefaultFormat = $7
		$7.MaxAttributesPerLine = 4
		$7.AlignAttributes = True
		$7.AlignAttributeValues = True
		$0.StandardHeader = $6
	EndGlobalSection
EndGlobal
