
Microsoft Visual Studio Solution File, Format Version 12.00
# Visual Studio Version 17
VisualStudioVersion = 17.7.34024.191
MinimumVisualStudioVersion = 10.0.40219.1
Project("{FAE04EC0-301F-11D3-BF4B-00C04F79EFBC}") = "ShimmerBluetoothTests", "ShimmerBluetoothTests\ShimmerBluetoothTests.csproj", "{F5DD4AA6-B826-49CB-96E2-A6DAE01A1C47}"
EndProject
Project("{FAE04EC0-301F-11D3-BF4B-00C04F79EFBC}") = "ShimmerCapture", "..\ShimmerCapture\ShimmerCapture\ShimmerCapture.csproj", "{C3C1CE50-0A65-44A2-B794-37C72C130707}"
EndProject
Project("{FAE04EC0-301F-11D3-BF4B-00C04F79EFBC}") = "ShimmerConsoleAppExample", "..\ShimmerConsoleAppExample\ShimmerConsoleAppExample\ShimmerConsoleAppExample.csproj", "{4D2B71B9-1E21-4266-9090-D883D0FCA63B}"
EndProject
Project("{FAE04EC0-301F-11D3-BF4B-00C04F79EFBC}") = "ShimmerConsoleTest", "..\ShimmerConsoleTest\ShimmerConsoleAppExample\ShimmerConsoleTest.csproj", "{E5667F2F-4E48-4F0B-BB4E-08420B468AAA}"
EndProject
Project("{FAE04EC0-301F-11D3-BF4B-00C04F79EFBC}") = "Shimmer32FeetConsoleAppExample", "..\Shimmer32FeetConsoleAppExample\ShimmerConsoleAppExample\Shimmer32FeetConsoleAppExample.csproj", "{80E678A7-44BA-4273-A669-BCC48804E7AE}"
EndProject
Project("{FAE04EC0-301F-11D3-BF4B-00C04F79EFBC}") = "ShimmerECGConsoleAppExample", "..\ShimmerECGConsoleAppExample\ShimmerConsoleAppExample\ShimmerECGConsoleAppExample.csproj", "{9CC82E7B-0EF6-4424-9F49-E0E96C86A7F3}"
EndProject
Project("{FAE04EC0-301F-11D3-BF4B-00C04F79EFBC}") = "ShimmerEXGConsoleAppExample", "..\ShimmerEXGConsoleAppExample\ShimmerConsoleAppExample\ShimmerEXGConsoleAppExample.csproj", "{BF545F7D-0879-472F-9149-B43BA06641D3}"
EndProject
Project("{FAE04EC0-301F-11D3-BF4B-00C04F79EFBC}") = "ShimmerPPGHRGSRConsoleAppExample", "..\ShimmerPPGHRGSRConsoleAppExample\ShimmerConsoleAppExample\ShimmerPPGHRGSRConsoleAppExample.csproj", "{41BBBE0F-FCD2-4035-A182-2601E6DD4503}"
EndProject
Project("{FAE04EC0-301F-11D3-BF4B-00C04F79EFBC}") = "TestSerialPort", "TestSerialPort\TestSerialPort.csproj", "{941AE87E-4DEE-406D-9BB0-6CC120EBEC0D}"
EndProject
Project("{FAE04EC0-301F-11D3-BF4B-00C04F79EFBC}") = "Shimmer32FeetAPI", "..\Shimmer32FeetAPI\Shimmer32FeetAPI.csproj", "{843A9807-2D14-42D4-866C-F898F46056E4}"
EndProject
Project("{9A19103F-16F7-4668-BE54-9A1E7A4F7556}") = "ShimmerAPI", "ShimmerAPI\ShimmerAPI.csproj", "{6E320423-1D88-47EE-97BA-51113E538D33}"
EndProject
Project("{FAE04EC0-301F-11D3-BF4B-00C04F79EFBC}") = "ShimmerUnitTests", "ShimmerUnitTests\ShimmerUnitTests.csproj", "{30C7273A-87CC-499F-9206-48F89082AE0C}"
EndProject
Project("{FAE04EC0-301F-11D3-BF4B-00C04F79EFBC}") = "Shimmer3BLEExample.UWP", "Shimmer3BLEExample\Shimmer3BLEExample.UWP\Shimmer3BLEExample.UWP.csproj", "{002E539A-9CCF-4D2D-B8C9-D89D982165C4}"
EndProject
Project("{FAE04EC0-301F-11D3-BF4B-00C04F79EFBC}") = "Shimmer3BLEExample.Android", "Shimmer3BLEExample\Shimmer3BLEExample.Android\Shimmer3BLEExample.Android.csproj", "{49948977-9BB9-4B7B-ABF4-A7BFE5C95BB5}"
EndProject
Project("{FAE04EC0-301F-11D3-BF4B-00C04F79EFBC}") = "Shimmer3BLEExample.iOS", "Shimmer3BLEExample\Shimmer3BLEExample.iOS\Shimmer3BLEExample.iOS.csproj", "{7D1B5607-CDBB-49F1-8CA1-12500DC72786}"
EndProject
Project("{FAE04EC0-301F-11D3-BF4B-00C04F79EFBC}") = "Shimmer3BLEExample", "Shimmer3BLEExample\Shimmer3BLEExample\Shimmer3BLEExample.csproj", "{F4B096AA-137B-47EF-8476-91660BA39762}"
EndProject
Project("{2150E333-8FDC-42A3-9474-1A3956D46DE8}") = "Shimmer3BLEExamples", "Shimmer3BLEExamples", "{2B79B1B4-EDEC-4BE9-8D87-E0DC290802DD}"
EndProject
Global
	GlobalSection(SolutionConfigurationPlatforms) = preSolution
		Debug|Any CPU = Debug|Any CPU
		Debug|ARM = Debug|ARM
		Debug|iPhone = Debug|iPhone
		Debug|iPhoneSimulator = Debug|iPhoneSimulator
		Debug|x64 = Debug|x64
		Debug|x86 = Debug|x86
		Release|Any CPU = Release|Any CPU
		Release|ARM = Release|ARM
		Release|iPhone = Release|iPhone
		Release|iPhoneSimulator = Release|iPhoneSimulator
		Release|x64 = Release|x64
		Release|x86 = Release|x86
		ShimmerAPI|Any CPU = ShimmerAPI|Any CPU
		ShimmerAPI|ARM = ShimmerAPI|ARM
		ShimmerAPI|iPhone = ShimmerAPI|iPhone
		ShimmerAPI|iPhoneSimulator = ShimmerAPI|iPhoneSimulator
		ShimmerAPI|x64 = ShimmerAPI|x64
		ShimmerAPI|x86 = ShimmerAPI|x86
		ShimmerAPIBasic|Any CPU = ShimmerAPIBasic|Any CPU
		ShimmerAPIBasic|ARM = ShimmerAPIBasic|ARM
		ShimmerAPIBasic|iPhone = ShimmerAPIBasic|iPhone
		ShimmerAPIBasic|iPhoneSimulator = ShimmerAPIBasic|iPhoneSimulator
		ShimmerAPIBasic|x64 = ShimmerAPIBasic|x64
		ShimmerAPIBasic|x86 = ShimmerAPIBasic|x86
	EndGlobalSection
	GlobalSection(ProjectConfigurationPlatforms) = postSolution
		{F5DD4AA6-B826-49CB-96E2-A6DAE01A1C47}.Debug|Any CPU.ActiveCfg = Debug|Any CPU
		{F5DD4AA6-B826-49CB-96E2-A6DAE01A1C47}.Debug|Any CPU.Build.0 = Debug|Any CPU
		{F5DD4AA6-B826-49CB-96E2-A6DAE01A1C47}.Debug|ARM.ActiveCfg = Debug|Any CPU
		{F5DD4AA6-B826-49CB-96E2-A6DAE01A1C47}.Debug|ARM.Build.0 = Debug|Any CPU
		{F5DD4AA6-B826-49CB-96E2-A6DAE01A1C47}.Debug|iPhone.ActiveCfg = Debug|Any CPU
		{F5DD4AA6-B826-49CB-96E2-A6DAE01A1C47}.Debug|iPhone.Build.0 = Debug|Any CPU
		{F5DD4AA6-B826-49CB-96E2-A6DAE01A1C47}.Debug|iPhoneSimulator.ActiveCfg = Debug|Any CPU
		{F5DD4AA6-B826-49CB-96E2-A6DAE01A1C47}.Debug|iPhoneSimulator.Build.0 = Debug|Any CPU
		{F5DD4AA6-B826-49CB-96E2-A6DAE01A1C47}.Debug|x64.ActiveCfg = Debug|Any CPU
		{F5DD4AA6-B826-49CB-96E2-A6DAE01A1C47}.Debug|x64.Build.0 = Debug|Any CPU
		{F5DD4AA6-B826-49CB-96E2-A6DAE01A1C47}.Debug|x86.ActiveCfg = Debug|Any CPU
		{F5DD4AA6-B826-49CB-96E2-A6DAE01A1C47}.Debug|x86.Build.0 = Debug|Any CPU
		{F5DD4AA6-B826-49CB-96E2-A6DAE01A1C47}.Release|Any CPU.ActiveCfg = Release|Any CPU
		{F5DD4AA6-B826-49CB-96E2-A6DAE01A1C47}.Release|Any CPU.Build.0 = Release|Any CPU
		{F5DD4AA6-B826-49CB-96E2-A6DAE01A1C47}.Release|ARM.ActiveCfg = Release|Any CPU
		{F5DD4AA6-B826-49CB-96E2-A6DAE01A1C47}.Release|ARM.Build.0 = Release|Any CPU
		{F5DD4AA6-B826-49CB-96E2-A6DAE01A1C47}.Release|iPhone.ActiveCfg = Release|Any CPU
		{F5DD4AA6-B826-49CB-96E2-A6DAE01A1C47}.Release|iPhone.Build.0 = Release|Any CPU
		{F5DD4AA6-B826-49CB-96E2-A6DAE01A1C47}.Release|iPhoneSimulator.ActiveCfg = Release|Any CPU
		{F5DD4AA6-B826-49CB-96E2-A6DAE01A1C47}.Release|iPhoneSimulator.Build.0 = Release|Any CPU
		{F5DD4AA6-B826-49CB-96E2-A6DAE01A1C47}.Release|x64.ActiveCfg = Release|Any CPU
		{F5DD4AA6-B826-49CB-96E2-A6DAE01A1C47}.Release|x64.Build.0 = Release|Any CPU
		{F5DD4AA6-B826-49CB-96E2-A6DAE01A1C47}.Release|x86.ActiveCfg = Release|Any CPU
		{F5DD4AA6-B826-49CB-96E2-A6DAE01A1C47}.Release|x86.Build.0 = Release|Any CPU
		{F5DD4AA6-B826-49CB-96E2-A6DAE01A1C47}.ShimmerAPI|Any CPU.ActiveCfg = Release|Any CPU
		{F5DD4AA6-B826-49CB-96E2-A6DAE01A1C47}.ShimmerAPI|Any CPU.Build.0 = Release|Any CPU
		{F5DD4AA6-B826-49CB-96E2-A6DAE01A1C47}.ShimmerAPI|ARM.ActiveCfg = Release|Any CPU
		{F5DD4AA6-B826-49CB-96E2-A6DAE01A1C47}.ShimmerAPI|ARM.Build.0 = Release|Any CPU
		{F5DD4AA6-B826-49CB-96E2-A6DAE01A1C47}.ShimmerAPI|iPhone.ActiveCfg = Release|Any CPU
		{F5DD4AA6-B826-49CB-96E2-A6DAE01A1C47}.ShimmerAPI|iPhone.Build.0 = Release|Any CPU
		{F5DD4AA6-B826-49CB-96E2-A6DAE01A1C47}.ShimmerAPI|iPhoneSimulator.ActiveCfg = Release|Any CPU
		{F5DD4AA6-B826-49CB-96E2-A6DAE01A1C47}.ShimmerAPI|iPhoneSimulator.Build.0 = Release|Any CPU
		{F5DD4AA6-B826-49CB-96E2-A6DAE01A1C47}.ShimmerAPI|x64.ActiveCfg = Release|Any CPU
		{F5DD4AA6-B826-49CB-96E2-A6DAE01A1C47}.ShimmerAPI|x64.Build.0 = Release|Any CPU
		{F5DD4AA6-B826-49CB-96E2-A6DAE01A1C47}.ShimmerAPI|x86.ActiveCfg = Release|Any CPU
		{F5DD4AA6-B826-49CB-96E2-A6DAE01A1C47}.ShimmerAPI|x86.Build.0 = Release|Any CPU
		{F5DD4AA6-B826-49CB-96E2-A6DAE01A1C47}.ShimmerAPIBasic|Any CPU.ActiveCfg = Release|Any CPU
		{F5DD4AA6-B826-49CB-96E2-A6DAE01A1C47}.ShimmerAPIBasic|Any CPU.Build.0 = Release|Any CPU
		{F5DD4AA6-B826-49CB-96E2-A6DAE01A1C47}.ShimmerAPIBasic|ARM.ActiveCfg = Release|Any CPU
		{F5DD4AA6-B826-49CB-96E2-A6DAE01A1C47}.ShimmerAPIBasic|ARM.Build.0 = Release|Any CPU
		{F5DD4AA6-B826-49CB-96E2-A6DAE01A1C47}.ShimmerAPIBasic|iPhone.ActiveCfg = Release|Any CPU
		{F5DD4AA6-B826-49CB-96E2-A6DAE01A1C47}.ShimmerAPIBasic|iPhone.Build.0 = Release|Any CPU
		{F5DD4AA6-B826-49CB-96E2-A6DAE01A1C47}.ShimmerAPIBasic|iPhoneSimulator.ActiveCfg = Release|Any CPU
		{F5DD4AA6-B826-49CB-96E2-A6DAE01A1C47}.ShimmerAPIBasic|iPhoneSimulator.Build.0 = Release|Any CPU
		{F5DD4AA6-B826-49CB-96E2-A6DAE01A1C47}.ShimmerAPIBasic|x64.ActiveCfg = Release|Any CPU
		{F5DD4AA6-B826-49CB-96E2-A6DAE01A1C47}.ShimmerAPIBasic|x64.Build.0 = Release|Any CPU
		{F5DD4AA6-B826-49CB-96E2-A6DAE01A1C47}.ShimmerAPIBasic|x86.ActiveCfg = Release|Any CPU
		{F5DD4AA6-B826-49CB-96E2-A6DAE01A1C47}.ShimmerAPIBasic|x86.Build.0 = Release|Any CPU
		{C3C1CE50-0A65-44A2-B794-37C72C130707}.Debug|Any CPU.ActiveCfg = Debug|x86
		{C3C1CE50-0A65-44A2-B794-37C72C130707}.Debug|Any CPU.Build.0 = Debug|x86
		{C3C1CE50-0A65-44A2-B794-37C72C130707}.Debug|ARM.ActiveCfg = Debug|x64
		{C3C1CE50-0A65-44A2-B794-37C72C130707}.Debug|ARM.Build.0 = Debug|x64
		{C3C1CE50-0A65-44A2-B794-37C72C130707}.Debug|iPhone.ActiveCfg = Debug|x64
		{C3C1CE50-0A65-44A2-B794-37C72C130707}.Debug|iPhone.Build.0 = Debug|x64
		{C3C1CE50-0A65-44A2-B794-37C72C130707}.Debug|iPhoneSimulator.ActiveCfg = Debug|x64
		{C3C1CE50-0A65-44A2-B794-37C72C130707}.Debug|iPhoneSimulator.Build.0 = Debug|x64
		{C3C1CE50-0A65-44A2-B794-37C72C130707}.Debug|x64.ActiveCfg = Debug|x64
		{C3C1CE50-0A65-44A2-B794-37C72C130707}.Debug|x64.Build.0 = Debug|x64
		{C3C1CE50-0A65-44A2-B794-37C72C130707}.Debug|x86.ActiveCfg = Debug|x86
		{C3C1CE50-0A65-44A2-B794-37C72C130707}.Debug|x86.Build.0 = Debug|x86
		{C3C1CE50-0A65-44A2-B794-37C72C130707}.Release|Any CPU.ActiveCfg = Release|x86
		{C3C1CE50-0A65-44A2-B794-37C72C130707}.Release|ARM.ActiveCfg = Release|x64
		{C3C1CE50-0A65-44A2-B794-37C72C130707}.Release|ARM.Build.0 = Release|x64
		{C3C1CE50-0A65-44A2-B794-37C72C130707}.Release|iPhone.ActiveCfg = Release|x64
		{C3C1CE50-0A65-44A2-B794-37C72C130707}.Release|iPhone.Build.0 = Release|x64
		{C3C1CE50-0A65-44A2-B794-37C72C130707}.Release|iPhoneSimulator.ActiveCfg = Release|x64
		{C3C1CE50-0A65-44A2-B794-37C72C130707}.Release|iPhoneSimulator.Build.0 = Release|x64
		{C3C1CE50-0A65-44A2-B794-37C72C130707}.Release|x64.ActiveCfg = Release|x64
		{C3C1CE50-0A65-44A2-B794-37C72C130707}.Release|x64.Build.0 = Release|x64
		{C3C1CE50-0A65-44A2-B794-37C72C130707}.Release|x86.ActiveCfg = Release|x86
		{C3C1CE50-0A65-44A2-B794-37C72C130707}.Release|x86.Build.0 = Release|x86
		{C3C1CE50-0A65-44A2-B794-37C72C130707}.ShimmerAPI|Any CPU.ActiveCfg = Release|x64
		{C3C1CE50-0A65-44A2-B794-37C72C130707}.ShimmerAPI|Any CPU.Build.0 = Release|x64
		{C3C1CE50-0A65-44A2-B794-37C72C130707}.ShimmerAPI|ARM.ActiveCfg = Release|x64
		{C3C1CE50-0A65-44A2-B794-37C72C130707}.ShimmerAPI|ARM.Build.0 = Release|x64
		{C3C1CE50-0A65-44A2-B794-37C72C130707}.ShimmerAPI|iPhone.ActiveCfg = Release|x64
		{C3C1CE50-0A65-44A2-B794-37C72C130707}.ShimmerAPI|iPhone.Build.0 = Release|x64
		{C3C1CE50-0A65-44A2-B794-37C72C130707}.ShimmerAPI|iPhoneSimulator.ActiveCfg = Release|x64
		{C3C1CE50-0A65-44A2-B794-37C72C130707}.ShimmerAPI|iPhoneSimulator.Build.0 = Release|x64
		{C3C1CE50-0A65-44A2-B794-37C72C130707}.ShimmerAPI|x64.ActiveCfg = Release|x64
		{C3C1CE50-0A65-44A2-B794-37C72C130707}.ShimmerAPI|x64.Build.0 = Release|x64
		{C3C1CE50-0A65-44A2-B794-37C72C130707}.ShimmerAPI|x86.ActiveCfg = Release|x86
		{C3C1CE50-0A65-44A2-B794-37C72C130707}.ShimmerAPI|x86.Build.0 = Release|x86
		{C3C1CE50-0A65-44A2-B794-37C72C130707}.ShimmerAPIBasic|Any CPU.ActiveCfg = Release|x64
		{C3C1CE50-0A65-44A2-B794-37C72C130707}.ShimmerAPIBasic|Any CPU.Build.0 = Release|x64
		{C3C1CE50-0A65-44A2-B794-37C72C130707}.ShimmerAPIBasic|ARM.ActiveCfg = Release|x64
		{C3C1CE50-0A65-44A2-B794-37C72C130707}.ShimmerAPIBasic|ARM.Build.0 = Release|x64
		{C3C1CE50-0A65-44A2-B794-37C72C130707}.ShimmerAPIBasic|iPhone.ActiveCfg = Release|x64
		{C3C1CE50-0A65-44A2-B794-37C72C130707}.ShimmerAPIBasic|iPhone.Build.0 = Release|x64
		{C3C1CE50-0A65-44A2-B794-37C72C130707}.ShimmerAPIBasic|iPhoneSimulator.ActiveCfg = Release|x64
		{C3C1CE50-0A65-44A2-B794-37C72C130707}.ShimmerAPIBasic|iPhoneSimulator.Build.0 = Release|x64
		{C3C1CE50-0A65-44A2-B794-37C72C130707}.ShimmerAPIBasic|x64.ActiveCfg = Release|x64
		{C3C1CE50-0A65-44A2-B794-37C72C130707}.ShimmerAPIBasic|x64.Build.0 = Release|x64
		{C3C1CE50-0A65-44A2-B794-37C72C130707}.ShimmerAPIBasic|x86.ActiveCfg = Release|x86
		{C3C1CE50-0A65-44A2-B794-37C72C130707}.ShimmerAPIBasic|x86.Build.0 = Release|x86
		{4D2B71B9-1E21-4266-9090-D883D0FCA63B}.Debug|Any CPU.ActiveCfg = Debug|Any CPU
		{4D2B71B9-1E21-4266-9090-D883D0FCA63B}.Debug|Any CPU.Build.0 = Debug|Any CPU
		{4D2B71B9-1E21-4266-9090-D883D0FCA63B}.Debug|ARM.ActiveCfg = Debug|Any CPU
		{4D2B71B9-1E21-4266-9090-D883D0FCA63B}.Debug|ARM.Build.0 = Debug|Any CPU
		{4D2B71B9-1E21-4266-9090-D883D0FCA63B}.Debug|iPhone.ActiveCfg = Debug|Any CPU
		{4D2B71B9-1E21-4266-9090-D883D0FCA63B}.Debug|iPhone.Build.0 = Debug|Any CPU
		{4D2B71B9-1E21-4266-9090-D883D0FCA63B}.Debug|iPhoneSimulator.ActiveCfg = Debug|Any CPU
		{4D2B71B9-1E21-4266-9090-D883D0FCA63B}.Debug|iPhoneSimulator.Build.0 = Debug|Any CPU
		{4D2B71B9-1E21-4266-9090-D883D0FCA63B}.Debug|x64.ActiveCfg = Debug|Any CPU
		{4D2B71B9-1E21-4266-9090-D883D0FCA63B}.Debug|x64.Build.0 = Debug|Any CPU
		{4D2B71B9-1E21-4266-9090-D883D0FCA63B}.Debug|x86.ActiveCfg = Debug|Any CPU
		{4D2B71B9-1E21-4266-9090-D883D0FCA63B}.Debug|x86.Build.0 = Debug|Any CPU
		{4D2B71B9-1E21-4266-9090-D883D0FCA63B}.Release|Any CPU.ActiveCfg = Release|Any CPU
		{4D2B71B9-1E21-4266-9090-D883D0FCA63B}.Release|Any CPU.Build.0 = Release|Any CPU
		{4D2B71B9-1E21-4266-9090-D883D0FCA63B}.Release|ARM.ActiveCfg = Release|Any CPU
		{4D2B71B9-1E21-4266-9090-D883D0FCA63B}.Release|ARM.Build.0 = Release|Any CPU
		{4D2B71B9-1E21-4266-9090-D883D0FCA63B}.Release|iPhone.ActiveCfg = Release|Any CPU
		{4D2B71B9-1E21-4266-9090-D883D0FCA63B}.Release|iPhone.Build.0 = Release|Any CPU
		{4D2B71B9-1E21-4266-9090-D883D0FCA63B}.Release|iPhoneSimulator.ActiveCfg = Release|Any CPU
		{4D2B71B9-1E21-4266-9090-D883D0FCA63B}.Release|iPhoneSimulator.Build.0 = Release|Any CPU
		{4D2B71B9-1E21-4266-9090-D883D0FCA63B}.Release|x64.ActiveCfg = Release|Any CPU
		{4D2B71B9-1E21-4266-9090-D883D0FCA63B}.Release|x64.Build.0 = Release|Any CPU
		{4D2B71B9-1E21-4266-9090-D883D0FCA63B}.Release|x86.ActiveCfg = Release|Any CPU
		{4D2B71B9-1E21-4266-9090-D883D0FCA63B}.Release|x86.Build.0 = Release|Any CPU
		{4D2B71B9-1E21-4266-9090-D883D0FCA63B}.ShimmerAPI|Any CPU.ActiveCfg = Release|Any CPU
		{4D2B71B9-1E21-4266-9090-D883D0FCA63B}.ShimmerAPI|Any CPU.Build.0 = Release|Any CPU
		{4D2B71B9-1E21-4266-9090-D883D0FCA63B}.ShimmerAPI|ARM.ActiveCfg = Release|Any CPU
		{4D2B71B9-1E21-4266-9090-D883D0FCA63B}.ShimmerAPI|ARM.Build.0 = Release|Any CPU
		{4D2B71B9-1E21-4266-9090-D883D0FCA63B}.ShimmerAPI|iPhone.ActiveCfg = Release|Any CPU
		{4D2B71B9-1E21-4266-9090-D883D0FCA63B}.ShimmerAPI|iPhone.Build.0 = Release|Any CPU
		{4D2B71B9-1E21-4266-9090-D883D0FCA63B}.ShimmerAPI|iPhoneSimulator.ActiveCfg = Release|Any CPU
		{4D2B71B9-1E21-4266-9090-D883D0FCA63B}.ShimmerAPI|iPhoneSimulator.Build.0 = Release|Any CPU
		{4D2B71B9-1E21-4266-9090-D883D0FCA63B}.ShimmerAPI|x64.ActiveCfg = Release|Any CPU
		{4D2B71B9-1E21-4266-9090-D883D0FCA63B}.ShimmerAPI|x64.Build.0 = Release|Any CPU
		{4D2B71B9-1E21-4266-9090-D883D0FCA63B}.ShimmerAPI|x86.ActiveCfg = Release|Any CPU
		{4D2B71B9-1E21-4266-9090-D883D0FCA63B}.ShimmerAPI|x86.Build.0 = Release|Any CPU
		{4D2B71B9-1E21-4266-9090-D883D0FCA63B}.ShimmerAPIBasic|Any CPU.ActiveCfg = Release|Any CPU
		{4D2B71B9-1E21-4266-9090-D883D0FCA63B}.ShimmerAPIBasic|Any CPU.Build.0 = Release|Any CPU
		{4D2B71B9-1E21-4266-9090-D883D0FCA63B}.ShimmerAPIBasic|ARM.ActiveCfg = Release|Any CPU
		{4D2B71B9-1E21-4266-9090-D883D0FCA63B}.ShimmerAPIBasic|ARM.Build.0 = Release|Any CPU
		{4D2B71B9-1E21-4266-9090-D883D0FCA63B}.ShimmerAPIBasic|iPhone.ActiveCfg = Release|Any CPU
		{4D2B71B9-1E21-4266-9090-D883D0FCA63B}.ShimmerAPIBasic|iPhone.Build.0 = Release|Any CPU
		{4D2B71B9-1E21-4266-9090-D883D0FCA63B}.ShimmerAPIBasic|iPhoneSimulator.ActiveCfg = Release|Any CPU
		{4D2B71B9-1E21-4266-9090-D883D0FCA63B}.ShimmerAPIBasic|iPhoneSimulator.Build.0 = Release|Any CPU
		{4D2B71B9-1E21-4266-9090-D883D0FCA63B}.ShimmerAPIBasic|x64.ActiveCfg = Release|Any CPU
		{4D2B71B9-1E21-4266-9090-D883D0FCA63B}.ShimmerAPIBasic|x64.Build.0 = Release|Any CPU
		{4D2B71B9-1E21-4266-9090-D883D0FCA63B}.ShimmerAPIBasic|x86.ActiveCfg = Release|Any CPU
		{4D2B71B9-1E21-4266-9090-D883D0FCA63B}.ShimmerAPIBasic|x86.Build.0 = Release|Any CPU
		{E5667F2F-4E48-4F0B-BB4E-08420B468AAA}.Debug|Any CPU.ActiveCfg = Debug|Any CPU
		{E5667F2F-4E48-4F0B-BB4E-08420B468AAA}.Debug|Any CPU.Build.0 = Debug|Any CPU
		{E5667F2F-4E48-4F0B-BB4E-08420B468AAA}.Debug|ARM.ActiveCfg = Debug|Any CPU
		{E5667F2F-4E48-4F0B-BB4E-08420B468AAA}.Debug|ARM.Build.0 = Debug|Any CPU
		{E5667F2F-4E48-4F0B-BB4E-08420B468AAA}.Debug|iPhone.ActiveCfg = Debug|Any CPU
		{E5667F2F-4E48-4F0B-BB4E-08420B468AAA}.Debug|iPhone.Build.0 = Debug|Any CPU
		{E5667F2F-4E48-4F0B-BB4E-08420B468AAA}.Debug|iPhoneSimulator.ActiveCfg = Debug|Any CPU
		{E5667F2F-4E48-4F0B-BB4E-08420B468AAA}.Debug|iPhoneSimulator.Build.0 = Debug|Any CPU
		{E5667F2F-4E48-4F0B-BB4E-08420B468AAA}.Debug|x64.ActiveCfg = Debug|Any CPU
		{E5667F2F-4E48-4F0B-BB4E-08420B468AAA}.Debug|x64.Build.0 = Debug|Any CPU
		{E5667F2F-4E48-4F0B-BB4E-08420B468AAA}.Debug|x86.ActiveCfg = Debug|Any CPU
		{E5667F2F-4E48-4F0B-BB4E-08420B468AAA}.Debug|x86.Build.0 = Debug|Any CPU
		{E5667F2F-4E48-4F0B-BB4E-08420B468AAA}.Release|Any CPU.ActiveCfg = Release|Any CPU
		{E5667F2F-4E48-4F0B-BB4E-08420B468AAA}.Release|Any CPU.Build.0 = Release|Any CPU
		{E5667F2F-4E48-4F0B-BB4E-08420B468AAA}.Release|ARM.ActiveCfg = Release|Any CPU
		{E5667F2F-4E48-4F0B-BB4E-08420B468AAA}.Release|ARM.Build.0 = Release|Any CPU
		{E5667F2F-4E48-4F0B-BB4E-08420B468AAA}.Release|iPhone.ActiveCfg = Release|Any CPU
		{E5667F2F-4E48-4F0B-BB4E-08420B468AAA}.Release|iPhone.Build.0 = Release|Any CPU
		{E5667F2F-4E48-4F0B-BB4E-08420B468AAA}.Release|iPhoneSimulator.ActiveCfg = Release|Any CPU
		{E5667F2F-4E48-4F0B-BB4E-08420B468AAA}.Release|iPhoneSimulator.Build.0 = Release|Any CPU
		{E5667F2F-4E48-4F0B-BB4E-08420B468AAA}.Release|x64.ActiveCfg = Release|Any CPU
		{E5667F2F-4E48-4F0B-BB4E-08420B468AAA}.Release|x64.Build.0 = Release|Any CPU
		{E5667F2F-4E48-4F0B-BB4E-08420B468AAA}.Release|x86.ActiveCfg = Release|Any CPU
		{E5667F2F-4E48-4F0B-BB4E-08420B468AAA}.Release|x86.Build.0 = Release|Any CPU
		{E5667F2F-4E48-4F0B-BB4E-08420B468AAA}.ShimmerAPI|Any CPU.ActiveCfg = Release|Any CPU
		{E5667F2F-4E48-4F0B-BB4E-08420B468AAA}.ShimmerAPI|Any CPU.Build.0 = Release|Any CPU
		{E5667F2F-4E48-4F0B-BB4E-08420B468AAA}.ShimmerAPI|ARM.ActiveCfg = Release|Any CPU
		{E5667F2F-4E48-4F0B-BB4E-08420B468AAA}.ShimmerAPI|ARM.Build.0 = Release|Any CPU
		{E5667F2F-4E48-4F0B-BB4E-08420B468AAA}.ShimmerAPI|iPhone.ActiveCfg = Release|Any CPU
		{E5667F2F-4E48-4F0B-BB4E-08420B468AAA}.ShimmerAPI|iPhone.Build.0 = Release|Any CPU
		{E5667F2F-4E48-4F0B-BB4E-08420B468AAA}.ShimmerAPI|iPhoneSimulator.ActiveCfg = Release|Any CPU
		{E5667F2F-4E48-4F0B-BB4E-08420B468AAA}.ShimmerAPI|iPhoneSimulator.Build.0 = Release|Any CPU
		{E5667F2F-4E48-4F0B-BB4E-08420B468AAA}.ShimmerAPI|x64.ActiveCfg = Release|Any CPU
		{E5667F2F-4E48-4F0B-BB4E-08420B468AAA}.ShimmerAPI|x64.Build.0 = Release|Any CPU
		{E5667F2F-4E48-4F0B-BB4E-08420B468AAA}.ShimmerAPI|x86.ActiveCfg = Release|Any CPU
		{E5667F2F-4E48-4F0B-BB4E-08420B468AAA}.ShimmerAPI|x86.Build.0 = Release|Any CPU
		{E5667F2F-4E48-4F0B-BB4E-08420B468AAA}.ShimmerAPIBasic|Any CPU.ActiveCfg = Release|Any CPU
		{E5667F2F-4E48-4F0B-BB4E-08420B468AAA}.ShimmerAPIBasic|Any CPU.Build.0 = Release|Any CPU
		{E5667F2F-4E48-4F0B-BB4E-08420B468AAA}.ShimmerAPIBasic|ARM.ActiveCfg = Release|Any CPU
		{E5667F2F-4E48-4F0B-BB4E-08420B468AAA}.ShimmerAPIBasic|ARM.Build.0 = Release|Any CPU
		{E5667F2F-4E48-4F0B-BB4E-08420B468AAA}.ShimmerAPIBasic|iPhone.ActiveCfg = Release|Any CPU
		{E5667F2F-4E48-4F0B-BB4E-08420B468AAA}.ShimmerAPIBasic|iPhone.Build.0 = Release|Any CPU
		{E5667F2F-4E48-4F0B-BB4E-08420B468AAA}.ShimmerAPIBasic|iPhoneSimulator.ActiveCfg = Release|Any CPU
		{E5667F2F-4E48-4F0B-BB4E-08420B468AAA}.ShimmerAPIBasic|iPhoneSimulator.Build.0 = Release|Any CPU
		{E5667F2F-4E48-4F0B-BB4E-08420B468AAA}.ShimmerAPIBasic|x64.ActiveCfg = Release|Any CPU
		{E5667F2F-4E48-4F0B-BB4E-08420B468AAA}.ShimmerAPIBasic|x64.Build.0 = Release|Any CPU
		{E5667F2F-4E48-4F0B-BB4E-08420B468AAA}.ShimmerAPIBasic|x86.ActiveCfg = Release|Any CPU
		{E5667F2F-4E48-4F0B-BB4E-08420B468AAA}.ShimmerAPIBasic|x86.Build.0 = Release|Any CPU
		{80E678A7-44BA-4273-A669-BCC48804E7AE}.Debug|Any CPU.ActiveCfg = Debug|Any CPU
		{80E678A7-44BA-4273-A669-BCC48804E7AE}.Debug|Any CPU.Build.0 = Debug|Any CPU
		{80E678A7-44BA-4273-A669-BCC48804E7AE}.Debug|ARM.ActiveCfg = Debug|Any CPU
		{80E678A7-44BA-4273-A669-BCC48804E7AE}.Debug|ARM.Build.0 = Debug|Any CPU
		{80E678A7-44BA-4273-A669-BCC48804E7AE}.Debug|iPhone.ActiveCfg = Debug|Any CPU
		{80E678A7-44BA-4273-A669-BCC48804E7AE}.Debug|iPhone.Build.0 = Debug|Any CPU
		{80E678A7-44BA-4273-A669-BCC48804E7AE}.Debug|iPhoneSimulator.ActiveCfg = Debug|Any CPU
		{80E678A7-44BA-4273-A669-BCC48804E7AE}.Debug|iPhoneSimulator.Build.0 = Debug|Any CPU
		{80E678A7-44BA-4273-A669-BCC48804E7AE}.Debug|x64.ActiveCfg = Debug|Any CPU
		{80E678A7-44BA-4273-A669-BCC48804E7AE}.Debug|x64.Build.0 = Debug|Any CPU
		{80E678A7-44BA-4273-A669-BCC48804E7AE}.Debug|x86.ActiveCfg = Debug|Any CPU
		{80E678A7-44BA-4273-A669-BCC48804E7AE}.Debug|x86.Build.0 = Debug|Any CPU
		{80E678A7-44BA-4273-A669-BCC48804E7AE}.Release|Any CPU.ActiveCfg = Release|Any CPU
		{80E678A7-44BA-4273-A669-BCC48804E7AE}.Release|Any CPU.Build.0 = Release|Any CPU
		{80E678A7-44BA-4273-A669-BCC48804E7AE}.Release|ARM.ActiveCfg = Release|Any CPU
		{80E678A7-44BA-4273-A669-BCC48804E7AE}.Release|ARM.Build.0 = Release|Any CPU
		{80E678A7-44BA-4273-A669-BCC48804E7AE}.Release|iPhone.ActiveCfg = Release|Any CPU
		{80E678A7-44BA-4273-A669-BCC48804E7AE}.Release|iPhone.Build.0 = Release|Any CPU
		{80E678A7-44BA-4273-A669-BCC48804E7AE}.Release|iPhoneSimulator.ActiveCfg = Release|Any CPU
		{80E678A7-44BA-4273-A669-BCC48804E7AE}.Release|iPhoneSimulator.Build.0 = Release|Any CPU
		{80E678A7-44BA-4273-A669-BCC48804E7AE}.Release|x64.ActiveCfg = Release|Any CPU
		{80E678A7-44BA-4273-A669-BCC48804E7AE}.Release|x64.Build.0 = Release|Any CPU
		{80E678A7-44BA-4273-A669-BCC48804E7AE}.Release|x86.ActiveCfg = Release|Any CPU
		{80E678A7-44BA-4273-A669-BCC48804E7AE}.Release|x86.Build.0 = Release|Any CPU
		{80E678A7-44BA-4273-A669-BCC48804E7AE}.ShimmerAPI|Any CPU.ActiveCfg = Release|Any CPU
		{80E678A7-44BA-4273-A669-BCC48804E7AE}.ShimmerAPI|Any CPU.Build.0 = Release|Any CPU
		{80E678A7-44BA-4273-A669-BCC48804E7AE}.ShimmerAPI|ARM.ActiveCfg = Release|Any CPU
		{80E678A7-44BA-4273-A669-BCC48804E7AE}.ShimmerAPI|ARM.Build.0 = Release|Any CPU
		{80E678A7-44BA-4273-A669-BCC48804E7AE}.ShimmerAPI|iPhone.ActiveCfg = Release|Any CPU
		{80E678A7-44BA-4273-A669-BCC48804E7AE}.ShimmerAPI|iPhone.Build.0 = Release|Any CPU
		{80E678A7-44BA-4273-A669-BCC48804E7AE}.ShimmerAPI|iPhoneSimulator.ActiveCfg = Release|Any CPU
		{80E678A7-44BA-4273-A669-BCC48804E7AE}.ShimmerAPI|iPhoneSimulator.Build.0 = Release|Any CPU
		{80E678A7-44BA-4273-A669-BCC48804E7AE}.ShimmerAPI|x64.ActiveCfg = Release|Any CPU
		{80E678A7-44BA-4273-A669-BCC48804E7AE}.ShimmerAPI|x64.Build.0 = Release|Any CPU
		{80E678A7-44BA-4273-A669-BCC48804E7AE}.ShimmerAPI|x86.ActiveCfg = Release|Any CPU
		{80E678A7-44BA-4273-A669-BCC48804E7AE}.ShimmerAPI|x86.Build.0 = Release|Any CPU
		{80E678A7-44BA-4273-A669-BCC48804E7AE}.ShimmerAPIBasic|Any CPU.ActiveCfg = Release|Any CPU
		{80E678A7-44BA-4273-A669-BCC48804E7AE}.ShimmerAPIBasic|Any CPU.Build.0 = Release|Any CPU
		{80E678A7-44BA-4273-A669-BCC48804E7AE}.ShimmerAPIBasic|ARM.ActiveCfg = Release|Any CPU
		{80E678A7-44BA-4273-A669-BCC48804E7AE}.ShimmerAPIBasic|ARM.Build.0 = Release|Any CPU
		{80E678A7-44BA-4273-A669-BCC48804E7AE}.ShimmerAPIBasic|iPhone.ActiveCfg = Release|Any CPU
		{80E678A7-44BA-4273-A669-BCC48804E7AE}.ShimmerAPIBasic|iPhone.Build.0 = Release|Any CPU
		{80E678A7-44BA-4273-A669-BCC48804E7AE}.ShimmerAPIBasic|iPhoneSimulator.ActiveCfg = Release|Any CPU
		{80E678A7-44BA-4273-A669-BCC48804E7AE}.ShimmerAPIBasic|iPhoneSimulator.Build.0 = Release|Any CPU
		{80E678A7-44BA-4273-A669-BCC48804E7AE}.ShimmerAPIBasic|x64.ActiveCfg = Release|Any CPU
		{80E678A7-44BA-4273-A669-BCC48804E7AE}.ShimmerAPIBasic|x64.Build.0 = Release|Any CPU
		{80E678A7-44BA-4273-A669-BCC48804E7AE}.ShimmerAPIBasic|x86.ActiveCfg = Release|Any CPU
		{80E678A7-44BA-4273-A669-BCC48804E7AE}.ShimmerAPIBasic|x86.Build.0 = Release|Any CPU
		{9CC82E7B-0EF6-4424-9F49-E0E96C86A7F3}.Debug|Any CPU.ActiveCfg = Debug|Any CPU
		{9CC82E7B-0EF6-4424-9F49-E0E96C86A7F3}.Debug|Any CPU.Build.0 = Debug|Any CPU
		{9CC82E7B-0EF6-4424-9F49-E0E96C86A7F3}.Debug|ARM.ActiveCfg = Debug|Any CPU
		{9CC82E7B-0EF6-4424-9F49-E0E96C86A7F3}.Debug|ARM.Build.0 = Debug|Any CPU
		{9CC82E7B-0EF6-4424-9F49-E0E96C86A7F3}.Debug|iPhone.ActiveCfg = Debug|Any CPU
		{9CC82E7B-0EF6-4424-9F49-E0E96C86A7F3}.Debug|iPhone.Build.0 = Debug|Any CPU
		{9CC82E7B-0EF6-4424-9F49-E0E96C86A7F3}.Debug|iPhoneSimulator.ActiveCfg = Debug|Any CPU
		{9CC82E7B-0EF6-4424-9F49-E0E96C86A7F3}.Debug|iPhoneSimulator.Build.0 = Debug|Any CPU
		{9CC82E7B-0EF6-4424-9F49-E0E96C86A7F3}.Debug|x64.ActiveCfg = Debug|Any CPU
		{9CC82E7B-0EF6-4424-9F49-E0E96C86A7F3}.Debug|x64.Build.0 = Debug|Any CPU
		{9CC82E7B-0EF6-4424-9F49-E0E96C86A7F3}.Debug|x86.ActiveCfg = Debug|Any CPU
		{9CC82E7B-0EF6-4424-9F49-E0E96C86A7F3}.Debug|x86.Build.0 = Debug|Any CPU
		{9CC82E7B-0EF6-4424-9F49-E0E96C86A7F3}.Release|Any CPU.ActiveCfg = Release|Any CPU
		{9CC82E7B-0EF6-4424-9F49-E0E96C86A7F3}.Release|Any CPU.Build.0 = Release|Any CPU
		{9CC82E7B-0EF6-4424-9F49-E0E96C86A7F3}.Release|ARM.ActiveCfg = Release|Any CPU
		{9CC82E7B-0EF6-4424-9F49-E0E96C86A7F3}.Release|ARM.Build.0 = Release|Any CPU
		{9CC82E7B-0EF6-4424-9F49-E0E96C86A7F3}.Release|iPhone.ActiveCfg = Release|Any CPU
		{9CC82E7B-0EF6-4424-9F49-E0E96C86A7F3}.Release|iPhone.Build.0 = Release|Any CPU
		{9CC82E7B-0EF6-4424-9F49-E0E96C86A7F3}.Release|iPhoneSimulator.ActiveCfg = Release|Any CPU
		{9CC82E7B-0EF6-4424-9F49-E0E96C86A7F3}.Release|iPhoneSimulator.Build.0 = Release|Any CPU
		{9CC82E7B-0EF6-4424-9F49-E0E96C86A7F3}.Release|x64.ActiveCfg = Release|Any CPU
		{9CC82E7B-0EF6-4424-9F49-E0E96C86A7F3}.Release|x64.Build.0 = Release|Any CPU
		{9CC82E7B-0EF6-4424-9F49-E0E96C86A7F3}.Release|x86.ActiveCfg = Release|Any CPU
		{9CC82E7B-0EF6-4424-9F49-E0E96C86A7F3}.Release|x86.Build.0 = Release|Any CPU
		{9CC82E7B-0EF6-4424-9F49-E0E96C86A7F3}.ShimmerAPI|Any CPU.ActiveCfg = Release|Any CPU
		{9CC82E7B-0EF6-4424-9F49-E0E96C86A7F3}.ShimmerAPI|Any CPU.Build.0 = Release|Any CPU
		{9CC82E7B-0EF6-4424-9F49-E0E96C86A7F3}.ShimmerAPI|ARM.ActiveCfg = Release|Any CPU
		{9CC82E7B-0EF6-4424-9F49-E0E96C86A7F3}.ShimmerAPI|ARM.Build.0 = Release|Any CPU
		{9CC82E7B-0EF6-4424-9F49-E0E96C86A7F3}.ShimmerAPI|iPhone.ActiveCfg = Release|Any CPU
		{9CC82E7B-0EF6-4424-9F49-E0E96C86A7F3}.ShimmerAPI|iPhone.Build.0 = Release|Any CPU
		{9CC82E7B-0EF6-4424-9F49-E0E96C86A7F3}.ShimmerAPI|iPhoneSimulator.ActiveCfg = Release|Any CPU
		{9CC82E7B-0EF6-4424-9F49-E0E96C86A7F3}.ShimmerAPI|iPhoneSimulator.Build.0 = Release|Any CPU
		{9CC82E7B-0EF6-4424-9F49-E0E96C86A7F3}.ShimmerAPI|x64.ActiveCfg = Release|Any CPU
		{9CC82E7B-0EF6-4424-9F49-E0E96C86A7F3}.ShimmerAPI|x64.Build.0 = Release|Any CPU
		{9CC82E7B-0EF6-4424-9F49-E0E96C86A7F3}.ShimmerAPI|x86.ActiveCfg = Release|Any CPU
		{9CC82E7B-0EF6-4424-9F49-E0E96C86A7F3}.ShimmerAPI|x86.Build.0 = Release|Any CPU
		{9CC82E7B-0EF6-4424-9F49-E0E96C86A7F3}.ShimmerAPIBasic|Any CPU.ActiveCfg = Release|Any CPU
		{9CC82E7B-0EF6-4424-9F49-E0E96C86A7F3}.ShimmerAPIBasic|Any CPU.Build.0 = Release|Any CPU
		{9CC82E7B-0EF6-4424-9F49-E0E96C86A7F3}.ShimmerAPIBasic|ARM.ActiveCfg = Release|Any CPU
		{9CC82E7B-0EF6-4424-9F49-E0E96C86A7F3}.ShimmerAPIBasic|ARM.Build.0 = Release|Any CPU
		{9CC82E7B-0EF6-4424-9F49-E0E96C86A7F3}.ShimmerAPIBasic|iPhone.ActiveCfg = Release|Any CPU
		{9CC82E7B-0EF6-4424-9F49-E0E96C86A7F3}.ShimmerAPIBasic|iPhone.Build.0 = Release|Any CPU
		{9CC82E7B-0EF6-4424-9F49-E0E96C86A7F3}.ShimmerAPIBasic|iPhoneSimulator.ActiveCfg = Release|Any CPU
		{9CC82E7B-0EF6-4424-9F49-E0E96C86A7F3}.ShimmerAPIBasic|iPhoneSimulator.Build.0 = Release|Any CPU
		{9CC82E7B-0EF6-4424-9F49-E0E96C86A7F3}.ShimmerAPIBasic|x64.ActiveCfg = Release|Any CPU
		{9CC82E7B-0EF6-4424-9F49-E0E96C86A7F3}.ShimmerAPIBasic|x64.Build.0 = Release|Any CPU
		{9CC82E7B-0EF6-4424-9F49-E0E96C86A7F3}.ShimmerAPIBasic|x86.ActiveCfg = Release|Any CPU
		{9CC82E7B-0EF6-4424-9F49-E0E96C86A7F3}.ShimmerAPIBasic|x86.Build.0 = Release|Any CPU
		{BF545F7D-0879-472F-9149-B43BA06641D3}.Debug|Any CPU.ActiveCfg = Debug|Any CPU
		{BF545F7D-0879-472F-9149-B43BA06641D3}.Debug|Any CPU.Build.0 = Debug|Any CPU
		{BF545F7D-0879-472F-9149-B43BA06641D3}.Debug|ARM.ActiveCfg = Debug|Any CPU
		{BF545F7D-0879-472F-9149-B43BA06641D3}.Debug|ARM.Build.0 = Debug|Any CPU
		{BF545F7D-0879-472F-9149-B43BA06641D3}.Debug|iPhone.ActiveCfg = Debug|Any CPU
		{BF545F7D-0879-472F-9149-B43BA06641D3}.Debug|iPhone.Build.0 = Debug|Any CPU
		{BF545F7D-0879-472F-9149-B43BA06641D3}.Debug|iPhoneSimulator.ActiveCfg = Debug|Any CPU
		{BF545F7D-0879-472F-9149-B43BA06641D3}.Debug|iPhoneSimulator.Build.0 = Debug|Any CPU
		{BF545F7D-0879-472F-9149-B43BA06641D3}.Debug|x64.ActiveCfg = Debug|Any CPU
		{BF545F7D-0879-472F-9149-B43BA06641D3}.Debug|x64.Build.0 = Debug|Any CPU
		{BF545F7D-0879-472F-9149-B43BA06641D3}.Debug|x86.ActiveCfg = Debug|Any CPU
		{BF545F7D-0879-472F-9149-B43BA06641D3}.Debug|x86.Build.0 = Debug|Any CPU
		{BF545F7D-0879-472F-9149-B43BA06641D3}.Release|Any CPU.ActiveCfg = Release|Any CPU
		{BF545F7D-0879-472F-9149-B43BA06641D3}.Release|Any CPU.Build.0 = Release|Any CPU
		{BF545F7D-0879-472F-9149-B43BA06641D3}.Release|ARM.ActiveCfg = Release|Any CPU
		{BF545F7D-0879-472F-9149-B43BA06641D3}.Release|ARM.Build.0 = Release|Any CPU
		{BF545F7D-0879-472F-9149-B43BA06641D3}.Release|iPhone.ActiveCfg = Release|Any CPU
		{BF545F7D-0879-472F-9149-B43BA06641D3}.Release|iPhone.Build.0 = Release|Any CPU
		{BF545F7D-0879-472F-9149-B43BA06641D3}.Release|iPhoneSimulator.ActiveCfg = Release|Any CPU
		{BF545F7D-0879-472F-9149-B43BA06641D3}.Release|iPhoneSimulator.Build.0 = Release|Any CPU
		{BF545F7D-0879-472F-9149-B43BA06641D3}.Release|x64.ActiveCfg = Release|Any CPU
		{BF545F7D-0879-472F-9149-B43BA06641D3}.Release|x64.Build.0 = Release|Any CPU
		{BF545F7D-0879-472F-9149-B43BA06641D3}.Release|x86.ActiveCfg = Release|Any CPU
		{BF545F7D-0879-472F-9149-B43BA06641D3}.Release|x86.Build.0 = Release|Any CPU
		{BF545F7D-0879-472F-9149-B43BA06641D3}.ShimmerAPI|Any CPU.ActiveCfg = Release|Any CPU
		{BF545F7D-0879-472F-9149-B43BA06641D3}.ShimmerAPI|Any CPU.Build.0 = Release|Any CPU
		{BF545F7D-0879-472F-9149-B43BA06641D3}.ShimmerAPI|ARM.ActiveCfg = Release|Any CPU
		{BF545F7D-0879-472F-9149-B43BA06641D3}.ShimmerAPI|ARM.Build.0 = Release|Any CPU
		{BF545F7D-0879-472F-9149-B43BA06641D3}.ShimmerAPI|iPhone.ActiveCfg = Release|Any CPU
		{BF545F7D-0879-472F-9149-B43BA06641D3}.ShimmerAPI|iPhone.Build.0 = Release|Any CPU
		{BF545F7D-0879-472F-9149-B43BA06641D3}.ShimmerAPI|iPhoneSimulator.ActiveCfg = Release|Any CPU
		{BF545F7D-0879-472F-9149-B43BA06641D3}.ShimmerAPI|iPhoneSimulator.Build.0 = Release|Any CPU
		{BF545F7D-0879-472F-9149-B43BA06641D3}.ShimmerAPI|x64.ActiveCfg = Release|Any CPU
		{BF545F7D-0879-472F-9149-B43BA06641D3}.ShimmerAPI|x64.Build.0 = Release|Any CPU
		{BF545F7D-0879-472F-9149-B43BA06641D3}.ShimmerAPI|x86.ActiveCfg = Release|Any CPU
		{BF545F7D-0879-472F-9149-B43BA06641D3}.ShimmerAPI|x86.Build.0 = Release|Any CPU
		{BF545F7D-0879-472F-9149-B43BA06641D3}.ShimmerAPIBasic|Any CPU.ActiveCfg = Release|Any CPU
		{BF545F7D-0879-472F-9149-B43BA06641D3}.ShimmerAPIBasic|Any CPU.Build.0 = Release|Any CPU
		{BF545F7D-0879-472F-9149-B43BA06641D3}.ShimmerAPIBasic|ARM.ActiveCfg = Release|Any CPU
		{BF545F7D-0879-472F-9149-B43BA06641D3}.ShimmerAPIBasic|ARM.Build.0 = Release|Any CPU
		{BF545F7D-0879-472F-9149-B43BA06641D3}.ShimmerAPIBasic|iPhone.ActiveCfg = Release|Any CPU
		{BF545F7D-0879-472F-9149-B43BA06641D3}.ShimmerAPIBasic|iPhone.Build.0 = Release|Any CPU
		{BF545F7D-0879-472F-9149-B43BA06641D3}.ShimmerAPIBasic|iPhoneSimulator.ActiveCfg = Release|Any CPU
		{BF545F7D-0879-472F-9149-B43BA06641D3}.ShimmerAPIBasic|iPhoneSimulator.Build.0 = Release|Any CPU
		{BF545F7D-0879-472F-9149-B43BA06641D3}.ShimmerAPIBasic|x64.ActiveCfg = Release|Any CPU
		{BF545F7D-0879-472F-9149-B43BA06641D3}.ShimmerAPIBasic|x64.Build.0 = Release|Any CPU
		{BF545F7D-0879-472F-9149-B43BA06641D3}.ShimmerAPIBasic|x86.ActiveCfg = Release|Any CPU
		{BF545F7D-0879-472F-9149-B43BA06641D3}.ShimmerAPIBasic|x86.Build.0 = Release|Any CPU
		{41BBBE0F-FCD2-4035-A182-2601E6DD4503}.Debug|Any CPU.ActiveCfg = Debug|Any CPU
		{41BBBE0F-FCD2-4035-A182-2601E6DD4503}.Debug|Any CPU.Build.0 = Debug|Any CPU
		{41BBBE0F-FCD2-4035-A182-2601E6DD4503}.Debug|ARM.ActiveCfg = Debug|Any CPU
		{41BBBE0F-FCD2-4035-A182-2601E6DD4503}.Debug|ARM.Build.0 = Debug|Any CPU
		{41BBBE0F-FCD2-4035-A182-2601E6DD4503}.Debug|iPhone.ActiveCfg = Debug|Any CPU
		{41BBBE0F-FCD2-4035-A182-2601E6DD4503}.Debug|iPhone.Build.0 = Debug|Any CPU
		{41BBBE0F-FCD2-4035-A182-2601E6DD4503}.Debug|iPhoneSimulator.ActiveCfg = Debug|Any CPU
		{41BBBE0F-FCD2-4035-A182-2601E6DD4503}.Debug|iPhoneSimulator.Build.0 = Debug|Any CPU
		{41BBBE0F-FCD2-4035-A182-2601E6DD4503}.Debug|x64.ActiveCfg = Debug|Any CPU
		{41BBBE0F-FCD2-4035-A182-2601E6DD4503}.Debug|x64.Build.0 = Debug|Any CPU
		{41BBBE0F-FCD2-4035-A182-2601E6DD4503}.Debug|x86.ActiveCfg = Debug|Any CPU
		{41BBBE0F-FCD2-4035-A182-2601E6DD4503}.Debug|x86.Build.0 = Debug|Any CPU
		{41BBBE0F-FCD2-4035-A182-2601E6DD4503}.Release|Any CPU.ActiveCfg = Release|Any CPU
		{41BBBE0F-FCD2-4035-A182-2601E6DD4503}.Release|Any CPU.Build.0 = Release|Any CPU
		{41BBBE0F-FCD2-4035-A182-2601E6DD4503}.Release|ARM.ActiveCfg = Release|Any CPU
		{41BBBE0F-FCD2-4035-A182-2601E6DD4503}.Release|ARM.Build.0 = Release|Any CPU
		{41BBBE0F-FCD2-4035-A182-2601E6DD4503}.Release|iPhone.ActiveCfg = Release|Any CPU
		{41BBBE0F-FCD2-4035-A182-2601E6DD4503}.Release|iPhone.Build.0 = Release|Any CPU
		{41BBBE0F-FCD2-4035-A182-2601E6DD4503}.Release|iPhoneSimulator.ActiveCfg = Release|Any CPU
		{41BBBE0F-FCD2-4035-A182-2601E6DD4503}.Release|iPhoneSimulator.Build.0 = Release|Any CPU
		{41BBBE0F-FCD2-4035-A182-2601E6DD4503}.Release|x64.ActiveCfg = Release|Any CPU
		{41BBBE0F-FCD2-4035-A182-2601E6DD4503}.Release|x64.Build.0 = Release|Any CPU
		{41BBBE0F-FCD2-4035-A182-2601E6DD4503}.Release|x86.ActiveCfg = Release|Any CPU
		{41BBBE0F-FCD2-4035-A182-2601E6DD4503}.Release|x86.Build.0 = Release|Any CPU
		{41BBBE0F-FCD2-4035-A182-2601E6DD4503}.ShimmerAPI|Any CPU.ActiveCfg = Release|Any CPU
		{41BBBE0F-FCD2-4035-A182-2601E6DD4503}.ShimmerAPI|Any CPU.Build.0 = Release|Any CPU
		{41BBBE0F-FCD2-4035-A182-2601E6DD4503}.ShimmerAPI|ARM.ActiveCfg = Release|Any CPU
		{41BBBE0F-FCD2-4035-A182-2601E6DD4503}.ShimmerAPI|ARM.Build.0 = Release|Any CPU
		{41BBBE0F-FCD2-4035-A182-2601E6DD4503}.ShimmerAPI|iPhone.ActiveCfg = Release|Any CPU
		{41BBBE0F-FCD2-4035-A182-2601E6DD4503}.ShimmerAPI|iPhone.Build.0 = Release|Any CPU
		{41BBBE0F-FCD2-4035-A182-2601E6DD4503}.ShimmerAPI|iPhoneSimulator.ActiveCfg = Release|Any CPU
		{41BBBE0F-FCD2-4035-A182-2601E6DD4503}.ShimmerAPI|iPhoneSimulator.Build.0 = Release|Any CPU
		{41BBBE0F-FCD2-4035-A182-2601E6DD4503}.ShimmerAPI|x64.ActiveCfg = Release|Any CPU
		{41BBBE0F-FCD2-4035-A182-2601E6DD4503}.ShimmerAPI|x64.Build.0 = Release|Any CPU
		{41BBBE0F-FCD2-4035-A182-2601E6DD4503}.ShimmerAPI|x86.ActiveCfg = Release|Any CPU
		{41BBBE0F-FCD2-4035-A182-2601E6DD4503}.ShimmerAPI|x86.Build.0 = Release|Any CPU
		{41BBBE0F-FCD2-4035-A182-2601E6DD4503}.ShimmerAPIBasic|Any CPU.ActiveCfg = Release|Any CPU
		{41BBBE0F-FCD2-4035-A182-2601E6DD4503}.ShimmerAPIBasic|Any CPU.Build.0 = Release|Any CPU
		{41BBBE0F-FCD2-4035-A182-2601E6DD4503}.ShimmerAPIBasic|ARM.ActiveCfg = Release|Any CPU
		{41BBBE0F-FCD2-4035-A182-2601E6DD4503}.ShimmerAPIBasic|ARM.Build.0 = Release|Any CPU
		{41BBBE0F-FCD2-4035-A182-2601E6DD4503}.ShimmerAPIBasic|iPhone.ActiveCfg = Release|Any CPU
		{41BBBE0F-FCD2-4035-A182-2601E6DD4503}.ShimmerAPIBasic|iPhone.Build.0 = Release|Any CPU
		{41BBBE0F-FCD2-4035-A182-2601E6DD4503}.ShimmerAPIBasic|iPhoneSimulator.ActiveCfg = Release|Any CPU
		{41BBBE0F-FCD2-4035-A182-2601E6DD4503}.ShimmerAPIBasic|iPhoneSimulator.Build.0 = Release|Any CPU
		{41BBBE0F-FCD2-4035-A182-2601E6DD4503}.ShimmerAPIBasic|x64.ActiveCfg = Release|Any CPU
		{41BBBE0F-FCD2-4035-A182-2601E6DD4503}.ShimmerAPIBasic|x64.Build.0 = Release|Any CPU
		{41BBBE0F-FCD2-4035-A182-2601E6DD4503}.ShimmerAPIBasic|x86.ActiveCfg = Release|Any CPU
		{41BBBE0F-FCD2-4035-A182-2601E6DD4503}.ShimmerAPIBasic|x86.Build.0 = Release|Any CPU
		{941AE87E-4DEE-406D-9BB0-6CC120EBEC0D}.Debug|Any CPU.ActiveCfg = Debug|Any CPU
		{941AE87E-4DEE-406D-9BB0-6CC120EBEC0D}.Debug|Any CPU.Build.0 = Debug|Any CPU
		{941AE87E-4DEE-406D-9BB0-6CC120EBEC0D}.Debug|ARM.ActiveCfg = Debug|Any CPU
		{941AE87E-4DEE-406D-9BB0-6CC120EBEC0D}.Debug|ARM.Build.0 = Debug|Any CPU
		{941AE87E-4DEE-406D-9BB0-6CC120EBEC0D}.Debug|iPhone.ActiveCfg = Debug|Any CPU
		{941AE87E-4DEE-406D-9BB0-6CC120EBEC0D}.Debug|iPhone.Build.0 = Debug|Any CPU
		{941AE87E-4DEE-406D-9BB0-6CC120EBEC0D}.Debug|iPhoneSimulator.ActiveCfg = Debug|Any CPU
		{941AE87E-4DEE-406D-9BB0-6CC120EBEC0D}.Debug|iPhoneSimulator.Build.0 = Debug|Any CPU
		{941AE87E-4DEE-406D-9BB0-6CC120EBEC0D}.Debug|x64.ActiveCfg = Debug|Any CPU
		{941AE87E-4DEE-406D-9BB0-6CC120EBEC0D}.Debug|x64.Build.0 = Debug|Any CPU
		{941AE87E-4DEE-406D-9BB0-6CC120EBEC0D}.Debug|x86.ActiveCfg = Debug|Any CPU
		{941AE87E-4DEE-406D-9BB0-6CC120EBEC0D}.Debug|x86.Build.0 = Debug|Any CPU
		{941AE87E-4DEE-406D-9BB0-6CC120EBEC0D}.Release|Any CPU.ActiveCfg = Release|Any CPU
		{941AE87E-4DEE-406D-9BB0-6CC120EBEC0D}.Release|Any CPU.Build.0 = Release|Any CPU
		{941AE87E-4DEE-406D-9BB0-6CC120EBEC0D}.Release|ARM.ActiveCfg = Release|Any CPU
		{941AE87E-4DEE-406D-9BB0-6CC120EBEC0D}.Release|ARM.Build.0 = Release|Any CPU
		{941AE87E-4DEE-406D-9BB0-6CC120EBEC0D}.Release|iPhone.ActiveCfg = Release|Any CPU
		{941AE87E-4DEE-406D-9BB0-6CC120EBEC0D}.Release|iPhone.Build.0 = Release|Any CPU
		{941AE87E-4DEE-406D-9BB0-6CC120EBEC0D}.Release|iPhoneSimulator.ActiveCfg = Release|Any CPU
		{941AE87E-4DEE-406D-9BB0-6CC120EBEC0D}.Release|iPhoneSimulator.Build.0 = Release|Any CPU
		{941AE87E-4DEE-406D-9BB0-6CC120EBEC0D}.Release|x64.ActiveCfg = Release|Any CPU
		{941AE87E-4DEE-406D-9BB0-6CC120EBEC0D}.Release|x64.Build.0 = Release|Any CPU
		{941AE87E-4DEE-406D-9BB0-6CC120EBEC0D}.Release|x86.ActiveCfg = Release|Any CPU
		{941AE87E-4DEE-406D-9BB0-6CC120EBEC0D}.Release|x86.Build.0 = Release|Any CPU
		{941AE87E-4DEE-406D-9BB0-6CC120EBEC0D}.ShimmerAPI|Any CPU.ActiveCfg = Release|Any CPU
		{941AE87E-4DEE-406D-9BB0-6CC120EBEC0D}.ShimmerAPI|Any CPU.Build.0 = Release|Any CPU
		{941AE87E-4DEE-406D-9BB0-6CC120EBEC0D}.ShimmerAPI|ARM.ActiveCfg = Release|Any CPU
		{941AE87E-4DEE-406D-9BB0-6CC120EBEC0D}.ShimmerAPI|ARM.Build.0 = Release|Any CPU
		{941AE87E-4DEE-406D-9BB0-6CC120EBEC0D}.ShimmerAPI|iPhone.ActiveCfg = Release|Any CPU
		{941AE87E-4DEE-406D-9BB0-6CC120EBEC0D}.ShimmerAPI|iPhone.Build.0 = Release|Any CPU
		{941AE87E-4DEE-406D-9BB0-6CC120EBEC0D}.ShimmerAPI|iPhoneSimulator.ActiveCfg = Release|Any CPU
		{941AE87E-4DEE-406D-9BB0-6CC120EBEC0D}.ShimmerAPI|iPhoneSimulator.Build.0 = Release|Any CPU
		{941AE87E-4DEE-406D-9BB0-6CC120EBEC0D}.ShimmerAPI|x64.ActiveCfg = Release|Any CPU
		{941AE87E-4DEE-406D-9BB0-6CC120EBEC0D}.ShimmerAPI|x64.Build.0 = Release|Any CPU
		{941AE87E-4DEE-406D-9BB0-6CC120EBEC0D}.ShimmerAPI|x86.ActiveCfg = Release|Any CPU
		{941AE87E-4DEE-406D-9BB0-6CC120EBEC0D}.ShimmerAPI|x86.Build.0 = Release|Any CPU
		{941AE87E-4DEE-406D-9BB0-6CC120EBEC0D}.ShimmerAPIBasic|Any CPU.ActiveCfg = Release|Any CPU
		{941AE87E-4DEE-406D-9BB0-6CC120EBEC0D}.ShimmerAPIBasic|Any CPU.Build.0 = Release|Any CPU
		{941AE87E-4DEE-406D-9BB0-6CC120EBEC0D}.ShimmerAPIBasic|ARM.ActiveCfg = Release|Any CPU
		{941AE87E-4DEE-406D-9BB0-6CC120EBEC0D}.ShimmerAPIBasic|ARM.Build.0 = Release|Any CPU
		{941AE87E-4DEE-406D-9BB0-6CC120EBEC0D}.ShimmerAPIBasic|iPhone.ActiveCfg = Release|Any CPU
		{941AE87E-4DEE-406D-9BB0-6CC120EBEC0D}.ShimmerAPIBasic|iPhone.Build.0 = Release|Any CPU
		{941AE87E-4DEE-406D-9BB0-6CC120EBEC0D}.ShimmerAPIBasic|iPhoneSimulator.ActiveCfg = Release|Any CPU
		{941AE87E-4DEE-406D-9BB0-6CC120EBEC0D}.ShimmerAPIBasic|iPhoneSimulator.Build.0 = Release|Any CPU
		{941AE87E-4DEE-406D-9BB0-6CC120EBEC0D}.ShimmerAPIBasic|x64.ActiveCfg = Release|Any CPU
		{941AE87E-4DEE-406D-9BB0-6CC120EBEC0D}.ShimmerAPIBasic|x64.Build.0 = Release|Any CPU
		{941AE87E-4DEE-406D-9BB0-6CC120EBEC0D}.ShimmerAPIBasic|x86.ActiveCfg = Release|Any CPU
		{941AE87E-4DEE-406D-9BB0-6CC120EBEC0D}.ShimmerAPIBasic|x86.Build.0 = Release|Any CPU
		{843A9807-2D14-42D4-866C-F898F46056E4}.Debug|Any CPU.ActiveCfg = Debug|Any CPU
		{843A9807-2D14-42D4-866C-F898F46056E4}.Debug|Any CPU.Build.0 = Debug|Any CPU
		{843A9807-2D14-42D4-866C-F898F46056E4}.Debug|ARM.ActiveCfg = Debug|Any CPU
		{843A9807-2D14-42D4-866C-F898F46056E4}.Debug|ARM.Build.0 = Debug|Any CPU
		{843A9807-2D14-42D4-866C-F898F46056E4}.Debug|iPhone.ActiveCfg = Debug|Any CPU
		{843A9807-2D14-42D4-866C-F898F46056E4}.Debug|iPhone.Build.0 = Debug|Any CPU
		{843A9807-2D14-42D4-866C-F898F46056E4}.Debug|iPhoneSimulator.ActiveCfg = Debug|Any CPU
		{843A9807-2D14-42D4-866C-F898F46056E4}.Debug|iPhoneSimulator.Build.0 = Debug|Any CPU
		{843A9807-2D14-42D4-866C-F898F46056E4}.Debug|x64.ActiveCfg = Debug|Any CPU
		{843A9807-2D14-42D4-866C-F898F46056E4}.Debug|x64.Build.0 = Debug|Any CPU
		{843A9807-2D14-42D4-866C-F898F46056E4}.Debug|x86.ActiveCfg = Debug|Any CPU
		{843A9807-2D14-42D4-866C-F898F46056E4}.Debug|x86.Build.0 = Debug|Any CPU
		{843A9807-2D14-42D4-866C-F898F46056E4}.Release|Any CPU.ActiveCfg = Release|Any CPU
		{843A9807-2D14-42D4-866C-F898F46056E4}.Release|Any CPU.Build.0 = Release|Any CPU
		{843A9807-2D14-42D4-866C-F898F46056E4}.Release|ARM.ActiveCfg = Release|Any CPU
		{843A9807-2D14-42D4-866C-F898F46056E4}.Release|ARM.Build.0 = Release|Any CPU
		{843A9807-2D14-42D4-866C-F898F46056E4}.Release|iPhone.ActiveCfg = Release|Any CPU
		{843A9807-2D14-42D4-866C-F898F46056E4}.Release|iPhone.Build.0 = Release|Any CPU
		{843A9807-2D14-42D4-866C-F898F46056E4}.Release|iPhoneSimulator.ActiveCfg = Release|Any CPU
		{843A9807-2D14-42D4-866C-F898F46056E4}.Release|iPhoneSimulator.Build.0 = Release|Any CPU
		{843A9807-2D14-42D4-866C-F898F46056E4}.Release|x64.ActiveCfg = Release|Any CPU
		{843A9807-2D14-42D4-866C-F898F46056E4}.Release|x64.Build.0 = Release|Any CPU
		{843A9807-2D14-42D4-866C-F898F46056E4}.Release|x86.ActiveCfg = Release|Any CPU
		{843A9807-2D14-42D4-866C-F898F46056E4}.Release|x86.Build.0 = Release|Any CPU
		{843A9807-2D14-42D4-866C-F898F46056E4}.ShimmerAPI|Any CPU.ActiveCfg = Debug|Any CPU
		{843A9807-2D14-42D4-866C-F898F46056E4}.ShimmerAPI|Any CPU.Build.0 = Debug|Any CPU
		{843A9807-2D14-42D4-866C-F898F46056E4}.ShimmerAPI|ARM.ActiveCfg = Release|Any CPU
		{843A9807-2D14-42D4-866C-F898F46056E4}.ShimmerAPI|ARM.Build.0 = Release|Any CPU
		{843A9807-2D14-42D4-866C-F898F46056E4}.ShimmerAPI|iPhone.ActiveCfg = Release|Any CPU
		{843A9807-2D14-42D4-866C-F898F46056E4}.ShimmerAPI|iPhone.Build.0 = Release|Any CPU
		{843A9807-2D14-42D4-866C-F898F46056E4}.ShimmerAPI|iPhoneSimulator.ActiveCfg = Release|Any CPU
		{843A9807-2D14-42D4-866C-F898F46056E4}.ShimmerAPI|iPhoneSimulator.Build.0 = Release|Any CPU
		{843A9807-2D14-42D4-866C-F898F46056E4}.ShimmerAPI|x64.ActiveCfg = Debug|Any CPU
		{843A9807-2D14-42D4-866C-F898F46056E4}.ShimmerAPI|x64.Build.0 = Debug|Any CPU
		{843A9807-2D14-42D4-866C-F898F46056E4}.ShimmerAPI|x86.ActiveCfg = Debug|Any CPU
		{843A9807-2D14-42D4-866C-F898F46056E4}.ShimmerAPI|x86.Build.0 = Debug|Any CPU
		{843A9807-2D14-42D4-866C-F898F46056E4}.ShimmerAPIBasic|Any CPU.ActiveCfg = Debug|Any CPU
		{843A9807-2D14-42D4-866C-F898F46056E4}.ShimmerAPIBasic|Any CPU.Build.0 = Debug|Any CPU
		{843A9807-2D14-42D4-866C-F898F46056E4}.ShimmerAPIBasic|ARM.ActiveCfg = Release|Any CPU
		{843A9807-2D14-42D4-866C-F898F46056E4}.ShimmerAPIBasic|ARM.Build.0 = Release|Any CPU
		{843A9807-2D14-42D4-866C-F898F46056E4}.ShimmerAPIBasic|iPhone.ActiveCfg = Release|Any CPU
		{843A9807-2D14-42D4-866C-F898F46056E4}.ShimmerAPIBasic|iPhone.Build.0 = Release|Any CPU
		{843A9807-2D14-42D4-866C-F898F46056E4}.ShimmerAPIBasic|iPhoneSimulator.ActiveCfg = Release|Any CPU
		{843A9807-2D14-42D4-866C-F898F46056E4}.ShimmerAPIBasic|iPhoneSimulator.Build.0 = Release|Any CPU
		{843A9807-2D14-42D4-866C-F898F46056E4}.ShimmerAPIBasic|x64.ActiveCfg = Debug|Any CPU
		{843A9807-2D14-42D4-866C-F898F46056E4}.ShimmerAPIBasic|x64.Build.0 = Debug|Any CPU
		{843A9807-2D14-42D4-866C-F898F46056E4}.ShimmerAPIBasic|x86.ActiveCfg = Debug|Any CPU
		{843A9807-2D14-42D4-866C-F898F46056E4}.ShimmerAPIBasic|x86.Build.0 = Debug|Any CPU
		{6E320423-1D88-47EE-97BA-51113E538D33}.Debug|Any CPU.ActiveCfg = Debug|Any CPU
		{6E320423-1D88-47EE-97BA-51113E538D33}.Debug|Any CPU.Build.0 = Debug|Any CPU
		{6E320423-1D88-47EE-97BA-51113E538D33}.Debug|ARM.ActiveCfg = Debug|Any CPU
		{6E320423-1D88-47EE-97BA-51113E538D33}.Debug|ARM.Build.0 = Debug|Any CPU
		{6E320423-1D88-47EE-97BA-51113E538D33}.Debug|iPhone.ActiveCfg = Debug|Any CPU
		{6E320423-1D88-47EE-97BA-51113E538D33}.Debug|iPhone.Build.0 = Debug|Any CPU
		{6E320423-1D88-47EE-97BA-51113E538D33}.Debug|iPhoneSimulator.ActiveCfg = Debug|Any CPU
		{6E320423-1D88-47EE-97BA-51113E538D33}.Debug|iPhoneSimulator.Build.0 = Debug|Any CPU
		{6E320423-1D88-47EE-97BA-51113E538D33}.Debug|x64.ActiveCfg = Debug|Any CPU
		{6E320423-1D88-47EE-97BA-51113E538D33}.Debug|x64.Build.0 = Debug|Any CPU
		{6E320423-1D88-47EE-97BA-51113E538D33}.Debug|x86.ActiveCfg = Debug|Any CPU
		{6E320423-1D88-47EE-97BA-51113E538D33}.Debug|x86.Build.0 = Debug|Any CPU
		{6E320423-1D88-47EE-97BA-51113E538D33}.Release|Any CPU.ActiveCfg = Release|Any CPU
		{6E320423-1D88-47EE-97BA-51113E538D33}.Release|Any CPU.Build.0 = Release|Any CPU
		{6E320423-1D88-47EE-97BA-51113E538D33}.Release|ARM.ActiveCfg = Release|Any CPU
		{6E320423-1D88-47EE-97BA-51113E538D33}.Release|ARM.Build.0 = Release|Any CPU
		{6E320423-1D88-47EE-97BA-51113E538D33}.Release|iPhone.ActiveCfg = Release|Any CPU
		{6E320423-1D88-47EE-97BA-51113E538D33}.Release|iPhone.Build.0 = Release|Any CPU
		{6E320423-1D88-47EE-97BA-51113E538D33}.Release|iPhoneSimulator.ActiveCfg = Release|Any CPU
		{6E320423-1D88-47EE-97BA-51113E538D33}.Release|iPhoneSimulator.Build.0 = Release|Any CPU
		{6E320423-1D88-47EE-97BA-51113E538D33}.Release|x64.ActiveCfg = Release|Any CPU
		{6E320423-1D88-47EE-97BA-51113E538D33}.Release|x64.Build.0 = Release|Any CPU
		{6E320423-1D88-47EE-97BA-51113E538D33}.Release|x86.ActiveCfg = Release|Any CPU
		{6E320423-1D88-47EE-97BA-51113E538D33}.Release|x86.Build.0 = Release|Any CPU
		{6E320423-1D88-47EE-97BA-51113E538D33}.ShimmerAPI|Any CPU.ActiveCfg = Debug|Any CPU
		{6E320423-1D88-47EE-97BA-51113E538D33}.ShimmerAPI|Any CPU.Build.0 = Debug|Any CPU
		{6E320423-1D88-47EE-97BA-51113E538D33}.ShimmerAPI|ARM.ActiveCfg = Release|Any CPU
		{6E320423-1D88-47EE-97BA-51113E538D33}.ShimmerAPI|ARM.Build.0 = Release|Any CPU
		{6E320423-1D88-47EE-97BA-51113E538D33}.ShimmerAPI|iPhone.ActiveCfg = Release|Any CPU
		{6E320423-1D88-47EE-97BA-51113E538D33}.ShimmerAPI|iPhone.Build.0 = Release|Any CPU
		{6E320423-1D88-47EE-97BA-51113E538D33}.ShimmerAPI|iPhoneSimulator.ActiveCfg = Release|Any CPU
		{6E320423-1D88-47EE-97BA-51113E538D33}.ShimmerAPI|iPhoneSimulator.Build.0 = Release|Any CPU
		{6E320423-1D88-47EE-97BA-51113E538D33}.ShimmerAPI|x64.ActiveCfg = Debug|Any CPU
		{6E320423-1D88-47EE-97BA-51113E538D33}.ShimmerAPI|x64.Build.0 = Debug|Any CPU
		{6E320423-1D88-47EE-97BA-51113E538D33}.ShimmerAPI|x86.ActiveCfg = Debug|Any CPU
		{6E320423-1D88-47EE-97BA-51113E538D33}.ShimmerAPI|x86.Build.0 = Debug|Any CPU
		{6E320423-1D88-47EE-97BA-51113E538D33}.ShimmerAPIBasic|Any CPU.ActiveCfg = Debug|Any CPU
		{6E320423-1D88-47EE-97BA-51113E538D33}.ShimmerAPIBasic|Any CPU.Build.0 = Debug|Any CPU
		{6E320423-1D88-47EE-97BA-51113E538D33}.ShimmerAPIBasic|ARM.ActiveCfg = Release|Any CPU
		{6E320423-1D88-47EE-97BA-51113E538D33}.ShimmerAPIBasic|ARM.Build.0 = Release|Any CPU
		{6E320423-1D88-47EE-97BA-51113E538D33}.ShimmerAPIBasic|iPhone.ActiveCfg = Release|Any CPU
		{6E320423-1D88-47EE-97BA-51113E538D33}.ShimmerAPIBasic|iPhone.Build.0 = Release|Any CPU
		{6E320423-1D88-47EE-97BA-51113E538D33}.ShimmerAPIBasic|iPhoneSimulator.ActiveCfg = Release|Any CPU
		{6E320423-1D88-47EE-97BA-51113E538D33}.ShimmerAPIBasic|iPhoneSimulator.Build.0 = Release|Any CPU
		{6E320423-1D88-47EE-97BA-51113E538D33}.ShimmerAPIBasic|x64.ActiveCfg = Debug|Any CPU
		{6E320423-1D88-47EE-97BA-51113E538D33}.ShimmerAPIBasic|x64.Build.0 = Debug|Any CPU
		{6E320423-1D88-47EE-97BA-51113E538D33}.ShimmerAPIBasic|x86.ActiveCfg = Debug|Any CPU
		{6E320423-1D88-47EE-97BA-51113E538D33}.ShimmerAPIBasic|x86.Build.0 = Debug|Any CPU
		{30C7273A-87CC-499F-9206-48F89082AE0C}.Debug|Any CPU.ActiveCfg = Debug|Any CPU
		{30C7273A-87CC-499F-9206-48F89082AE0C}.Debug|Any CPU.Build.0 = Debug|Any CPU
		{30C7273A-87CC-499F-9206-48F89082AE0C}.Debug|ARM.ActiveCfg = Debug|Any CPU
		{30C7273A-87CC-499F-9206-48F89082AE0C}.Debug|ARM.Build.0 = Debug|Any CPU
		{30C7273A-87CC-499F-9206-48F89082AE0C}.Debug|iPhone.ActiveCfg = Debug|Any CPU
		{30C7273A-87CC-499F-9206-48F89082AE0C}.Debug|iPhone.Build.0 = Debug|Any CPU
		{30C7273A-87CC-499F-9206-48F89082AE0C}.Debug|iPhoneSimulator.ActiveCfg = Debug|Any CPU
		{30C7273A-87CC-499F-9206-48F89082AE0C}.Debug|iPhoneSimulator.Build.0 = Debug|Any CPU
		{30C7273A-87CC-499F-9206-48F89082AE0C}.Debug|x64.ActiveCfg = Debug|Any CPU
		{30C7273A-87CC-499F-9206-48F89082AE0C}.Debug|x64.Build.0 = Debug|Any CPU
		{30C7273A-87CC-499F-9206-48F89082AE0C}.Debug|x86.ActiveCfg = Debug|Any CPU
		{30C7273A-87CC-499F-9206-48F89082AE0C}.Debug|x86.Build.0 = Debug|Any CPU
		{30C7273A-87CC-499F-9206-48F89082AE0C}.Release|Any CPU.ActiveCfg = Release|Any CPU
		{30C7273A-87CC-499F-9206-48F89082AE0C}.Release|Any CPU.Build.0 = Release|Any CPU
		{30C7273A-87CC-499F-9206-48F89082AE0C}.Release|ARM.ActiveCfg = Release|Any CPU
		{30C7273A-87CC-499F-9206-48F89082AE0C}.Release|ARM.Build.0 = Release|Any CPU
		{30C7273A-87CC-499F-9206-48F89082AE0C}.Release|iPhone.ActiveCfg = Release|Any CPU
		{30C7273A-87CC-499F-9206-48F89082AE0C}.Release|iPhone.Build.0 = Release|Any CPU
		{30C7273A-87CC-499F-9206-48F89082AE0C}.Release|iPhoneSimulator.ActiveCfg = Release|Any CPU
		{30C7273A-87CC-499F-9206-48F89082AE0C}.Release|iPhoneSimulator.Build.0 = Release|Any CPU
		{30C7273A-87CC-499F-9206-48F89082AE0C}.Release|x64.ActiveCfg = Release|Any CPU
		{30C7273A-87CC-499F-9206-48F89082AE0C}.Release|x64.Build.0 = Release|Any CPU
		{30C7273A-87CC-499F-9206-48F89082AE0C}.Release|x86.ActiveCfg = Release|Any CPU
		{30C7273A-87CC-499F-9206-48F89082AE0C}.Release|x86.Build.0 = Release|Any CPU
		{30C7273A-87CC-499F-9206-48F89082AE0C}.ShimmerAPI|Any CPU.ActiveCfg = Debug|Any CPU
		{30C7273A-87CC-499F-9206-48F89082AE0C}.ShimmerAPI|Any CPU.Build.0 = Debug|Any CPU
		{30C7273A-87CC-499F-9206-48F89082AE0C}.ShimmerAPI|ARM.ActiveCfg = Release|Any CPU
		{30C7273A-87CC-499F-9206-48F89082AE0C}.ShimmerAPI|ARM.Build.0 = Release|Any CPU
		{30C7273A-87CC-499F-9206-48F89082AE0C}.ShimmerAPI|iPhone.ActiveCfg = Release|Any CPU
		{30C7273A-87CC-499F-9206-48F89082AE0C}.ShimmerAPI|iPhone.Build.0 = Release|Any CPU
		{30C7273A-87CC-499F-9206-48F89082AE0C}.ShimmerAPI|iPhoneSimulator.ActiveCfg = Release|Any CPU
		{30C7273A-87CC-499F-9206-48F89082AE0C}.ShimmerAPI|iPhoneSimulator.Build.0 = Release|Any CPU
		{30C7273A-87CC-499F-9206-48F89082AE0C}.ShimmerAPI|x64.ActiveCfg = Debug|Any CPU
		{30C7273A-87CC-499F-9206-48F89082AE0C}.ShimmerAPI|x64.Build.0 = Debug|Any CPU
		{30C7273A-87CC-499F-9206-48F89082AE0C}.ShimmerAPI|x86.ActiveCfg = Debug|Any CPU
		{30C7273A-87CC-499F-9206-48F89082AE0C}.ShimmerAPI|x86.Build.0 = Debug|Any CPU
		{30C7273A-87CC-499F-9206-48F89082AE0C}.ShimmerAPIBasic|Any CPU.ActiveCfg = Debug|Any CPU
		{30C7273A-87CC-499F-9206-48F89082AE0C}.ShimmerAPIBasic|Any CPU.Build.0 = Debug|Any CPU
		{30C7273A-87CC-499F-9206-48F89082AE0C}.ShimmerAPIBasic|ARM.ActiveCfg = Release|Any CPU
		{30C7273A-87CC-499F-9206-48F89082AE0C}.ShimmerAPIBasic|ARM.Build.0 = Release|Any CPU
		{30C7273A-87CC-499F-9206-48F89082AE0C}.ShimmerAPIBasic|iPhone.ActiveCfg = Release|Any CPU
		{30C7273A-87CC-499F-9206-48F89082AE0C}.ShimmerAPIBasic|iPhone.Build.0 = Release|Any CPU
		{30C7273A-87CC-499F-9206-48F89082AE0C}.ShimmerAPIBasic|iPhoneSimulator.ActiveCfg = Release|Any CPU
		{30C7273A-87CC-499F-9206-48F89082AE0C}.ShimmerAPIBasic|iPhoneSimulator.Build.0 = Release|Any CPU
		{30C7273A-87CC-499F-9206-48F89082AE0C}.ShimmerAPIBasic|x64.ActiveCfg = Debug|Any CPU
		{30C7273A-87CC-499F-9206-48F89082AE0C}.ShimmerAPIBasic|x64.Build.0 = Debug|Any CPU
		{30C7273A-87CC-499F-9206-48F89082AE0C}.ShimmerAPIBasic|x86.ActiveCfg = Debug|Any CPU
		{30C7273A-87CC-499F-9206-48F89082AE0C}.ShimmerAPIBasic|x86.Build.0 = Debug|Any CPU
		{002E539A-9CCF-4D2D-B8C9-D89D982165C4}.Debug|Any CPU.ActiveCfg = Debug|x64
		{002E539A-9CCF-4D2D-B8C9-D89D982165C4}.Debug|Any CPU.Build.0 = Debug|x64
		{002E539A-9CCF-4D2D-B8C9-D89D982165C4}.Debug|Any CPU.Deploy.0 = Debug|x64
		{002E539A-9CCF-4D2D-B8C9-D89D982165C4}.Debug|ARM.ActiveCfg = Debug|ARM
		{002E539A-9CCF-4D2D-B8C9-D89D982165C4}.Debug|ARM.Build.0 = Debug|ARM
		{002E539A-9CCF-4D2D-B8C9-D89D982165C4}.Debug|ARM.Deploy.0 = Debug|ARM
		{002E539A-9CCF-4D2D-B8C9-D89D982165C4}.Debug|iPhone.ActiveCfg = Debug|x64
		{002E539A-9CCF-4D2D-B8C9-D89D982165C4}.Debug|iPhone.Build.0 = Debug|x64
		{002E539A-9CCF-4D2D-B8C9-D89D982165C4}.Debug|iPhone.Deploy.0 = Debug|x64
		{002E539A-9CCF-4D2D-B8C9-D89D982165C4}.Debug|iPhoneSimulator.ActiveCfg = Debug|x64
		{002E539A-9CCF-4D2D-B8C9-D89D982165C4}.Debug|iPhoneSimulator.Build.0 = Debug|x64
		{002E539A-9CCF-4D2D-B8C9-D89D982165C4}.Debug|iPhoneSimulator.Deploy.0 = Debug|x64
		{002E539A-9CCF-4D2D-B8C9-D89D982165C4}.Debug|x64.ActiveCfg = Debug|x64
		{002E539A-9CCF-4D2D-B8C9-D89D982165C4}.Debug|x64.Build.0 = Debug|x64
		{002E539A-9CCF-4D2D-B8C9-D89D982165C4}.Debug|x64.Deploy.0 = Debug|x64
		{002E539A-9CCF-4D2D-B8C9-D89D982165C4}.Debug|x86.ActiveCfg = Debug|x86
		{002E539A-9CCF-4D2D-B8C9-D89D982165C4}.Debug|x86.Build.0 = Debug|x86
		{002E539A-9CCF-4D2D-B8C9-D89D982165C4}.Debug|x86.Deploy.0 = Debug|x86
		{002E539A-9CCF-4D2D-B8C9-D89D982165C4}.Release|Any CPU.ActiveCfg = Release|x64
		{002E539A-9CCF-4D2D-B8C9-D89D982165C4}.Release|Any CPU.Build.0 = Release|x64
		{002E539A-9CCF-4D2D-B8C9-D89D982165C4}.Release|Any CPU.Deploy.0 = Release|x64
		{002E539A-9CCF-4D2D-B8C9-D89D982165C4}.Release|ARM.ActiveCfg = Release|ARM
		{002E539A-9CCF-4D2D-B8C9-D89D982165C4}.Release|ARM.Build.0 = Release|ARM
		{002E539A-9CCF-4D2D-B8C9-D89D982165C4}.Release|ARM.Deploy.0 = Release|ARM
		{002E539A-9CCF-4D2D-B8C9-D89D982165C4}.Release|iPhone.ActiveCfg = Release|x64
		{002E539A-9CCF-4D2D-B8C9-D89D982165C4}.Release|iPhone.Build.0 = Release|x64
		{002E539A-9CCF-4D2D-B8C9-D89D982165C4}.Release|iPhone.Deploy.0 = Release|x64
		{002E539A-9CCF-4D2D-B8C9-D89D982165C4}.Release|iPhoneSimulator.ActiveCfg = Release|x64
		{002E539A-9CCF-4D2D-B8C9-D89D982165C4}.Release|iPhoneSimulator.Build.0 = Release|x64
		{002E539A-9CCF-4D2D-B8C9-D89D982165C4}.Release|iPhoneSimulator.Deploy.0 = Release|x64
		{002E539A-9CCF-4D2D-B8C9-D89D982165C4}.Release|x64.ActiveCfg = Release|x64
		{002E539A-9CCF-4D2D-B8C9-D89D982165C4}.Release|x64.Build.0 = Release|x64
		{002E539A-9CCF-4D2D-B8C9-D89D982165C4}.Release|x64.Deploy.0 = Release|x64
		{002E539A-9CCF-4D2D-B8C9-D89D982165C4}.Release|x86.ActiveCfg = Release|x86
		{002E539A-9CCF-4D2D-B8C9-D89D982165C4}.Release|x86.Build.0 = Release|x86
		{002E539A-9CCF-4D2D-B8C9-D89D982165C4}.Release|x86.Deploy.0 = Release|x86
		{002E539A-9CCF-4D2D-B8C9-D89D982165C4}.ShimmerAPI|Any CPU.ActiveCfg = Debug|x64
		{002E539A-9CCF-4D2D-B8C9-D89D982165C4}.ShimmerAPI|Any CPU.Build.0 = Debug|x64
		{002E539A-9CCF-4D2D-B8C9-D89D982165C4}.ShimmerAPI|Any CPU.Deploy.0 = Debug|x64
		{002E539A-9CCF-4D2D-B8C9-D89D982165C4}.ShimmerAPI|ARM.ActiveCfg = Debug|ARM
		{002E539A-9CCF-4D2D-B8C9-D89D982165C4}.ShimmerAPI|ARM.Build.0 = Debug|ARM
		{002E539A-9CCF-4D2D-B8C9-D89D982165C4}.ShimmerAPI|ARM.Deploy.0 = Debug|ARM
		{002E539A-9CCF-4D2D-B8C9-D89D982165C4}.ShimmerAPI|iPhone.ActiveCfg = Debug|x64
		{002E539A-9CCF-4D2D-B8C9-D89D982165C4}.ShimmerAPI|iPhone.Build.0 = Debug|x64
		{002E539A-9CCF-4D2D-B8C9-D89D982165C4}.ShimmerAPI|iPhone.Deploy.0 = Debug|x64
		{002E539A-9CCF-4D2D-B8C9-D89D982165C4}.ShimmerAPI|iPhoneSimulator.ActiveCfg = Debug|x64
		{002E539A-9CCF-4D2D-B8C9-D89D982165C4}.ShimmerAPI|iPhoneSimulator.Build.0 = Debug|x64
		{002E539A-9CCF-4D2D-B8C9-D89D982165C4}.ShimmerAPI|iPhoneSimulator.Deploy.0 = Debug|x64
		{002E539A-9CCF-4D2D-B8C9-D89D982165C4}.ShimmerAPI|x64.ActiveCfg = Debug|x64
		{002E539A-9CCF-4D2D-B8C9-D89D982165C4}.ShimmerAPI|x64.Build.0 = Debug|x64
		{002E539A-9CCF-4D2D-B8C9-D89D982165C4}.ShimmerAPI|x64.Deploy.0 = Debug|x64
		{002E539A-9CCF-4D2D-B8C9-D89D982165C4}.ShimmerAPI|x86.ActiveCfg = Debug|x86
		{002E539A-9CCF-4D2D-B8C9-D89D982165C4}.ShimmerAPI|x86.Build.0 = Debug|x86
		{002E539A-9CCF-4D2D-B8C9-D89D982165C4}.ShimmerAPI|x86.Deploy.0 = Debug|x86
		{002E539A-9CCF-4D2D-B8C9-D89D982165C4}.ShimmerAPIBasic|Any CPU.ActiveCfg = Debug|x64
		{002E539A-9CCF-4D2D-B8C9-D89D982165C4}.ShimmerAPIBasic|Any CPU.Build.0 = Debug|x64
		{002E539A-9CCF-4D2D-B8C9-D89D982165C4}.ShimmerAPIBasic|Any CPU.Deploy.0 = Debug|x64
		{002E539A-9CCF-4D2D-B8C9-D89D982165C4}.ShimmerAPIBasic|ARM.ActiveCfg = Debug|ARM
		{002E539A-9CCF-4D2D-B8C9-D89D982165C4}.ShimmerAPIBasic|ARM.Build.0 = Debug|ARM
		{002E539A-9CCF-4D2D-B8C9-D89D982165C4}.ShimmerAPIBasic|ARM.Deploy.0 = Debug|ARM
		{002E539A-9CCF-4D2D-B8C9-D89D982165C4}.ShimmerAPIBasic|iPhone.ActiveCfg = Debug|x64
		{002E539A-9CCF-4D2D-B8C9-D89D982165C4}.ShimmerAPIBasic|iPhone.Build.0 = Debug|x64
		{002E539A-9CCF-4D2D-B8C9-D89D982165C4}.ShimmerAPIBasic|iPhone.Deploy.0 = Debug|x64
		{002E539A-9CCF-4D2D-B8C9-D89D982165C4}.ShimmerAPIBasic|iPhoneSimulator.ActiveCfg = Debug|x64
		{002E539A-9CCF-4D2D-B8C9-D89D982165C4}.ShimmerAPIBasic|iPhoneSimulator.Build.0 = Debug|x64
		{002E539A-9CCF-4D2D-B8C9-D89D982165C4}.ShimmerAPIBasic|iPhoneSimulator.Deploy.0 = Debug|x64
		{002E539A-9CCF-4D2D-B8C9-D89D982165C4}.ShimmerAPIBasic|x64.ActiveCfg = Debug|x64
		{002E539A-9CCF-4D2D-B8C9-D89D982165C4}.ShimmerAPIBasic|x64.Build.0 = Debug|x64
		{002E539A-9CCF-4D2D-B8C9-D89D982165C4}.ShimmerAPIBasic|x64.Deploy.0 = Debug|x64
		{002E539A-9CCF-4D2D-B8C9-D89D982165C4}.ShimmerAPIBasic|x86.ActiveCfg = Debug|x86
		{002E539A-9CCF-4D2D-B8C9-D89D982165C4}.ShimmerAPIBasic|x86.Build.0 = Debug|x86
		{002E539A-9CCF-4D2D-B8C9-D89D982165C4}.ShimmerAPIBasic|x86.Deploy.0 = Debug|x86
		{49948977-9BB9-4B7B-ABF4-A7BFE5C95BB5}.Debug|Any CPU.ActiveCfg = Debug|Any CPU
		{49948977-9BB9-4B7B-ABF4-A7BFE5C95BB5}.Debug|Any CPU.Build.0 = Debug|Any CPU
		{49948977-9BB9-4B7B-ABF4-A7BFE5C95BB5}.Debug|Any CPU.Deploy.0 = Debug|Any CPU
		{49948977-9BB9-4B7B-ABF4-A7BFE5C95BB5}.Debug|ARM.ActiveCfg = Debug|Any CPU
		{49948977-9BB9-4B7B-ABF4-A7BFE5C95BB5}.Debug|ARM.Build.0 = Debug|Any CPU
		{49948977-9BB9-4B7B-ABF4-A7BFE5C95BB5}.Debug|ARM.Deploy.0 = Debug|Any CPU
		{49948977-9BB9-4B7B-ABF4-A7BFE5C95BB5}.Debug|iPhone.ActiveCfg = Debug|Any CPU
		{49948977-9BB9-4B7B-ABF4-A7BFE5C95BB5}.Debug|iPhone.Build.0 = Debug|Any CPU
		{49948977-9BB9-4B7B-ABF4-A7BFE5C95BB5}.Debug|iPhone.Deploy.0 = Debug|Any CPU
		{49948977-9BB9-4B7B-ABF4-A7BFE5C95BB5}.Debug|iPhoneSimulator.ActiveCfg = Debug|Any CPU
		{49948977-9BB9-4B7B-ABF4-A7BFE5C95BB5}.Debug|iPhoneSimulator.Build.0 = Debug|Any CPU
		{49948977-9BB9-4B7B-ABF4-A7BFE5C95BB5}.Debug|iPhoneSimulator.Deploy.0 = Debug|Any CPU
		{49948977-9BB9-4B7B-ABF4-A7BFE5C95BB5}.Debug|x64.ActiveCfg = Debug|Any CPU
		{49948977-9BB9-4B7B-ABF4-A7BFE5C95BB5}.Debug|x64.Build.0 = Debug|Any CPU
		{49948977-9BB9-4B7B-ABF4-A7BFE5C95BB5}.Debug|x64.Deploy.0 = Debug|Any CPU
		{49948977-9BB9-4B7B-ABF4-A7BFE5C95BB5}.Debug|x86.ActiveCfg = Debug|Any CPU
		{49948977-9BB9-4B7B-ABF4-A7BFE5C95BB5}.Debug|x86.Build.0 = Debug|Any CPU
		{49948977-9BB9-4B7B-ABF4-A7BFE5C95BB5}.Debug|x86.Deploy.0 = Debug|Any CPU
		{49948977-9BB9-4B7B-ABF4-A7BFE5C95BB5}.Release|Any CPU.ActiveCfg = Release|Any CPU
		{49948977-9BB9-4B7B-ABF4-A7BFE5C95BB5}.Release|Any CPU.Build.0 = Release|Any CPU
		{49948977-9BB9-4B7B-ABF4-A7BFE5C95BB5}.Release|Any CPU.Deploy.0 = Release|Any CPU
		{49948977-9BB9-4B7B-ABF4-A7BFE5C95BB5}.Release|ARM.ActiveCfg = Release|Any CPU
		{49948977-9BB9-4B7B-ABF4-A7BFE5C95BB5}.Release|ARM.Build.0 = Release|Any CPU
		{49948977-9BB9-4B7B-ABF4-A7BFE5C95BB5}.Release|ARM.Deploy.0 = Release|Any CPU
		{49948977-9BB9-4B7B-ABF4-A7BFE5C95BB5}.Release|iPhone.ActiveCfg = Release|Any CPU
		{49948977-9BB9-4B7B-ABF4-A7BFE5C95BB5}.Release|iPhone.Build.0 = Release|Any CPU
		{49948977-9BB9-4B7B-ABF4-A7BFE5C95BB5}.Release|iPhone.Deploy.0 = Release|Any CPU
		{49948977-9BB9-4B7B-ABF4-A7BFE5C95BB5}.Release|iPhoneSimulator.ActiveCfg = Release|Any CPU
		{49948977-9BB9-4B7B-ABF4-A7BFE5C95BB5}.Release|iPhoneSimulator.Build.0 = Release|Any CPU
		{49948977-9BB9-4B7B-ABF4-A7BFE5C95BB5}.Release|iPhoneSimulator.Deploy.0 = Release|Any CPU
		{49948977-9BB9-4B7B-ABF4-A7BFE5C95BB5}.Release|x64.ActiveCfg = Release|Any CPU
		{49948977-9BB9-4B7B-ABF4-A7BFE5C95BB5}.Release|x64.Build.0 = Release|Any CPU
		{49948977-9BB9-4B7B-ABF4-A7BFE5C95BB5}.Release|x64.Deploy.0 = Release|Any CPU
		{49948977-9BB9-4B7B-ABF4-A7BFE5C95BB5}.Release|x86.ActiveCfg = Release|Any CPU
		{49948977-9BB9-4B7B-ABF4-A7BFE5C95BB5}.Release|x86.Build.0 = Release|Any CPU
		{49948977-9BB9-4B7B-ABF4-A7BFE5C95BB5}.Release|x86.Deploy.0 = Release|Any CPU
		{49948977-9BB9-4B7B-ABF4-A7BFE5C95BB5}.ShimmerAPI|Any CPU.ActiveCfg = Debug|Any CPU
		{49948977-9BB9-4B7B-ABF4-A7BFE5C95BB5}.ShimmerAPI|Any CPU.Build.0 = Debug|Any CPU
		{49948977-9BB9-4B7B-ABF4-A7BFE5C95BB5}.ShimmerAPI|Any CPU.Deploy.0 = Debug|Any CPU
		{49948977-9BB9-4B7B-ABF4-A7BFE5C95BB5}.ShimmerAPI|ARM.ActiveCfg = Debug|Any CPU
		{49948977-9BB9-4B7B-ABF4-A7BFE5C95BB5}.ShimmerAPI|ARM.Build.0 = Debug|Any CPU
		{49948977-9BB9-4B7B-ABF4-A7BFE5C95BB5}.ShimmerAPI|ARM.Deploy.0 = Debug|Any CPU
		{49948977-9BB9-4B7B-ABF4-A7BFE5C95BB5}.ShimmerAPI|iPhone.ActiveCfg = Debug|Any CPU
		{49948977-9BB9-4B7B-ABF4-A7BFE5C95BB5}.ShimmerAPI|iPhone.Build.0 = Debug|Any CPU
		{49948977-9BB9-4B7B-ABF4-A7BFE5C95BB5}.ShimmerAPI|iPhone.Deploy.0 = Debug|Any CPU
		{49948977-9BB9-4B7B-ABF4-A7BFE5C95BB5}.ShimmerAPI|iPhoneSimulator.ActiveCfg = Debug|Any CPU
		{49948977-9BB9-4B7B-ABF4-A7BFE5C95BB5}.ShimmerAPI|iPhoneSimulator.Build.0 = Debug|Any CPU
		{49948977-9BB9-4B7B-ABF4-A7BFE5C95BB5}.ShimmerAPI|iPhoneSimulator.Deploy.0 = Debug|Any CPU
		{49948977-9BB9-4B7B-ABF4-A7BFE5C95BB5}.ShimmerAPI|x64.ActiveCfg = Debug|Any CPU
		{49948977-9BB9-4B7B-ABF4-A7BFE5C95BB5}.ShimmerAPI|x64.Build.0 = Debug|Any CPU
		{49948977-9BB9-4B7B-ABF4-A7BFE5C95BB5}.ShimmerAPI|x64.Deploy.0 = Debug|Any CPU
		{49948977-9BB9-4B7B-ABF4-A7BFE5C95BB5}.ShimmerAPI|x86.ActiveCfg = Debug|Any CPU
		{49948977-9BB9-4B7B-ABF4-A7BFE5C95BB5}.ShimmerAPI|x86.Build.0 = Debug|Any CPU
		{49948977-9BB9-4B7B-ABF4-A7BFE5C95BB5}.ShimmerAPI|x86.Deploy.0 = Debug|Any CPU
		{49948977-9BB9-4B7B-ABF4-A7BFE5C95BB5}.ShimmerAPIBasic|Any CPU.ActiveCfg = Debug|Any CPU
		{49948977-9BB9-4B7B-ABF4-A7BFE5C95BB5}.ShimmerAPIBasic|Any CPU.Build.0 = Debug|Any CPU
		{49948977-9BB9-4B7B-ABF4-A7BFE5C95BB5}.ShimmerAPIBasic|Any CPU.Deploy.0 = Debug|Any CPU
		{49948977-9BB9-4B7B-ABF4-A7BFE5C95BB5}.ShimmerAPIBasic|ARM.ActiveCfg = Debug|Any CPU
		{49948977-9BB9-4B7B-ABF4-A7BFE5C95BB5}.ShimmerAPIBasic|ARM.Build.0 = Debug|Any CPU
		{49948977-9BB9-4B7B-ABF4-A7BFE5C95BB5}.ShimmerAPIBasic|ARM.Deploy.0 = Debug|Any CPU
		{49948977-9BB9-4B7B-ABF4-A7BFE5C95BB5}.ShimmerAPIBasic|iPhone.ActiveCfg = Debug|Any CPU
		{49948977-9BB9-4B7B-ABF4-A7BFE5C95BB5}.ShimmerAPIBasic|iPhone.Build.0 = Debug|Any CPU
		{49948977-9BB9-4B7B-ABF4-A7BFE5C95BB5}.ShimmerAPIBasic|iPhone.Deploy.0 = Debug|Any CPU
		{49948977-9BB9-4B7B-ABF4-A7BFE5C95BB5}.ShimmerAPIBasic|iPhoneSimulator.ActiveCfg = Debug|Any CPU
		{49948977-9BB9-4B7B-ABF4-A7BFE5C95BB5}.ShimmerAPIBasic|iPhoneSimulator.Build.0 = Debug|Any CPU
		{49948977-9BB9-4B7B-ABF4-A7BFE5C95BB5}.ShimmerAPIBasic|iPhoneSimulator.Deploy.0 = Debug|Any CPU
		{49948977-9BB9-4B7B-ABF4-A7BFE5C95BB5}.ShimmerAPIBasic|x64.ActiveCfg = Debug|Any CPU
		{49948977-9BB9-4B7B-ABF4-A7BFE5C95BB5}.ShimmerAPIBasic|x64.Build.0 = Debug|Any CPU
		{49948977-9BB9-4B7B-ABF4-A7BFE5C95BB5}.ShimmerAPIBasic|x64.Deploy.0 = Debug|Any CPU
		{49948977-9BB9-4B7B-ABF4-A7BFE5C95BB5}.ShimmerAPIBasic|x86.ActiveCfg = Debug|Any CPU
		{49948977-9BB9-4B7B-ABF4-A7BFE5C95BB5}.ShimmerAPIBasic|x86.Build.0 = Debug|Any CPU
		{49948977-9BB9-4B7B-ABF4-A7BFE5C95BB5}.ShimmerAPIBasic|x86.Deploy.0 = Debug|Any CPU
		{7D1B5607-CDBB-49F1-8CA1-12500DC72786}.Debug|Any CPU.ActiveCfg = Debug|iPhoneSimulator
		{7D1B5607-CDBB-49F1-8CA1-12500DC72786}.Debug|Any CPU.Build.0 = Debug|iPhoneSimulator
		{7D1B5607-CDBB-49F1-8CA1-12500DC72786}.Debug|ARM.ActiveCfg = Debug|iPhoneSimulator
		{7D1B5607-CDBB-49F1-8CA1-12500DC72786}.Debug|ARM.Build.0 = Debug|iPhoneSimulator
		{7D1B5607-CDBB-49F1-8CA1-12500DC72786}.Debug|iPhone.ActiveCfg = Debug|iPhone
		{7D1B5607-CDBB-49F1-8CA1-12500DC72786}.Debug|iPhone.Build.0 = Debug|iPhone
		{7D1B5607-CDBB-49F1-8CA1-12500DC72786}.Debug|iPhoneSimulator.ActiveCfg = Debug|iPhoneSimulator
		{7D1B5607-CDBB-49F1-8CA1-12500DC72786}.Debug|iPhoneSimulator.Build.0 = Debug|iPhoneSimulator
		{7D1B5607-CDBB-49F1-8CA1-12500DC72786}.Debug|x64.ActiveCfg = Debug|iPhoneSimulator
		{7D1B5607-CDBB-49F1-8CA1-12500DC72786}.Debug|x64.Build.0 = Debug|iPhoneSimulator
		{7D1B5607-CDBB-49F1-8CA1-12500DC72786}.Debug|x86.ActiveCfg = Debug|iPhoneSimulator
		{7D1B5607-CDBB-49F1-8CA1-12500DC72786}.Debug|x86.Build.0 = Debug|iPhoneSimulator
		{7D1B5607-CDBB-49F1-8CA1-12500DC72786}.Release|Any CPU.ActiveCfg = Release|iPhoneSimulator
		{7D1B5607-CDBB-49F1-8CA1-12500DC72786}.Release|Any CPU.Build.0 = Release|iPhoneSimulator
		{7D1B5607-CDBB-49F1-8CA1-12500DC72786}.Release|ARM.ActiveCfg = Release|iPhoneSimulator
		{7D1B5607-CDBB-49F1-8CA1-12500DC72786}.Release|ARM.Build.0 = Release|iPhoneSimulator
		{7D1B5607-CDBB-49F1-8CA1-12500DC72786}.Release|iPhone.ActiveCfg = Release|iPhone
		{7D1B5607-CDBB-49F1-8CA1-12500DC72786}.Release|iPhone.Build.0 = Release|iPhone
		{7D1B5607-CDBB-49F1-8CA1-12500DC72786}.Release|iPhoneSimulator.ActiveCfg = Release|iPhoneSimulator
		{7D1B5607-CDBB-49F1-8CA1-12500DC72786}.Release|iPhoneSimulator.Build.0 = Release|iPhoneSimulator
		{7D1B5607-CDBB-49F1-8CA1-12500DC72786}.Release|x64.ActiveCfg = Release|iPhoneSimulator
		{7D1B5607-CDBB-49F1-8CA1-12500DC72786}.Release|x64.Build.0 = Release|iPhoneSimulator
		{7D1B5607-CDBB-49F1-8CA1-12500DC72786}.Release|x86.ActiveCfg = Release|iPhoneSimulator
		{7D1B5607-CDBB-49F1-8CA1-12500DC72786}.Release|x86.Build.0 = Release|iPhoneSimulator
		{7D1B5607-CDBB-49F1-8CA1-12500DC72786}.ShimmerAPI|Any CPU.ActiveCfg = Debug|iPhoneSimulator
		{7D1B5607-CDBB-49F1-8CA1-12500DC72786}.ShimmerAPI|Any CPU.Build.0 = Debug|iPhoneSimulator
		{7D1B5607-CDBB-49F1-8CA1-12500DC72786}.ShimmerAPI|ARM.ActiveCfg = Debug|iPhoneSimulator
		{7D1B5607-CDBB-49F1-8CA1-12500DC72786}.ShimmerAPI|ARM.Build.0 = Debug|iPhoneSimulator
		{7D1B5607-CDBB-49F1-8CA1-12500DC72786}.ShimmerAPI|iPhone.ActiveCfg = Debug|iPhone
		{7D1B5607-CDBB-49F1-8CA1-12500DC72786}.ShimmerAPI|iPhone.Build.0 = Debug|iPhone
		{7D1B5607-CDBB-49F1-8CA1-12500DC72786}.ShimmerAPI|iPhoneSimulator.ActiveCfg = Debug|iPhoneSimulator
		{7D1B5607-CDBB-49F1-8CA1-12500DC72786}.ShimmerAPI|iPhoneSimulator.Build.0 = Debug|iPhoneSimulator
		{7D1B5607-CDBB-49F1-8CA1-12500DC72786}.ShimmerAPI|x64.ActiveCfg = Debug|iPhoneSimulator
		{7D1B5607-CDBB-49F1-8CA1-12500DC72786}.ShimmerAPI|x64.Build.0 = Debug|iPhoneSimulator
		{7D1B5607-CDBB-49F1-8CA1-12500DC72786}.ShimmerAPI|x86.ActiveCfg = Debug|iPhoneSimulator
		{7D1B5607-CDBB-49F1-8CA1-12500DC72786}.ShimmerAPI|x86.Build.0 = Debug|iPhoneSimulator
		{7D1B5607-CDBB-49F1-8CA1-12500DC72786}.ShimmerAPIBasic|Any CPU.ActiveCfg = Debug|iPhoneSimulator
		{7D1B5607-CDBB-49F1-8CA1-12500DC72786}.ShimmerAPIBasic|Any CPU.Build.0 = Debug|iPhoneSimulator
		{7D1B5607-CDBB-49F1-8CA1-12500DC72786}.ShimmerAPIBasic|ARM.ActiveCfg = Debug|iPhoneSimulator
		{7D1B5607-CDBB-49F1-8CA1-12500DC72786}.ShimmerAPIBasic|ARM.Build.0 = Debug|iPhoneSimulator
		{7D1B5607-CDBB-49F1-8CA1-12500DC72786}.ShimmerAPIBasic|iPhone.ActiveCfg = Debug|iPhone
		{7D1B5607-CDBB-49F1-8CA1-12500DC72786}.ShimmerAPIBasic|iPhone.Build.0 = Debug|iPhone
		{7D1B5607-CDBB-49F1-8CA1-12500DC72786}.ShimmerAPIBasic|iPhoneSimulator.ActiveCfg = Debug|iPhoneSimulator
		{7D1B5607-CDBB-49F1-8CA1-12500DC72786}.ShimmerAPIBasic|iPhoneSimulator.Build.0 = Debug|iPhoneSimulator
		{7D1B5607-CDBB-49F1-8CA1-12500DC72786}.ShimmerAPIBasic|x64.ActiveCfg = Debug|iPhoneSimulator
		{7D1B5607-CDBB-49F1-8CA1-12500DC72786}.ShimmerAPIBasic|x64.Build.0 = Debug|iPhoneSimulator
		{7D1B5607-CDBB-49F1-8CA1-12500DC72786}.ShimmerAPIBasic|x86.ActiveCfg = Debug|iPhoneSimulator
		{7D1B5607-CDBB-49F1-8CA1-12500DC72786}.ShimmerAPIBasic|x86.Build.0 = Debug|iPhoneSimulator
		{F4B096AA-137B-47EF-8476-91660BA39762}.Debug|Any CPU.ActiveCfg = Debug|Any CPU
		{F4B096AA-137B-47EF-8476-91660BA39762}.Debug|Any CPU.Build.0 = Debug|Any CPU
		{F4B096AA-137B-47EF-8476-91660BA39762}.Debug|ARM.ActiveCfg = Debug|Any CPU
		{F4B096AA-137B-47EF-8476-91660BA39762}.Debug|ARM.Build.0 = Debug|Any CPU
		{F4B096AA-137B-47EF-8476-91660BA39762}.Debug|iPhone.ActiveCfg = Debug|Any CPU
		{F4B096AA-137B-47EF-8476-91660BA39762}.Debug|iPhone.Build.0 = Debug|Any CPU
		{F4B096AA-137B-47EF-8476-91660BA39762}.Debug|iPhoneSimulator.ActiveCfg = Debug|Any CPU
		{F4B096AA-137B-47EF-8476-91660BA39762}.Debug|iPhoneSimulator.Build.0 = Debug|Any CPU
		{F4B096AA-137B-47EF-8476-91660BA39762}.Debug|x64.ActiveCfg = Debug|Any CPU
		{F4B096AA-137B-47EF-8476-91660BA39762}.Debug|x64.Build.0 = Debug|Any CPU
		{F4B096AA-137B-47EF-8476-91660BA39762}.Debug|x86.ActiveCfg = Debug|Any CPU
		{F4B096AA-137B-47EF-8476-91660BA39762}.Debug|x86.Build.0 = Debug|Any CPU
		{F4B096AA-137B-47EF-8476-91660BA39762}.Release|Any CPU.ActiveCfg = Release|Any CPU
		{F4B096AA-137B-47EF-8476-91660BA39762}.Release|Any CPU.Build.0 = Release|Any CPU
		{F4B096AA-137B-47EF-8476-91660BA39762}.Release|ARM.ActiveCfg = Release|Any CPU
		{F4B096AA-137B-47EF-8476-91660BA39762}.Release|ARM.Build.0 = Release|Any CPU
		{F4B096AA-137B-47EF-8476-91660BA39762}.Release|iPhone.ActiveCfg = Release|Any CPU
		{F4B096AA-137B-47EF-8476-91660BA39762}.Release|iPhone.Build.0 = Release|Any CPU
		{F4B096AA-137B-47EF-8476-91660BA39762}.Release|iPhoneSimulator.ActiveCfg = Release|Any CPU
		{F4B096AA-137B-47EF-8476-91660BA39762}.Release|iPhoneSimulator.Build.0 = Release|Any CPU
		{F4B096AA-137B-47EF-8476-91660BA39762}.Release|x64.ActiveCfg = Release|Any CPU
		{F4B096AA-137B-47EF-8476-91660BA39762}.Release|x64.Build.0 = Release|Any CPU
		{F4B096AA-137B-47EF-8476-91660BA39762}.Release|x86.ActiveCfg = Release|Any CPU
		{F4B096AA-137B-47EF-8476-91660BA39762}.Release|x86.Build.0 = Release|Any CPU
		{F4B096AA-137B-47EF-8476-91660BA39762}.ShimmerAPI|Any CPU.ActiveCfg = Debug|Any CPU
		{F4B096AA-137B-47EF-8476-91660BA39762}.ShimmerAPI|Any CPU.Build.0 = Debug|Any CPU
		{F4B096AA-137B-47EF-8476-91660BA39762}.ShimmerAPI|ARM.ActiveCfg = Debug|Any CPU
		{F4B096AA-137B-47EF-8476-91660BA39762}.ShimmerAPI|ARM.Build.0 = Debug|Any CPU
		{F4B096AA-137B-47EF-8476-91660BA39762}.ShimmerAPI|iPhone.ActiveCfg = Debug|Any CPU
		{F4B096AA-137B-47EF-8476-91660BA39762}.ShimmerAPI|iPhone.Build.0 = Debug|Any CPU
		{F4B096AA-137B-47EF-8476-91660BA39762}.ShimmerAPI|iPhoneSimulator.ActiveCfg = Debug|Any CPU
		{F4B096AA-137B-47EF-8476-91660BA39762}.ShimmerAPI|iPhoneSimulator.Build.0 = Debug|Any CPU
		{F4B096AA-137B-47EF-8476-91660BA39762}.ShimmerAPI|x64.ActiveCfg = Debug|Any CPU
		{F4B096AA-137B-47EF-8476-91660BA39762}.ShimmerAPI|x64.Build.0 = Debug|Any CPU
		{F4B096AA-137B-47EF-8476-91660BA39762}.ShimmerAPI|x86.ActiveCfg = Debug|Any CPU
		{F4B096AA-137B-47EF-8476-91660BA39762}.ShimmerAPI|x86.Build.0 = Debug|Any CPU
		{F4B096AA-137B-47EF-8476-91660BA39762}.ShimmerAPIBasic|Any CPU.ActiveCfg = Debug|Any CPU
		{F4B096AA-137B-47EF-8476-91660BA39762}.ShimmerAPIBasic|Any CPU.Build.0 = Debug|Any CPU
		{F4B096AA-137B-47EF-8476-91660BA39762}.ShimmerAPIBasic|ARM.ActiveCfg = Debug|Any CPU
		{F4B096AA-137B-47EF-8476-91660BA39762}.ShimmerAPIBasic|ARM.Build.0 = Debug|Any CPU
		{F4B096AA-137B-47EF-8476-91660BA39762}.ShimmerAPIBasic|iPhone.ActiveCfg = Debug|Any CPU
		{F4B096AA-137B-47EF-8476-91660BA39762}.ShimmerAPIBasic|iPhone.Build.0 = Debug|Any CPU
		{F4B096AA-137B-47EF-8476-91660BA39762}.ShimmerAPIBasic|iPhoneSimulator.ActiveCfg = Debug|Any CPU
		{F4B096AA-137B-47EF-8476-91660BA39762}.ShimmerAPIBasic|iPhoneSimulator.Build.0 = Debug|Any CPU
		{F4B096AA-137B-47EF-8476-91660BA39762}.ShimmerAPIBasic|x64.ActiveCfg = Debug|Any CPU
		{F4B096AA-137B-47EF-8476-91660BA39762}.ShimmerAPIBasic|x64.Build.0 = Debug|Any CPU
		{F4B096AA-137B-47EF-8476-91660BA39762}.ShimmerAPIBasic|x86.ActiveCfg = Debug|Any CPU
		{F4B096AA-137B-47EF-8476-91660BA39762}.ShimmerAPIBasic|x86.Build.0 = Debug|Any CPU
	EndGlobalSection
	GlobalSection(SolutionProperties) = preSolution
		HideSolutionNode = FALSE
	EndGlobalSection
	GlobalSection(NestedProjects) = preSolution
		{002E539A-9CCF-4D2D-B8C9-D89D982165C4} = {2B79B1B4-EDEC-4BE9-8D87-E0DC290802DD}
		{49948977-9BB9-4B7B-ABF4-A7BFE5C95BB5} = {2B79B1B4-EDEC-4BE9-8D87-E0DC290802DD}
		{7D1B5607-CDBB-49F1-8CA1-12500DC72786} = {2B79B1B4-EDEC-4BE9-8D87-E0DC290802DD}
		{F4B096AA-137B-47EF-8476-91660BA39762} = {2B79B1B4-EDEC-4BE9-8D87-E0DC290802DD}
	EndGlobalSection
	GlobalSection(ExtensibilityGlobals) = postSolution
		SolutionGuid = {0118CC67-3FFA-4D59-B6DD-22E5138CDBBC}
	EndGlobalSection
EndGlobal
